{
  "version": 4,
  "terraform_version": "1.11.3",
  "serial": 1056,
  "lineage": "24cd2239-1927-1d1d-c1de-56f55c68ae87",
  "outputs": {},
  "resources": [
    {
      "mode": "managed",
      "type": "aws_eip",
      "name": "ip_instancia-publica",
      "provider": "provider[\"registry.terraform.io/hashicorp/aws\"]",
      "instances": [
        {
          "schema_version": 0,
          "attributes": {
            "address": null,
            "allocation_id": "eipalloc-0d92274d4093694e6",
            "associate_with_private_ip": null,
            "association_id": "",
            "carrier_ip": "",
            "customer_owned_ip": "",
            "customer_owned_ipv4_pool": "",
            "domain": "vpc",
            "id": "eipalloc-0d92274d4093694e6",
            "instance": "",
            "network_border_group": "us-east-1",
            "network_interface": "",
            "private_dns": null,
            "private_ip": "",
            "public_dns": "ec2-3-217-128-85.compute-1.amazonaws.com",
            "public_ip": "3.217.128.85",
            "public_ipv4_pool": "amazon",
            "tags": {
              "Name": "codetech-ip-publico"
            },
            "tags_all": {
              "Name": "codetech-ip-publico"
            },
            "timeouts": null,
            "vpc": true
          },
          "sensitive_attributes": [],
          "private": "eyJlMmJmYjczMC1lY2FhLTExZTYtOGY4OC0zNDM2M2JjN2M0YzAiOnsiZGVsZXRlIjoxODAwMDAwMDAwMDAsInJlYWQiOjkwMDAwMDAwMDAwMCwidXBkYXRlIjozMDAwMDAwMDAwMDB9fQ=="
        }
      ]
    },
    {
      "mode": "managed",
      "type": "aws_eip_association",
      "name": "assoc_ip_publica",
      "provider": "provider[\"registry.terraform.io/hashicorp/aws\"]",
      "instances": [
        {
          "schema_version": 0,
          "attributes": {
            "allocation_id": "eipalloc-0d92274d4093694e6",
            "allow_reassociation": null,
            "id": "eipassoc-024f423a5a3ab4177",
            "instance_id": "i-06a410b8de5bee1eb",
            "network_interface_id": "eni-0cd8d2ca377264014",
            "private_ip_address": "10.0.0.68",
            "public_ip": "3.217.128.85"
          },
          "sensitive_attributes": [],
          "private": "bnVsbA==",
          "dependencies": [
            "aws_eip.ip_instancia-publica",
            "module.instances.aws_instance.ec2_privada",
            "module.instances.aws_instance.ec2_publica",
            "module.instances.aws_key_pair.codetech_key",
            "module.instances.tls_private_key.ssh_key",
            "module.network.aws_security_group.security_private",
            "module.network.aws_security_group.security_public",
            "module.network.aws_subnet.subnet_private",
            "module.network.aws_subnet.subnet_publica",
            "module.network.aws_vpc.codetech_vpc"
          ]
        }
      ]
    },
    {
      "module": "module.instances",
      "mode": "managed",
      "type": "aws_instance",
      "name": "ec2_privada",
      "provider": "provider[\"registry.terraform.io/hashicorp/aws\"]",
      "instances": [
        {
          "schema_version": 1,
          "attributes": {
            "ami": "ami-0f9de6e2d2f067fca",
            "arn": "arn:aws:ec2:us-east-1:797781304518:instance/i-0d72863125b02e77e",
            "associate_public_ip_address": false,
            "availability_zone": "us-east-1a",
            "capacity_reservation_specification": [
              {
                "capacity_reservation_preference": "open",
                "capacity_reservation_target": []
              }
            ],
            "cpu_core_count": 2,
            "cpu_options": [
              {
                "amd_sev_snp": "",
                "core_count": 2,
                "threads_per_core": 1
              }
            ],
            "cpu_threads_per_core": 1,
            "credit_specification": [
              {
                "cpu_credits": "standard"
              }
            ],
            "disable_api_stop": false,
            "disable_api_termination": false,
            "ebs_block_device": [],
            "ebs_optimized": false,
            "enclave_options": [
              {
                "enabled": false
              }
            ],
            "ephemeral_block_device": [],
            "get_password_data": false,
            "hibernation": false,
            "host_id": "",
            "host_resource_group_arn": null,
            "iam_instance_profile": "",
            "id": "i-0d72863125b02e77e",
            "instance_initiated_shutdown_behavior": "stop",
            "instance_state": "running",
            "instance_type": "t2.medium",
            "ipv6_address_count": 0,
            "ipv6_addresses": [],
            "key_name": "codetech_key",
            "launch_template": [],
            "maintenance_options": [
              {
                "auto_recovery": "default"
              }
            ],
            "metadata_options": [
              {
                "http_endpoint": "enabled",
                "http_put_response_hop_limit": 1,
                "http_tokens": "optional",
                "instance_metadata_tags": "disabled"
              }
            ],
            "monitoring": false,
            "network_interface": [],
            "outpost_arn": "",
            "password_data": "",
            "placement_group": "",
            "placement_partition_number": 0,
            "primary_network_interface_id": "eni-0f476168f0cbd5cd0",
            "private_dns": "ip-10-0-1-102.ec2.internal",
            "private_dns_name_options": [
              {
                "enable_resource_name_dns_a_record": false,
                "enable_resource_name_dns_aaaa_record": false,
                "hostname_type": "ip-name"
              }
            ],
            "private_ip": "10.0.1.102",
            "public_dns": "",
            "public_ip": "",
            "root_block_device": [
              {
                "delete_on_termination": true,
                "device_name": "/dev/sda1",
                "encrypted": false,
                "iops": 100,
                "kms_key_id": "",
                "tags": {},
                "throughput": 0,
                "volume_id": "vol-054d60b060acf2f95",
                "volume_size": 8,
                "volume_type": "gp2"
              }
            ],
            "secondary_private_ips": [],
            "security_groups": [
              "sg-0020741b73e6cb9fb"
            ],
            "source_dest_check": true,
            "subnet_id": "subnet-07c4c0c290b0a7eea",
            "tags": {
              "Name": "codetech-be"
            },
            "tags_all": {
              "Name": "codetech-be"
            },
            "tenancy": "default",
            "timeouts": null,
            "user_data": "d8bda47d3dd16a8181b1ac0a526395ac817c9ef7",
            "user_data_base64": null,
            "user_data_replace_on_change": false,
            "volume_tags": null,
            "vpc_security_group_ids": [
              "sg-0020741b73e6cb9fb"
            ]
          },
          "sensitive_attributes": [],
          "private": "eyJlMmJmYjczMC1lY2FhLTExZTYtOGY4OC0zNDM2M2JjN2M0YzAiOnsiY3JlYXRlIjo2MDAwMDAwMDAwMDAsImRlbGV0ZSI6MTIwMDAwMDAwMDAwMCwidXBkYXRlIjo2MDAwMDAwMDAwMDB9LCJzY2hlbWFfdmVyc2lvbiI6IjEifQ==",
          "dependencies": [
            "module.instances.aws_key_pair.codetech_key",
            "module.instances.tls_private_key.ssh_key",
            "module.network.aws_security_group.security_private",
            "module.network.aws_security_group.security_public",
            "module.network.aws_subnet.subnet_private",
            "module.network.aws_vpc.codetech_vpc"
          ]
        }
      ]
    },
    {
      "module": "module.instances",
      "mode": "managed",
      "type": "aws_instance",
      "name": "ec2_publica",
      "provider": "provider[\"registry.terraform.io/hashicorp/aws\"]",
      "instances": [
        {
          "schema_version": 1,
          "attributes": {
            "ami": "ami-0f9de6e2d2f067fca",
            "arn": "arn:aws:ec2:us-east-1:797781304518:instance/i-06a410b8de5bee1eb",
            "associate_public_ip_address": true,
            "availability_zone": "us-east-1a",
            "capacity_reservation_specification": [
              {
                "capacity_reservation_preference": "open",
                "capacity_reservation_target": []
              }
            ],
            "cpu_core_count": 2,
            "cpu_options": [
              {
                "amd_sev_snp": "",
                "core_count": 2,
                "threads_per_core": 1
              }
            ],
            "cpu_threads_per_core": 1,
            "credit_specification": [
              {
                "cpu_credits": "standard"
              }
            ],
            "disable_api_stop": false,
            "disable_api_termination": false,
            "ebs_block_device": [],
            "ebs_optimized": false,
            "enclave_options": [
              {
                "enabled": false
              }
            ],
            "ephemeral_block_device": [],
            "get_password_data": false,
            "hibernation": false,
            "host_id": "",
            "host_resource_group_arn": null,
            "iam_instance_profile": "",
            "id": "i-06a410b8de5bee1eb",
            "instance_initiated_shutdown_behavior": "stop",
            "instance_state": "running",
            "instance_type": "t2.medium",
            "ipv6_address_count": 0,
            "ipv6_addresses": [],
            "key_name": "codetech_key",
            "launch_template": [],
            "maintenance_options": [
              {
                "auto_recovery": "default"
              }
            ],
            "metadata_options": [
              {
                "http_endpoint": "enabled",
                "http_put_response_hop_limit": 1,
                "http_tokens": "optional",
                "instance_metadata_tags": "disabled"
              }
            ],
            "monitoring": false,
            "network_interface": [],
            "outpost_arn": "",
            "password_data": "",
            "placement_group": "",
            "placement_partition_number": 0,
            "primary_network_interface_id": "eni-0cd8d2ca377264014",
            "private_dns": "ip-10-0-0-68.ec2.internal",
            "private_dns_name_options": [
              {
                "enable_resource_name_dns_a_record": false,
                "enable_resource_name_dns_aaaa_record": false,
                "hostname_type": "ip-name"
              }
            ],
            "private_ip": "10.0.0.68",
            "public_dns": "ec2-98-80-168-70.compute-1.amazonaws.com",
            "public_ip": "98.80.168.70",
            "root_block_device": [
              {
                "delete_on_termination": true,
                "device_name": "/dev/sda1",
                "encrypted": false,
                "iops": 100,
                "kms_key_id": "",
                "tags": {},
                "throughput": 0,
                "volume_id": "vol-0433b43ce26b527d9",
                "volume_size": 8,
                "volume_type": "gp2"
              }
            ],
            "secondary_private_ips": [],
            "security_groups": [
              "sg-0be8b3eab97710592"
            ],
            "source_dest_check": true,
            "subnet_id": "subnet-09df1a11fae23b498",
            "tags": {
              "Name": "codetech-publica"
            },
            "tags_all": {
              "Name": "codetech-publica"
            },
            "tenancy": "default",
            "timeouts": null,
            "user_data": "aa25f0c552f7d3f5c9bfbfb342eec544388e4d3c",
            "user_data_base64": null,
            "user_data_replace_on_change": false,
            "volume_tags": null,
            "vpc_security_group_ids": [
              "sg-0be8b3eab97710592"
            ]
          },
          "sensitive_attributes": [],
          "private": "eyJlMmJmYjczMC1lY2FhLTExZTYtOGY4OC0zNDM2M2JjN2M0YzAiOnsiY3JlYXRlIjo2MDAwMDAwMDAwMDAsImRlbGV0ZSI6MTIwMDAwMDAwMDAwMCwidXBkYXRlIjo2MDAwMDAwMDAwMDB9LCJzY2hlbWFfdmVyc2lvbiI6IjEifQ==",
          "dependencies": [
            "module.instances.aws_instance.ec2_privada",
            "module.instances.aws_key_pair.codetech_key",
            "module.instances.tls_private_key.ssh_key",
            "module.network.aws_security_group.security_private",
            "module.network.aws_security_group.security_public",
            "module.network.aws_subnet.subnet_private",
            "module.network.aws_subnet.subnet_publica",
            "module.network.aws_vpc.codetech_vpc"
          ]
        }
      ]
    },
    {
      "module": "module.instances",
      "mode": "managed",
      "type": "aws_key_pair",
      "name": "codetech_key",
      "provider": "provider[\"registry.terraform.io/hashicorp/aws\"]",
      "instances": [
        {
          "schema_version": 1,
          "attributes": {
            "arn": "arn:aws:ec2:us-east-1:797781304518:key-pair/codetech_key",
            "fingerprint": "e7:02:21:eb:d2:57:87:67:6c:4a:12:44:00:0b:03:f9",
            "id": "codetech_key",
            "key_name": "codetech_key",
            "key_name_prefix": "",
            "key_pair_id": "key-0f55c6557f17c6f40",
            "key_type": "rsa",
            "public_key": "ssh-rsa AAAAB3NzaC1yc2EAAAADAQABAAACAQDVJxzXNY6kdC3hcb34kkORC47iXB4oGJizeeKhh4c/Y+cAEQeKlCcPKMQoyoq0XAfm5zeERPHcnKWl2oQQI1+S2HSWCZaRWQH3LdX/pxgGFS8l6Me/jPPTwbdyicteALuj0bO23ErL/tf5DgoG98QbCouB65vgDjFYpazsGwo4Mzm4OTWlvALACxmykZCZL+WBgGBR+nBbizb3cYyYZFAS6w6TQBeHnTjvt9K7Mpk1ZtHvaTXn8NNSRPAy5N34ekE8ZQq7ux9domJhlwOZKnMPLMRUjVrTAbH62trA19l00yGiqPVYHsX9UO/CSbyxlnesDioJbwMUXGW4GvMXN/Q/kYuYw01Oot/7rLTeTBTL00LN1USL/M6kAS8W8P+HmrPdNaY3D/2nzqbcwPLte8XN1x5auCFmnTO6wdMAVkOW0DMPv5VuCfzF7rveAYRgl208A+rdday9XgPv+tv2gET6B+Vb55xEVtexoudFSwvvI41uFdki74zqbTE524dRTgenOVAYrzypmTNl19xIN5EapSQrqgYE9TlcR5AHMr7wbXfMvAKVrpAUx7nVx+RVfajjN3qNYicKKaKfU5plB+qvyPOxNr7kQkeZRahMi726A/aVcnoaM3rY3+cWmxtJ1dQwj89J2IB8VNjbZXVly3j97NJyUU6kxnwbEA61Yuedlw==",
            "tags": null,
            "tags_all": {}
          },
          "sensitive_attributes": [],
          "private": "eyJzY2hlbWFfdmVyc2lvbiI6IjEifQ==",
          "dependencies": [
            "module.instances.tls_private_key.ssh_key"
          ]
        }
      ]
    },
    {
      "module": "module.instances",
      "mode": "managed",
      "type": "local_file",
      "name": "private_key",
      "provider": "provider[\"registry.terraform.io/hashicorp/local\"]",
      "instances": [
        {
          "schema_version": 0,
          "attributes": {
            "content": "-----BEGIN RSA PRIVATE KEY-----\nMIIJKAIBAAKCAgEA1Scc1zWOpHQt4XG9+JJDkQuO4lweKBiYs3nioYeHP2PnABEH\nipQnDyjEKMqKtFwH5uc3hETx3JylpdqEECNfkth0lgmWkVkB9y3V/6cYBhUvJejH\nv4zz08G3conLXgC7o9GzttxKy/7X+Q4KBvfEGwqLgeub4A4xWKWs7BsKODM5uDk1\npbwCwAsZspGQmS/lgYBgUfpwW4s293GMmGRQEusOk0AXh50477fSuzKZNWbR72k1\n5/DTUkTwMuTd+HpBPGUKu7sfXaJiYZcDmSpzDyzEVI1a0wGx+trawNfZdNMhoqj1\nWB7F/VDvwkm8sZZ3rA4qCW8DFFxluBrzFzf0P5GLmMNNTqLf+6y03kwUy9NCzdVE\ni/zOpAEvFvD/h5qz3TWmNw/9p86m3MDy7XvFzdceWrghZp0zusHTAFZDltAzD7+V\nbgn8xe673gGEYJdtPAPq3XWsvV4D7/rb9oBE+gflW+ecRFbXsaLnRUsL7yONbhXZ\nIu+M6m0xOduHUU4HpzlQGK88qZkzZdfcSDeRGqUkK6oGBPU5XEeQBzK+8G13zLwC\nla6QFMe51cfkVX2o4zd6jWInCimin1OaZQfqr8jzsTa+5EJHmUWoTIu9ugP2lXJ6\nGjN62N/nFpsbSdXUMI/PSdiAfFTY22V1Zct4/ezSclFOpMZ8GxAOtWLnnZcCAwEA\nAQKCAgAV5ZU4ZIeZTFgUQ1eFLB1lzp6okVcFvnUdZuWJu38A25X080rniQ20KHdy\nS1BRc+zZ4yHYZC7Gf48iyR5s+/1K/BKKAUUm/FJP3rUPtM4qfc2gote2TVgVBl7+\nlLpAF2ovS5EfNWU3rJ/qNW+BRL2wG3a2a4pRS5P1K9vmS2bS3CxPSQ1CT9ymdt12\ncy68FegJVDNQ6J3XQadtZwxO8WsqblxKcziXlWaudZ9f3LRRgJULd67ye1JyLqPQ\nTqOg7Yo7FpQyMehoeZCKvvU/LFWyluI6X2UXrSJoB0iWq/XqYvAfIiVGHq8vNTvU\nJTgNtEvp8HCQFIfn9Q/8CES1u2lLWFm/TTKPScHHfKCXSuaCxo6nQasyxdIZU6E+\nYOzf9EtgZAzg0cxNjbf4qfT8rOhdAILe7CmNuelyteMX/1lVKlZQPe6xR2gMrLNr\npALnwLA4Aq1wuiEzKzWmNHCzZMHvMlY2m1LnHVvCFS+UK4nWlUjwwPeS051TjdZ/\nV7bypXNd+stLMTq1m6z4uqzc0AEyPIIOcTb0aU0YDRJg07vMEIl9btI77pZFctHD\nA60vHh5D/TYSwKPQq+joM41rTg0ixmrZ8PQxuNrlW+11AOU+bOoeFI/BHQGNmRdf\n4P0qMhvutVwJbKp2obF7WuaE4ISWkN8CS/cLBaQ/8rFCI9HMSQKCAQEA2IG/qX4l\nvYJTV077S6jedENTohVMiejcYWHePVs/349Uv1+am2deSPPTQ4kQLGRWBwUMWIXB\n371JdvqkfGUbMFmdIuojUN9RfPu8bgqAujxc5WLVmca9LtRoaJzKnMNln8jwIsgK\nnST7lg+lsa93jOPoUxPI2pmuOsMGpsaI8EHAGcJExsRSDNng7atScQfLFoSNXgix\np8H6KDehYD+jRA6SqL4XBwG48azHL3GIKTIko+blTotH8shRXe5kS0iKJpZcZX2+\nUgY/N3DMFRRIXDYOI6tIP7rfuClzGupYvMmRjTUedPsuv48XQND31/6NDv1ZrUTR\noKumNqnmPbtJOQKCAQEA/Ai9U3WrbAvM74vgUj0hohhLoG5BtebR4dQahdm/Sut4\nYWPgPxT4s0owX2gNpKsRYS+qxZJU7Y6aO2VIMc6lKOP6PG57j9O0B+L8lLDshcrr\nmGH9pZBvKYvC4tfiWdNyvqOjZbXYo428Cokgl76uCPGnTUz+PtjqcCRs9Q0Lzn8H\nHWBQHUB4nWturxQjUJ894xCXTxyJ6kKcY4HFsmF/dJo4+s+7Ge0TkS49XjTUd5Cd\ntIXMSW33HefbJW0T5v60jB2M8vBlfp1TLggDBrozWJo4E7SAIeyhDAWexZpvCyhc\n/Q9x/hg37BgCX+1jUmOHJoNupzgyOJGssLzcfSUtTwKCAQB7VtcwIJwxbMg7qdQB\nEy+/fgdsA8Q5oH3DwHRR8eTeYBIAf99c/rM4ziahh7i+AV782sRgvbpn0rbCYCFK\neHLXxYV+OXJrBP2wPNzot3UEI5UsXHShCRYHUpw0VHYcfjgrodYjimB5i3MD1uAm\n7HYnvkJA6bl3xyr5cNceNWYXsO1V/1UdAwRXK9w2qW3q1Gy+5D6AvmUu05PGS4LU\niQxingawuLH3nOSWUT6b6YqPJXC4KrahWzletv2bjE54kNebCfeTHeJJaiOjWs/4\nhjh+x5Cgg1hCbhw7FunrAGwTCKWxkvxJ2jqUiFjP5Pv8gZgsXOo0ikr9xCuJYpq2\nujYJAoIBAQC4TtPVErn3W3HUw9+ZhGbyGP5FJhwbn95gXTHALIp9iVERN26n8vgk\ndN6HBprjjs442hjyPp6o0p3rTZfMBKg3DPDT/J+TgGepVM8NFY0CEnDTkOVijAse\nwLwWE3XN5pmE3DoDiUYR5PZcZgdVsPWoSL/mAaXz48EdnSWo1o+JxM85JlOv8JPD\n2uqoUfu5W5pwUJO2INKiY2/mPOKMHkyMwrNkh0D2Jq8mfkAWgl/VyAXsG+RW1nne\nfs19wxTI2f7CcGHAzxgJzZcklGtSIhymcLENh/Qj2t2y4vFG5DbMXAoUbZUZEjDj\nEHO8HueBOpN9EKR82NWxFKbK4HIFeoh1AoIBAEer0pou/gf8NF5ikyboK/9wX1iX\n1k8kkgxhFfg3rVkMjEsJLv8QdiBDRWmaLZp8pgTfUPTyMnoOCMEx5Y0hbsg157qs\n9dNzLQl0hBb0iqomJRYMpI3zaqK/v19FfnTo8MJWEQzaCQ06eqL7ssHrYzCEMX2G\n5VNVgRCBnQGgvF6GJehh8U3lZmAdBnCuVYKfNnM3iD2bBOs8OL3gYv1UxlAM0BK6\nxgQMp3EAS1mbTWi1ZG5Yj/P6pSTj6SscLDiUnvDz5zRSDHCapDcG00LFB+ahXJRI\nH7iPB3babpI/WiSJxcoTCeAzZKkcZVMO/57AvhP9BmCpXZolTGAwXq3fkaE=\n-----END RSA PRIVATE KEY-----\n",
            "content_base64": null,
            "content_base64sha256": "mJH94DzaV2OMgJVW2us1pMUCttDeDjYZYbDpW6N/sSI=",
            "content_base64sha512": "RPRzcpn6kuSo4+C3EuYemx5VekhRXwGxTM7RNt1TORkG0t9uYcK22shITMTtTerTJOTPcGOeZa/56iOGVBW24g==",
            "content_md5": "6045075d90adfb4ca48caffd4c35e2ca",
            "content_sha1": "0b638b52528c5d0631abc87cc99f064c46dfdfde",
            "content_sha256": "9891fde03cda57638c809556daeb35a4c502b6d0de0e361961b0e95ba37fb122",
            "content_sha512": "44f4737299fa92e4a8e3e0b712e61e9b1e557a48515f01b14cced136dd53391906d2df6e61c2b6dac8484cc4ed4dead324e4cf70639e65aff9ea23865415b6e2",
            "directory_permission": "0777",
            "file_permission": "0400",
            "filename": "./keys/codetech_key.pem",
            "id": "0b638b52528c5d0631abc87cc99f064c46dfdfde",
            "sensitive_content": null,
            "source": null
          },
          "sensitive_attributes": [
            [
              {
                "type": "get_attr",
                "value": "sensitive_content"
              }
            ],
            [
              {
                "type": "get_attr",
                "value": "content"
              }
            ]
          ],
          "dependencies": [
            "module.instances.tls_private_key.ssh_key"
          ]
        }
      ]
    },
    {
      "module": "module.instances",
      "mode": "managed",
      "type": "tls_private_key",
      "name": "ssh_key",
      "provider": "provider[\"registry.terraform.io/hashicorp/tls\"]",
      "instances": [
        {
          "schema_version": 1,
          "attributes": {
            "algorithm": "RSA",
            "ecdsa_curve": "P224",
            "id": "dd89f1501ea873d519fc3bbb8f58cc7f975f413d",
            "private_key_openssh": "-----BEGIN OPENSSH PRIVATE KEY-----\nb3BlbnNzaC1rZXktdjEAAAAABG5vbmUAAAAEbm9uZQAAAAAAAAABAAACFwAAAAdz\nc2gtcnNhAAAAAwEAAQAAAgEA1Scc1zWOpHQt4XG9+JJDkQuO4lweKBiYs3nioYeH\nP2PnABEHipQnDyjEKMqKtFwH5uc3hETx3JylpdqEECNfkth0lgmWkVkB9y3V/6cY\nBhUvJejHv4zz08G3conLXgC7o9GzttxKy/7X+Q4KBvfEGwqLgeub4A4xWKWs7BsK\nODM5uDk1pbwCwAsZspGQmS/lgYBgUfpwW4s293GMmGRQEusOk0AXh50477fSuzKZ\nNWbR72k15/DTUkTwMuTd+HpBPGUKu7sfXaJiYZcDmSpzDyzEVI1a0wGx+trawNfZ\ndNMhoqj1WB7F/VDvwkm8sZZ3rA4qCW8DFFxluBrzFzf0P5GLmMNNTqLf+6y03kwU\ny9NCzdVEi/zOpAEvFvD/h5qz3TWmNw/9p86m3MDy7XvFzdceWrghZp0zusHTAFZD\nltAzD7+Vbgn8xe673gGEYJdtPAPq3XWsvV4D7/rb9oBE+gflW+ecRFbXsaLnRUsL\n7yONbhXZIu+M6m0xOduHUU4HpzlQGK88qZkzZdfcSDeRGqUkK6oGBPU5XEeQBzK+\n8G13zLwCla6QFMe51cfkVX2o4zd6jWInCimin1OaZQfqr8jzsTa+5EJHmUWoTIu9\nugP2lXJ6GjN62N/nFpsbSdXUMI/PSdiAfFTY22V1Zct4/ezSclFOpMZ8GxAOtWLn\nnZcAAAc4q5sE4qubBOIAAAAHc3NoLXJzYQAAAgEA1Scc1zWOpHQt4XG9+JJDkQuO\n4lweKBiYs3nioYeHP2PnABEHipQnDyjEKMqKtFwH5uc3hETx3JylpdqEECNfkth0\nlgmWkVkB9y3V/6cYBhUvJejHv4zz08G3conLXgC7o9GzttxKy/7X+Q4KBvfEGwqL\ngeub4A4xWKWs7BsKODM5uDk1pbwCwAsZspGQmS/lgYBgUfpwW4s293GMmGRQEusO\nk0AXh50477fSuzKZNWbR72k15/DTUkTwMuTd+HpBPGUKu7sfXaJiYZcDmSpzDyzE\nVI1a0wGx+trawNfZdNMhoqj1WB7F/VDvwkm8sZZ3rA4qCW8DFFxluBrzFzf0P5GL\nmMNNTqLf+6y03kwUy9NCzdVEi/zOpAEvFvD/h5qz3TWmNw/9p86m3MDy7XvFzdce\nWrghZp0zusHTAFZDltAzD7+Vbgn8xe673gGEYJdtPAPq3XWsvV4D7/rb9oBE+gfl\nW+ecRFbXsaLnRUsL7yONbhXZIu+M6m0xOduHUU4HpzlQGK88qZkzZdfcSDeRGqUk\nK6oGBPU5XEeQBzK+8G13zLwCla6QFMe51cfkVX2o4zd6jWInCimin1OaZQfqr8jz\nsTa+5EJHmUWoTIu9ugP2lXJ6GjN62N/nFpsbSdXUMI/PSdiAfFTY22V1Zct4/ezS\nclFOpMZ8GxAOtWLnnZcAAAADAQABAAACABXllThkh5lMWBRDV4UsHWXOnqiRVwW+\ndR1m5Ym7fwDblfTzSueJDbQod3JLUFFz7NnjIdhkLsZ/jyLJHmz7/Ur8EooBRSb8\nUk/etQ+0zip9zaCi17ZNWBUGXv6UukAXai9LkR81ZTesn+o1b4FEvbAbdrZrilFL\nk/Ur2+ZLZtLcLE9JDUJP3KZ23XZzLrwV6AlUM1DonddBp21nDE7xaypuXEpzOJeV\nZq51n1/ctFGAlQt3rvJ7UnIuo9BOo6DtijsWlDIx6Gh5kIq+9T8sVbKW4jpfZRet\nImgHSJar9epi8B8iJUYery81O9QlOA20S+nwcJAUh+f1D/wIRLW7aUtYWb9NMo9J\nwcd8oJdK5oLGjqdBqzLF0hlToT5g7N/0S2BkDODRzE2Nt/ip9Pys6F0Agt7sKY25\n6XK14xf/WVUqVlA97rFHaAyss2ukAufAsDgCrXC6ITMrNaY0cLNkwe8yVjabUucd\nW8IVL5QridaVSPDA95LTnVON1n9XtvKlc136y0sxOrWbrPi6rNzQATI8gg5xNvRp\nTRgNEmDTu8wQiX1u0jvulkVy0cMDrS8eHkP9NhLAo9Cr6OgzjWtODSLGatnw9DG4\n2uVb7XUA5T5s6h4Uj8EdAY2ZF1/g/SoyG+61XAlsqnahsXta5oTghJaQ3wJL9wsF\npD/ysUIj0cxJAAABAEer0pou/gf8NF5ikyboK/9wX1iX1k8kkgxhFfg3rVkMjEsJ\nLv8QdiBDRWmaLZp8pgTfUPTyMnoOCMEx5Y0hbsg157qs9dNzLQl0hBb0iqomJRYM\npI3zaqK/v19FfnTo8MJWEQzaCQ06eqL7ssHrYzCEMX2G5VNVgRCBnQGgvF6GJehh\n8U3lZmAdBnCuVYKfNnM3iD2bBOs8OL3gYv1UxlAM0BK6xgQMp3EAS1mbTWi1ZG5Y\nj/P6pSTj6SscLDiUnvDz5zRSDHCapDcG00LFB+ahXJRIH7iPB3babpI/WiSJxcoT\nCeAzZKkcZVMO/57AvhP9BmCpXZolTGAwXq3fkaEAAAEBANiBv6l+Jb2CU1dO+0uo\n3nRDU6IVTIno3GFh3j1bP9+PVL9fmptnXkjz00OJECxkVgcFDFiFwd+9SXb6pHxl\nGzBZnSLqI1DfUXz7vG4KgLo8XOVi1ZnGvS7UaGicypzDZZ/I8CLICp0k+5YPpbGv\nd4zj6FMTyNqZrjrDBqbGiPBBwBnCRMbEUgzZ4O2rUnEHyxaEjV4IsafB+ig3oWA/\no0QOkqi+FwcBuPGsxy9xiCkyJKPm5U6LR/LIUV3uZEtIiiaWXGV9vlIGPzdwzBUU\nSFw2DiOrSD+637gpcxrqWLzJkY01HnT7Lr+PF0DQ99f+jQ79Wa1E0aCrpjap5j27\nSTkAAAEBAPwIvVN1q2wLzO+L4FI9IaIYS6BuQbXm0eHUGoXZv0rreGFj4D8U+LNK\nMF9oDaSrEWEvqsWSVO2OmjtlSDHOpSjj+jxue4/TtAfi/JSw7IXK65hh/aWQbymL\nwuLX4lnTcr6jo2W12KONvAqJIJe+rgjxp01M/j7Y6nAkbPUNC85/Bx1gUB1AeJ1r\nbq8UI1CfPeMQl08ciepCnGOBxbJhf3SaOPrPuxntE5EuPV401HeQnbSFzElt9x3n\n2yVtE+b+tIwdjPLwZX6dUy4IAwa6M1iaOBO0gCHsoQwFnsWabwsoXP0Pcf4YN+wY\nAl/tY1JjhyaDbqc4MjiRrLC83H0lLU8AAAAAAQID\n-----END OPENSSH PRIVATE KEY-----\n",
            "private_key_pem": "-----BEGIN RSA PRIVATE KEY-----\nMIIJKAIBAAKCAgEA1Scc1zWOpHQt4XG9+JJDkQuO4lweKBiYs3nioYeHP2PnABEH\nipQnDyjEKMqKtFwH5uc3hETx3JylpdqEECNfkth0lgmWkVkB9y3V/6cYBhUvJejH\nv4zz08G3conLXgC7o9GzttxKy/7X+Q4KBvfEGwqLgeub4A4xWKWs7BsKODM5uDk1\npbwCwAsZspGQmS/lgYBgUfpwW4s293GMmGRQEusOk0AXh50477fSuzKZNWbR72k1\n5/DTUkTwMuTd+HpBPGUKu7sfXaJiYZcDmSpzDyzEVI1a0wGx+trawNfZdNMhoqj1\nWB7F/VDvwkm8sZZ3rA4qCW8DFFxluBrzFzf0P5GLmMNNTqLf+6y03kwUy9NCzdVE\ni/zOpAEvFvD/h5qz3TWmNw/9p86m3MDy7XvFzdceWrghZp0zusHTAFZDltAzD7+V\nbgn8xe673gGEYJdtPAPq3XWsvV4D7/rb9oBE+gflW+ecRFbXsaLnRUsL7yONbhXZ\nIu+M6m0xOduHUU4HpzlQGK88qZkzZdfcSDeRGqUkK6oGBPU5XEeQBzK+8G13zLwC\nla6QFMe51cfkVX2o4zd6jWInCimin1OaZQfqr8jzsTa+5EJHmUWoTIu9ugP2lXJ6\nGjN62N/nFpsbSdXUMI/PSdiAfFTY22V1Zct4/ezSclFOpMZ8GxAOtWLnnZcCAwEA\nAQKCAgAV5ZU4ZIeZTFgUQ1eFLB1lzp6okVcFvnUdZuWJu38A25X080rniQ20KHdy\nS1BRc+zZ4yHYZC7Gf48iyR5s+/1K/BKKAUUm/FJP3rUPtM4qfc2gote2TVgVBl7+\nlLpAF2ovS5EfNWU3rJ/qNW+BRL2wG3a2a4pRS5P1K9vmS2bS3CxPSQ1CT9ymdt12\ncy68FegJVDNQ6J3XQadtZwxO8WsqblxKcziXlWaudZ9f3LRRgJULd67ye1JyLqPQ\nTqOg7Yo7FpQyMehoeZCKvvU/LFWyluI6X2UXrSJoB0iWq/XqYvAfIiVGHq8vNTvU\nJTgNtEvp8HCQFIfn9Q/8CES1u2lLWFm/TTKPScHHfKCXSuaCxo6nQasyxdIZU6E+\nYOzf9EtgZAzg0cxNjbf4qfT8rOhdAILe7CmNuelyteMX/1lVKlZQPe6xR2gMrLNr\npALnwLA4Aq1wuiEzKzWmNHCzZMHvMlY2m1LnHVvCFS+UK4nWlUjwwPeS051TjdZ/\nV7bypXNd+stLMTq1m6z4uqzc0AEyPIIOcTb0aU0YDRJg07vMEIl9btI77pZFctHD\nA60vHh5D/TYSwKPQq+joM41rTg0ixmrZ8PQxuNrlW+11AOU+bOoeFI/BHQGNmRdf\n4P0qMhvutVwJbKp2obF7WuaE4ISWkN8CS/cLBaQ/8rFCI9HMSQKCAQEA2IG/qX4l\nvYJTV077S6jedENTohVMiejcYWHePVs/349Uv1+am2deSPPTQ4kQLGRWBwUMWIXB\n371JdvqkfGUbMFmdIuojUN9RfPu8bgqAujxc5WLVmca9LtRoaJzKnMNln8jwIsgK\nnST7lg+lsa93jOPoUxPI2pmuOsMGpsaI8EHAGcJExsRSDNng7atScQfLFoSNXgix\np8H6KDehYD+jRA6SqL4XBwG48azHL3GIKTIko+blTotH8shRXe5kS0iKJpZcZX2+\nUgY/N3DMFRRIXDYOI6tIP7rfuClzGupYvMmRjTUedPsuv48XQND31/6NDv1ZrUTR\noKumNqnmPbtJOQKCAQEA/Ai9U3WrbAvM74vgUj0hohhLoG5BtebR4dQahdm/Sut4\nYWPgPxT4s0owX2gNpKsRYS+qxZJU7Y6aO2VIMc6lKOP6PG57j9O0B+L8lLDshcrr\nmGH9pZBvKYvC4tfiWdNyvqOjZbXYo428Cokgl76uCPGnTUz+PtjqcCRs9Q0Lzn8H\nHWBQHUB4nWturxQjUJ894xCXTxyJ6kKcY4HFsmF/dJo4+s+7Ge0TkS49XjTUd5Cd\ntIXMSW33HefbJW0T5v60jB2M8vBlfp1TLggDBrozWJo4E7SAIeyhDAWexZpvCyhc\n/Q9x/hg37BgCX+1jUmOHJoNupzgyOJGssLzcfSUtTwKCAQB7VtcwIJwxbMg7qdQB\nEy+/fgdsA8Q5oH3DwHRR8eTeYBIAf99c/rM4ziahh7i+AV782sRgvbpn0rbCYCFK\neHLXxYV+OXJrBP2wPNzot3UEI5UsXHShCRYHUpw0VHYcfjgrodYjimB5i3MD1uAm\n7HYnvkJA6bl3xyr5cNceNWYXsO1V/1UdAwRXK9w2qW3q1Gy+5D6AvmUu05PGS4LU\niQxingawuLH3nOSWUT6b6YqPJXC4KrahWzletv2bjE54kNebCfeTHeJJaiOjWs/4\nhjh+x5Cgg1hCbhw7FunrAGwTCKWxkvxJ2jqUiFjP5Pv8gZgsXOo0ikr9xCuJYpq2\nujYJAoIBAQC4TtPVErn3W3HUw9+ZhGbyGP5FJhwbn95gXTHALIp9iVERN26n8vgk\ndN6HBprjjs442hjyPp6o0p3rTZfMBKg3DPDT/J+TgGepVM8NFY0CEnDTkOVijAse\nwLwWE3XN5pmE3DoDiUYR5PZcZgdVsPWoSL/mAaXz48EdnSWo1o+JxM85JlOv8JPD\n2uqoUfu5W5pwUJO2INKiY2/mPOKMHkyMwrNkh0D2Jq8mfkAWgl/VyAXsG+RW1nne\nfs19wxTI2f7CcGHAzxgJzZcklGtSIhymcLENh/Qj2t2y4vFG5DbMXAoUbZUZEjDj\nEHO8HueBOpN9EKR82NWxFKbK4HIFeoh1AoIBAEer0pou/gf8NF5ikyboK/9wX1iX\n1k8kkgxhFfg3rVkMjEsJLv8QdiBDRWmaLZp8pgTfUPTyMnoOCMEx5Y0hbsg157qs\n9dNzLQl0hBb0iqomJRYMpI3zaqK/v19FfnTo8MJWEQzaCQ06eqL7ssHrYzCEMX2G\n5VNVgRCBnQGgvF6GJehh8U3lZmAdBnCuVYKfNnM3iD2bBOs8OL3gYv1UxlAM0BK6\nxgQMp3EAS1mbTWi1ZG5Yj/P6pSTj6SscLDiUnvDz5zRSDHCapDcG00LFB+ahXJRI\nH7iPB3babpI/WiSJxcoTCeAzZKkcZVMO/57AvhP9BmCpXZolTGAwXq3fkaE=\n-----END RSA PRIVATE KEY-----\n",
            "private_key_pem_pkcs8": "-----BEGIN PRIVATE KEY-----\nMIIJQgIBADANBgkqhkiG9w0BAQEFAASCCSwwggkoAgEAAoICAQDVJxzXNY6kdC3h\ncb34kkORC47iXB4oGJizeeKhh4c/Y+cAEQeKlCcPKMQoyoq0XAfm5zeERPHcnKWl\n2oQQI1+S2HSWCZaRWQH3LdX/pxgGFS8l6Me/jPPTwbdyicteALuj0bO23ErL/tf5\nDgoG98QbCouB65vgDjFYpazsGwo4Mzm4OTWlvALACxmykZCZL+WBgGBR+nBbizb3\ncYyYZFAS6w6TQBeHnTjvt9K7Mpk1ZtHvaTXn8NNSRPAy5N34ekE8ZQq7ux9domJh\nlwOZKnMPLMRUjVrTAbH62trA19l00yGiqPVYHsX9UO/CSbyxlnesDioJbwMUXGW4\nGvMXN/Q/kYuYw01Oot/7rLTeTBTL00LN1USL/M6kAS8W8P+HmrPdNaY3D/2nzqbc\nwPLte8XN1x5auCFmnTO6wdMAVkOW0DMPv5VuCfzF7rveAYRgl208A+rdday9XgPv\n+tv2gET6B+Vb55xEVtexoudFSwvvI41uFdki74zqbTE524dRTgenOVAYrzypmTNl\n19xIN5EapSQrqgYE9TlcR5AHMr7wbXfMvAKVrpAUx7nVx+RVfajjN3qNYicKKaKf\nU5plB+qvyPOxNr7kQkeZRahMi726A/aVcnoaM3rY3+cWmxtJ1dQwj89J2IB8VNjb\nZXVly3j97NJyUU6kxnwbEA61YuedlwIDAQABAoICABXllThkh5lMWBRDV4UsHWXO\nnqiRVwW+dR1m5Ym7fwDblfTzSueJDbQod3JLUFFz7NnjIdhkLsZ/jyLJHmz7/Ur8\nEooBRSb8Uk/etQ+0zip9zaCi17ZNWBUGXv6UukAXai9LkR81ZTesn+o1b4FEvbAb\ndrZrilFLk/Ur2+ZLZtLcLE9JDUJP3KZ23XZzLrwV6AlUM1DonddBp21nDE7xaypu\nXEpzOJeVZq51n1/ctFGAlQt3rvJ7UnIuo9BOo6DtijsWlDIx6Gh5kIq+9T8sVbKW\n4jpfZRetImgHSJar9epi8B8iJUYery81O9QlOA20S+nwcJAUh+f1D/wIRLW7aUtY\nWb9NMo9Jwcd8oJdK5oLGjqdBqzLF0hlToT5g7N/0S2BkDODRzE2Nt/ip9Pys6F0A\ngt7sKY256XK14xf/WVUqVlA97rFHaAyss2ukAufAsDgCrXC6ITMrNaY0cLNkwe8y\nVjabUucdW8IVL5QridaVSPDA95LTnVON1n9XtvKlc136y0sxOrWbrPi6rNzQATI8\ngg5xNvRpTRgNEmDTu8wQiX1u0jvulkVy0cMDrS8eHkP9NhLAo9Cr6OgzjWtODSLG\natnw9DG42uVb7XUA5T5s6h4Uj8EdAY2ZF1/g/SoyG+61XAlsqnahsXta5oTghJaQ\n3wJL9wsFpD/ysUIj0cxJAoIBAQDYgb+pfiW9glNXTvtLqN50Q1OiFUyJ6NxhYd49\nWz/fj1S/X5qbZ15I89NDiRAsZFYHBQxYhcHfvUl2+qR8ZRswWZ0i6iNQ31F8+7xu\nCoC6PFzlYtWZxr0u1GhonMqcw2WfyPAiyAqdJPuWD6Wxr3eM4+hTE8jama46wwam\nxojwQcAZwkTGxFIM2eDtq1JxB8sWhI1eCLGnwfooN6FgP6NEDpKovhcHAbjxrMcv\ncYgpMiSj5uVOi0fyyFFd7mRLSIomllxlfb5SBj83cMwVFEhcNg4jq0g/ut+4KXMa\n6li8yZGNNR50+y6/jxdA0PfX/o0O/VmtRNGgq6Y2qeY9u0k5AoIBAQD8CL1Tdats\nC8zvi+BSPSGiGEugbkG15tHh1BqF2b9K63hhY+A/FPizSjBfaA2kqxFhL6rFklTt\njpo7ZUgxzqUo4/o8bnuP07QH4vyUsOyFyuuYYf2lkG8pi8Li1+JZ03K+o6Nltdij\njbwKiSCXvq4I8adNTP4+2OpwJGz1DQvOfwcdYFAdQHida26vFCNQnz3jEJdPHInq\nQpxjgcWyYX90mjj6z7sZ7RORLj1eNNR3kJ20hcxJbfcd59slbRPm/rSMHYzy8GV+\nnVMuCAMGujNYmjgTtIAh7KEMBZ7Fmm8LKFz9D3H+GDfsGAJf7WNSY4cmg26nODI4\nkaywvNx9JS1PAoIBAHtW1zAgnDFsyDup1AETL79+B2wDxDmgfcPAdFHx5N5gEgB/\n31z+szjOJqGHuL4BXvzaxGC9umfStsJgIUp4ctfFhX45cmsE/bA83Oi3dQQjlSxc\ndKEJFgdSnDRUdhx+OCuh1iOKYHmLcwPW4Cbsdie+QkDpuXfHKvlw1x41Zhew7VX/\nVR0DBFcr3DapberUbL7kPoC+ZS7Tk8ZLgtSJDGKeBrC4sfec5JZRPpvpio8lcLgq\ntqFbOV62/ZuMTniQ15sJ95Md4klqI6Naz/iGOH7HkKCDWEJuHDsW6esAbBMIpbGS\n/EnaOpSIWM/k+/yBmCxc6jSKSv3EK4limra6NgkCggEBALhO09USufdbcdTD35mE\nZvIY/kUmHBuf3mBdMcAsin2JURE3bqfy+CR03ocGmuOOzjjaGPI+nqjSnetNl8wE\nqDcM8NP8n5OAZ6lUzw0VjQIScNOQ5WKMCx7AvBYTdc3mmYTcOgOJRhHk9lxmB1Ww\n9ahIv+YBpfPjwR2dJajWj4nEzzkmU6/wk8Pa6qhR+7lbmnBQk7Yg0qJjb+Y84owe\nTIzCs2SHQPYmryZ+QBaCX9XIBewb5FbWed5+zX3DFMjZ/sJwYcDPGAnNlySUa1Ii\nHKZwsQ2H9CPa3bLi8UbkNsxcChRtlRkSMOMQc7we54E6k30QpHzY1bEUpsrgcgV6\niHUCggEAR6vSmi7+B/w0XmKTJugr/3BfWJfWTySSDGEV+DetWQyMSwku/xB2IENF\naZotmnymBN9Q9PIyeg4IwTHljSFuyDXnuqz103MtCXSEFvSKqiYlFgykjfNqor+/\nX0V+dOjwwlYRDNoJDTp6ovuywetjMIQxfYblU1WBEIGdAaC8XoYl6GHxTeVmYB0G\ncK5Vgp82czeIPZsE6zw4veBi/VTGUAzQErrGBAyncQBLWZtNaLVkbliP8/qlJOPp\nKxwsOJSe8PPnNFIMcJqkNwbTQsUH5qFclEgfuI8Hdtpukj9aJInFyhMJ4DNkqRxl\nUw7/nsC+E/0GYKldmiVMYDBerd+RoQ==\n-----END PRIVATE KEY-----\n",
            "public_key_fingerprint_md5": "c9:a0:97:fb:d3:15:10:98:d7:85:03:3b:50:60:e3:36",
            "public_key_fingerprint_sha256": "SHA256:47IcMHOEVGujKf9tExqN1VGJnSjxDD5fZAJR7mknAcA",
            "public_key_openssh": "ssh-rsa AAAAB3NzaC1yc2EAAAADAQABAAACAQDVJxzXNY6kdC3hcb34kkORC47iXB4oGJizeeKhh4c/Y+cAEQeKlCcPKMQoyoq0XAfm5zeERPHcnKWl2oQQI1+S2HSWCZaRWQH3LdX/pxgGFS8l6Me/jPPTwbdyicteALuj0bO23ErL/tf5DgoG98QbCouB65vgDjFYpazsGwo4Mzm4OTWlvALACxmykZCZL+WBgGBR+nBbizb3cYyYZFAS6w6TQBeHnTjvt9K7Mpk1ZtHvaTXn8NNSRPAy5N34ekE8ZQq7ux9domJhlwOZKnMPLMRUjVrTAbH62trA19l00yGiqPVYHsX9UO/CSbyxlnesDioJbwMUXGW4GvMXN/Q/kYuYw01Oot/7rLTeTBTL00LN1USL/M6kAS8W8P+HmrPdNaY3D/2nzqbcwPLte8XN1x5auCFmnTO6wdMAVkOW0DMPv5VuCfzF7rveAYRgl208A+rdday9XgPv+tv2gET6B+Vb55xEVtexoudFSwvvI41uFdki74zqbTE524dRTgenOVAYrzypmTNl19xIN5EapSQrqgYE9TlcR5AHMr7wbXfMvAKVrpAUx7nVx+RVfajjN3qNYicKKaKfU5plB+qvyPOxNr7kQkeZRahMi726A/aVcnoaM3rY3+cWmxtJ1dQwj89J2IB8VNjbZXVly3j97NJyUU6kxnwbEA61Yuedlw==\n",
            "public_key_pem": "-----BEGIN PUBLIC KEY-----\nMIICIjANBgkqhkiG9w0BAQEFAAOCAg8AMIICCgKCAgEA1Scc1zWOpHQt4XG9+JJD\nkQuO4lweKBiYs3nioYeHP2PnABEHipQnDyjEKMqKtFwH5uc3hETx3JylpdqEECNf\nkth0lgmWkVkB9y3V/6cYBhUvJejHv4zz08G3conLXgC7o9GzttxKy/7X+Q4KBvfE\nGwqLgeub4A4xWKWs7BsKODM5uDk1pbwCwAsZspGQmS/lgYBgUfpwW4s293GMmGRQ\nEusOk0AXh50477fSuzKZNWbR72k15/DTUkTwMuTd+HpBPGUKu7sfXaJiYZcDmSpz\nDyzEVI1a0wGx+trawNfZdNMhoqj1WB7F/VDvwkm8sZZ3rA4qCW8DFFxluBrzFzf0\nP5GLmMNNTqLf+6y03kwUy9NCzdVEi/zOpAEvFvD/h5qz3TWmNw/9p86m3MDy7XvF\nzdceWrghZp0zusHTAFZDltAzD7+Vbgn8xe673gGEYJdtPAPq3XWsvV4D7/rb9oBE\n+gflW+ecRFbXsaLnRUsL7yONbhXZIu+M6m0xOduHUU4HpzlQGK88qZkzZdfcSDeR\nGqUkK6oGBPU5XEeQBzK+8G13zLwCla6QFMe51cfkVX2o4zd6jWInCimin1OaZQfq\nr8jzsTa+5EJHmUWoTIu9ugP2lXJ6GjN62N/nFpsbSdXUMI/PSdiAfFTY22V1Zct4\n/ezSclFOpMZ8GxAOtWLnnZcCAwEAAQ==\n-----END PUBLIC KEY-----\n",
            "rsa_bits": 4096
          },
          "sensitive_attributes": [
            [
              {
                "type": "get_attr",
                "value": "private_key_pem"
              }
            ],
            [
              {
                "type": "get_attr",
                "value": "private_key_pem_pkcs8"
              }
            ],
            [
              {
                "type": "get_attr",
                "value": "private_key_openssh"
              }
            ]
          ]
        }
      ]
    },
    {
      "module": "module.network",
      "mode": "managed",
      "type": "aws_eip",
      "name": "nat_eip",
      "provider": "provider[\"registry.terraform.io/hashicorp/aws\"]",
      "instances": [
        {
          "schema_version": 0,
          "attributes": {
            "address": null,
            "allocation_id": "eipalloc-03138d7e8b54b4c5d",
            "associate_with_private_ip": null,
            "association_id": "",
            "carrier_ip": "",
            "customer_owned_ip": "",
            "customer_owned_ipv4_pool": "",
            "domain": "vpc",
            "id": "eipalloc-03138d7e8b54b4c5d",
            "instance": "",
            "network_border_group": "us-east-1",
            "network_interface": "",
            "private_dns": null,
            "private_ip": "",
            "public_dns": "ec2-52-44-162-192.compute-1.amazonaws.com",
            "public_ip": "52.44.162.192",
            "public_ipv4_pool": "amazon",
            "tags": {
              "Name": "codetech-nat-elasticIP"
            },
            "tags_all": {
              "Name": "codetech-nat-elasticIP"
            },
            "timeouts": null,
            "vpc": true
          },
          "sensitive_attributes": [],
          "private": "eyJlMmJmYjczMC1lY2FhLTExZTYtOGY4OC0zNDM2M2JjN2M0YzAiOnsiZGVsZXRlIjoxODAwMDAwMDAwMDAsInJlYWQiOjkwMDAwMDAwMDAwMCwidXBkYXRlIjozMDAwMDAwMDAwMDB9fQ=="
        }
      ]
    },
    {
      "module": "module.network",
      "mode": "managed",
      "type": "aws_internet_gateway",
      "name": "codetech_igw",
      "provider": "provider[\"registry.terraform.io/hashicorp/aws\"]",
      "instances": [
        {
          "schema_version": 0,
          "attributes": {
            "arn": "arn:aws:ec2:us-east-1:797781304518:internet-gateway/igw-018acdacefec9a44e",
            "id": "igw-018acdacefec9a44e",
            "owner_id": "797781304518",
            "tags": {
              "Name": "codetech-internet-gateway"
            },
            "tags_all": {
              "Name": "codetech-internet-gateway"
            },
            "timeouts": null,
            "vpc_id": "vpc-0dab886af74228f3a"
          },
          "sensitive_attributes": [],
          "private": "eyJlMmJmYjczMC1lY2FhLTExZTYtOGY4OC0zNDM2M2JjN2M0YzAiOnsiY3JlYXRlIjoxMjAwMDAwMDAwMDAwLCJkZWxldGUiOjEyMDAwMDAwMDAwMDAsInVwZGF0ZSI6MTIwMDAwMDAwMDAwMH19",
          "dependencies": [
            "module.network.aws_vpc.codetech_vpc"
          ]
        }
      ]
    },
    {
      "module": "module.network",
      "mode": "managed",
      "type": "aws_nat_gateway",
      "name": "nat_gw",
      "provider": "provider[\"registry.terraform.io/hashicorp/aws\"]",
      "instances": [
        {
          "schema_version": 0,
          "attributes": {
            "allocation_id": "eipalloc-03138d7e8b54b4c5d",
            "association_id": "eipassoc-04150ad5a2191af1b",
            "connectivity_type": "public",
            "id": "nat-0558b7a2f8942796d",
            "network_interface_id": "eni-0b1441ddfb250ad5c",
            "private_ip": "10.0.0.202",
            "public_ip": "52.44.162.192",
            "subnet_id": "subnet-09df1a11fae23b498",
            "tags": {
              "Name": "codetech-nat-gateway"
            },
            "tags_all": {
              "Name": "codetech-nat-gateway"
            }
          },
          "sensitive_attributes": [],
          "private": "bnVsbA==",
          "dependencies": [
            "module.network.aws_eip.nat_eip",
            "module.network.aws_subnet.subnet_publica",
            "module.network.aws_vpc.codetech_vpc"
          ]
        }
      ]
    },
    {
      "module": "module.network",
      "mode": "managed",
      "type": "aws_route_table",
      "name": "private_route_table",
      "provider": "provider[\"registry.terraform.io/hashicorp/aws\"]",
      "instances": [
        {
          "schema_version": 0,
          "attributes": {
            "arn": "arn:aws:ec2:us-east-1:797781304518:route-table/rtb-002ae0542b9953b8e",
            "id": "rtb-002ae0542b9953b8e",
            "owner_id": "797781304518",
            "propagating_vgws": [],
            "route": [
              {
                "carrier_gateway_id": "",
                "cidr_block": "0.0.0.0/0",
                "core_network_arn": "",
                "destination_prefix_list_id": "",
                "egress_only_gateway_id": "",
                "gateway_id": "",
                "instance_id": "",
                "ipv6_cidr_block": "",
                "local_gateway_id": "",
                "nat_gateway_id": "nat-0558b7a2f8942796d",
                "network_interface_id": "",
                "transit_gateway_id": "",
                "vpc_endpoint_id": "",
                "vpc_peering_connection_id": ""
              }
            ],
            "tags": {
              "Name": "codetech-rt-privada"
            },
            "tags_all": {
              "Name": "codetech-rt-privada"
            },
            "timeouts": null,
            "vpc_id": "vpc-0dab886af74228f3a"
          },
          "sensitive_attributes": [],
          "private": "eyJlMmJmYjczMC1lY2FhLTExZTYtOGY4OC0zNDM2M2JjN2M0YzAiOnsiY3JlYXRlIjozMDAwMDAwMDAwMDAsImRlbGV0ZSI6MzAwMDAwMDAwMDAwLCJ1cGRhdGUiOjEyMDAwMDAwMDAwMH19",
          "dependencies": [
            "module.network.aws_eip.nat_eip",
            "module.network.aws_nat_gateway.nat_gw",
            "module.network.aws_subnet.subnet_publica",
            "module.network.aws_vpc.codetech_vpc"
          ]
        }
      ]
    },
    {
      "module": "module.network",
      "mode": "managed",
      "type": "aws_route_table",
      "name": "public_route_table",
      "provider": "provider[\"registry.terraform.io/hashicorp/aws\"]",
      "instances": [
        {
          "schema_version": 0,
          "attributes": {
            "arn": "arn:aws:ec2:us-east-1:797781304518:route-table/rtb-08c24be74ede0d405",
            "id": "rtb-08c24be74ede0d405",
            "owner_id": "797781304518",
            "propagating_vgws": [],
            "route": [
              {
                "carrier_gateway_id": "",
                "cidr_block": "0.0.0.0/0",
                "core_network_arn": "",
                "destination_prefix_list_id": "",
                "egress_only_gateway_id": "",
                "gateway_id": "igw-018acdacefec9a44e",
                "instance_id": "",
                "ipv6_cidr_block": "",
                "local_gateway_id": "",
                "nat_gateway_id": "",
                "network_interface_id": "",
                "transit_gateway_id": "",
                "vpc_endpoint_id": "",
                "vpc_peering_connection_id": ""
              }
            ],
            "tags": {
              "Name": "codetech-rt-publica"
            },
            "tags_all": {
              "Name": "codetech-rt-publica"
            },
            "timeouts": null,
            "vpc_id": "vpc-0dab886af74228f3a"
          },
          "sensitive_attributes": [],
          "private": "eyJlMmJmYjczMC1lY2FhLTExZTYtOGY4OC0zNDM2M2JjN2M0YzAiOnsiY3JlYXRlIjozMDAwMDAwMDAwMDAsImRlbGV0ZSI6MzAwMDAwMDAwMDAwLCJ1cGRhdGUiOjEyMDAwMDAwMDAwMH19",
          "dependencies": [
            "module.network.aws_internet_gateway.codetech_igw",
            "module.network.aws_vpc.codetech_vpc"
          ]
        }
      ]
    },
    {
      "module": "module.network",
      "mode": "managed",
      "type": "aws_route_table_association",
      "name": "private",
      "provider": "provider[\"registry.terraform.io/hashicorp/aws\"]",
      "instances": [
        {
          "schema_version": 0,
          "attributes": {
            "gateway_id": "",
            "id": "rtbassoc-0f5f72cf76e0f6fab",
            "route_table_id": "rtb-002ae0542b9953b8e",
            "subnet_id": "subnet-07c4c0c290b0a7eea",
            "timeouts": null
          },
          "sensitive_attributes": [],
          "private": "eyJlMmJmYjczMC1lY2FhLTExZTYtOGY4OC0zNDM2M2JjN2M0YzAiOnsiY3JlYXRlIjozMDAwMDAwMDAwMDAsImRlbGV0ZSI6MzAwMDAwMDAwMDAwLCJ1cGRhdGUiOjEyMDAwMDAwMDAwMH19",
          "dependencies": [
            "module.network.aws_eip.nat_eip",
            "module.network.aws_nat_gateway.nat_gw",
            "module.network.aws_route_table.private_route_table",
            "module.network.aws_subnet.subnet_private",
            "module.network.aws_subnet.subnet_publica",
            "module.network.aws_vpc.codetech_vpc"
          ]
        }
      ]
    },
    {
      "module": "module.network",
      "mode": "managed",
      "type": "aws_route_table_association",
      "name": "public",
      "provider": "provider[\"registry.terraform.io/hashicorp/aws\"]",
      "instances": [
        {
          "schema_version": 0,
          "attributes": {
            "gateway_id": "",
            "id": "rtbassoc-02ae19f1422bb0067",
            "route_table_id": "rtb-08c24be74ede0d405",
            "subnet_id": "subnet-09df1a11fae23b498",
            "timeouts": null
          },
          "sensitive_attributes": [],
          "private": "eyJlMmJmYjczMC1lY2FhLTExZTYtOGY4OC0zNDM2M2JjN2M0YzAiOnsiY3JlYXRlIjozMDAwMDAwMDAwMDAsImRlbGV0ZSI6MzAwMDAwMDAwMDAwLCJ1cGRhdGUiOjEyMDAwMDAwMDAwMH19",
          "dependencies": [
            "module.network.aws_internet_gateway.codetech_igw",
            "module.network.aws_route_table.public_route_table",
            "module.network.aws_subnet.subnet_publica",
            "module.network.aws_vpc.codetech_vpc"
          ]
        }
      ]
    },
    {
      "module": "module.network",
      "mode": "managed",
      "type": "aws_security_group",
      "name": "security_private",
      "provider": "provider[\"registry.terraform.io/hashicorp/aws\"]",
      "instances": [
        {
          "schema_version": 1,
          "attributes": {
            "arn": "arn:aws:ec2:us-east-1:797781304518:security-group/sg-0020741b73e6cb9fb",
            "description": "Managed by Terraform",
            "egress": [
              {
                "cidr_blocks": [
                  "0.0.0.0/0"
                ],
                "description": "",
                "from_port": 0,
                "ipv6_cidr_blocks": [],
                "prefix_list_ids": [],
                "protocol": "-1",
                "security_groups": [],
                "self": false,
                "to_port": 0
              }
            ],
            "id": "sg-0020741b73e6cb9fb",
            "ingress": [
              {
                "cidr_blocks": [
                  "10.0.0.0/23"
                ],
                "description": "Permite acesso mysql da rede interna",
                "from_port": 3306,
                "ipv6_cidr_blocks": [],
                "prefix_list_ids": [],
                "protocol": "tcp",
                "security_groups": [],
                "self": false,
                "to_port": 3306
              },
              {
                "cidr_blocks": [],
                "description": "",
                "from_port": 22,
                "ipv6_cidr_blocks": [],
                "prefix_list_ids": [],
                "protocol": "tcp",
                "security_groups": [
                  "sg-0be8b3eab97710592"
                ],
                "self": false,
                "to_port": 22
              },
              {
                "cidr_blocks": [],
                "description": "",
                "from_port": 8080,
                "ipv6_cidr_blocks": [],
                "prefix_list_ids": [],
                "protocol": "tcp",
                "security_groups": [
                  "sg-0be8b3eab97710592"
                ],
                "self": false,
                "to_port": 8080
              },
              {
                "cidr_blocks": [],
                "description": "Permite trafego do backend da instancia publica (porta 8081)",
                "from_port": 8081,
                "ipv6_cidr_blocks": [],
                "prefix_list_ids": [],
                "protocol": "tcp",
                "security_groups": [
                  "sg-0be8b3eab97710592"
                ],
                "self": false,
                "to_port": 8081
              }
            ],
            "name": "terraform-20250602032258483300000002",
            "name_prefix": "terraform-",
            "owner_id": "797781304518",
            "revoke_rules_on_delete": false,
            "tags": {
              "Name": "codetech-sg-privada"
            },
            "tags_all": {
              "Name": "codetech-sg-privada"
            },
            "timeouts": null,
            "vpc_id": "vpc-0dab886af74228f3a"
          },
          "sensitive_attributes": [],
          "private": "eyJlMmJmYjczMC1lY2FhLTExZTYtOGY4OC0zNDM2M2JjN2M0YzAiOnsiY3JlYXRlIjo2MDAwMDAwMDAwMDAsImRlbGV0ZSI6OTAwMDAwMDAwMDAwfSwic2NoZW1hX3ZlcnNpb24iOiIxIn0=",
          "dependencies": [
            "module.network.aws_security_group.security_public",
            "module.network.aws_vpc.codetech_vpc"
          ]
        }
      ]
    },
    {
      "module": "module.network",
      "mode": "managed",
      "type": "aws_security_group",
      "name": "security_public",
      "provider": "provider[\"registry.terraform.io/hashicorp/aws\"]",
      "instances": [
        {
          "schema_version": 1,
          "attributes": {
            "arn": "arn:aws:ec2:us-east-1:797781304518:security-group/sg-0be8b3eab97710592",
            "description": "Managed by Terraform",
            "egress": [
              {
                "cidr_blocks": [
                  "0.0.0.0/0"
                ],
                "description": "",
                "from_port": 0,
                "ipv6_cidr_blocks": [],
                "prefix_list_ids": [],
                "protocol": "-1",
                "security_groups": [],
                "self": false,
                "to_port": 0
              }
            ],
            "id": "sg-0be8b3eab97710592",
            "ingress": [
              {
                "cidr_blocks": [
                  "0.0.0.0/0"
                ],
                "description": "",
                "from_port": 22,
                "ipv6_cidr_blocks": [],
                "prefix_list_ids": [],
                "protocol": "tcp",
                "security_groups": [],
                "self": false,
                "to_port": 22
              },
              {
                "cidr_blocks": [
                  "0.0.0.0/0"
                ],
                "description": "",
                "from_port": 3000,
                "ipv6_cidr_blocks": [],
                "prefix_list_ids": [],
                "protocol": "tcp",
                "security_groups": [],
                "self": false,
                "to_port": 3000
              },
              {
                "cidr_blocks": [
                  "0.0.0.0/0"
                ],
                "description": "",
                "from_port": 443,
                "ipv6_cidr_blocks": [],
                "prefix_list_ids": [],
                "protocol": "tcp",
                "security_groups": [],
                "self": false,
                "to_port": 443
              },
              {
                "cidr_blocks": [
                  "0.0.0.0/0"
                ],
                "description": "",
                "from_port": 8080,
                "ipv6_cidr_blocks": [],
                "prefix_list_ids": [],
                "protocol": "tcp",
                "security_groups": [],
                "self": false,
                "to_port": 8080
              },
              {
                "cidr_blocks": [
                  "0.0.0.0/0"
                ],
                "description": "",
                "from_port": 80,
                "ipv6_cidr_blocks": [],
                "prefix_list_ids": [],
                "protocol": "tcp",
                "security_groups": [],
                "self": false,
                "to_port": 80
              }
            ],
            "name": "terraform-20250602032254520500000001",
            "name_prefix": "terraform-",
            "owner_id": "797781304518",
            "revoke_rules_on_delete": false,
            "tags": {
              "Name": "codetech-sg-publica"
            },
            "tags_all": {
              "Name": "codetech-sg-publica"
            },
            "timeouts": null,
            "vpc_id": "vpc-0dab886af74228f3a"
          },
          "sensitive_attributes": [],
          "private": "eyJlMmJmYjczMC1lY2FhLTExZTYtOGY4OC0zNDM2M2JjN2M0YzAiOnsiY3JlYXRlIjo2MDAwMDAwMDAwMDAsImRlbGV0ZSI6OTAwMDAwMDAwMDAwfSwic2NoZW1hX3ZlcnNpb24iOiIxIn0=",
          "dependencies": [
            "module.network.aws_vpc.codetech_vpc"
          ]
        }
      ]
    },
    {
      "module": "module.network",
      "mode": "managed",
      "type": "aws_subnet",
      "name": "subnet_private",
      "provider": "provider[\"registry.terraform.io/hashicorp/aws\"]",
      "instances": [
        {
          "schema_version": 1,
          "attributes": {
            "arn": "arn:aws:ec2:us-east-1:797781304518:subnet/subnet-07c4c0c290b0a7eea",
            "assign_ipv6_address_on_creation": false,
            "availability_zone": "us-east-1a",
            "availability_zone_id": "use1-az1",
            "cidr_block": "10.0.1.0/24",
            "customer_owned_ipv4_pool": "",
            "enable_dns64": false,
            "enable_lni_at_device_index": 0,
            "enable_resource_name_dns_a_record_on_launch": false,
            "enable_resource_name_dns_aaaa_record_on_launch": false,
            "id": "subnet-07c4c0c290b0a7eea",
            "ipv6_cidr_block": "",
            "ipv6_cidr_block_association_id": "",
            "ipv6_native": false,
            "map_customer_owned_ip_on_launch": false,
            "map_public_ip_on_launch": false,
            "outpost_arn": "",
            "owner_id": "797781304518",
            "private_dns_hostname_type_on_launch": "ip-name",
            "tags": {
              "Name": "codtech-subnet-privada"
            },
            "tags_all": {
              "Name": "codtech-subnet-privada"
            },
            "timeouts": null,
            "vpc_id": "vpc-0dab886af74228f3a"
          },
          "sensitive_attributes": [],
          "private": "eyJlMmJmYjczMC1lY2FhLTExZTYtOGY4OC0zNDM2M2JjN2M0YzAiOnsiY3JlYXRlIjo2MDAwMDAwMDAwMDAsImRlbGV0ZSI6MTIwMDAwMDAwMDAwMH0sInNjaGVtYV92ZXJzaW9uIjoiMSJ9",
          "dependencies": [
            "module.network.aws_vpc.codetech_vpc"
          ]
        }
      ]
    },
    {
      "module": "module.network",
      "mode": "managed",
      "type": "aws_subnet",
      "name": "subnet_publica",
      "provider": "provider[\"registry.terraform.io/hashicorp/aws\"]",
      "instances": [
        {
          "schema_version": 1,
          "attributes": {
            "arn": "arn:aws:ec2:us-east-1:797781304518:subnet/subnet-09df1a11fae23b498",
            "assign_ipv6_address_on_creation": false,
            "availability_zone": "us-east-1a",
            "availability_zone_id": "use1-az1",
            "cidr_block": "10.0.0.0/24",
            "customer_owned_ipv4_pool": "",
            "enable_dns64": false,
            "enable_lni_at_device_index": 0,
            "enable_resource_name_dns_a_record_on_launch": false,
            "enable_resource_name_dns_aaaa_record_on_launch": false,
            "id": "subnet-09df1a11fae23b498",
            "ipv6_cidr_block": "",
            "ipv6_cidr_block_association_id": "",
            "ipv6_native": false,
            "map_customer_owned_ip_on_launch": false,
            "map_public_ip_on_launch": true,
            "outpost_arn": "",
            "owner_id": "797781304518",
            "private_dns_hostname_type_on_launch": "ip-name",
            "tags": {
              "Name": "codtech-subnet-publica"
            },
            "tags_all": {
              "Name": "codtech-subnet-publica"
            },
            "timeouts": null,
            "vpc_id": "vpc-0dab886af74228f3a"
          },
          "sensitive_attributes": [],
          "private": "eyJlMmJmYjczMC1lY2FhLTExZTYtOGY4OC0zNDM2M2JjN2M0YzAiOnsiY3JlYXRlIjo2MDAwMDAwMDAwMDAsImRlbGV0ZSI6MTIwMDAwMDAwMDAwMH0sInNjaGVtYV92ZXJzaW9uIjoiMSJ9",
          "dependencies": [
            "module.network.aws_vpc.codetech_vpc"
          ]
        }
      ]
    },
    {
      "module": "module.network",
      "mode": "managed",
      "type": "aws_vpc",
      "name": "codetech_vpc",
      "provider": "provider[\"registry.terraform.io/hashicorp/aws\"]",
      "instances": [
        {
          "schema_version": 1,
          "attributes": {
            "arn": "arn:aws:ec2:us-east-1:797781304518:vpc/vpc-0dab886af74228f3a",
            "assign_generated_ipv6_cidr_block": false,
            "cidr_block": "10.0.0.0/23",
            "default_network_acl_id": "acl-078be01b9767b5f40",
            "default_route_table_id": "rtb-0b849a57a6c07887e",
            "default_security_group_id": "sg-008a9c968125dfeec",
            "dhcp_options_id": "dopt-0e461bcd5d4be12c7",
            "enable_classiclink": false,
            "enable_classiclink_dns_support": false,
            "enable_dns_hostnames": true,
            "enable_dns_support": true,
            "enable_network_address_usage_metrics": false,
            "id": "vpc-0dab886af74228f3a",
            "instance_tenancy": "default",
            "ipv4_ipam_pool_id": null,
            "ipv4_netmask_length": null,
            "ipv6_association_id": "",
            "ipv6_cidr_block": "",
            "ipv6_cidr_block_network_border_group": "",
            "ipv6_ipam_pool_id": "",
            "ipv6_netmask_length": 0,
            "main_route_table_id": "rtb-0b849a57a6c07887e",
            "owner_id": "797781304518",
            "tags": {
              "Name": "codetech-vpc"
            },
            "tags_all": {
              "Name": "codetech-vpc"
            }
          },
          "sensitive_attributes": [],
          "private": "eyJzY2hlbWFfdmVyc2lvbiI6IjEifQ=="
        }
      ]
    }
  ],
  "check_results": null
}
