{
  "version": 4,
  "terraform_version": "1.11.3",
  "serial": 16,
  "lineage": "24cd2239-1927-1d1d-c1de-56f55c68ae87",
  "outputs": {},
  "resources": [
    {
      "mode": "managed",
      "type": "aws_eip",
      "name": "ip_instancia-publica",
      "provider": "provider[\"registry.terraform.io/hashicorp/aws\"]",
      "instances": [
        {
          "schema_version": 0,
          "attributes": {
            "address": null,
            "allocation_id": "eipalloc-0d3ef66743c9b4433",
            "associate_with_private_ip": null,
            "association_id": "",
            "carrier_ip": "",
            "customer_owned_ip": "",
            "customer_owned_ipv4_pool": "",
            "domain": "vpc",
            "id": "eipalloc-0d3ef66743c9b4433",
            "instance": "",
            "network_border_group": "us-east-1",
            "network_interface": "",
            "private_dns": null,
            "private_ip": "",
            "public_dns": "ec2-13-219-16-235.compute-1.amazonaws.com",
            "public_ip": "13.219.16.235",
            "public_ipv4_pool": "amazon",
            "tags": {
              "Name": "codetech-ip-publico"
            },
            "tags_all": {
              "Name": "codetech-ip-publico"
            },
            "timeouts": null,
            "vpc": true
          },
          "sensitive_attributes": [],
          "private": "eyJlMmJmYjczMC1lY2FhLTExZTYtOGY4OC0zNDM2M2JjN2M0YzAiOnsiZGVsZXRlIjoxODAwMDAwMDAwMDAsInJlYWQiOjkwMDAwMDAwMDAwMCwidXBkYXRlIjozMDAwMDAwMDAwMDB9fQ=="
        }
      ]
    },
    {
      "module": "module.instances",
      "mode": "managed",
      "type": "aws_key_pair",
      "name": "codetech_key",
      "provider": "provider[\"registry.terraform.io/hashicorp/aws\"]",
      "instances": [
        {
          "schema_version": 1,
          "attributes": {
            "arn": "arn:aws:ec2:us-east-1:767485778798:key-pair/codetech_key",
            "fingerprint": "d6:fd:bf:32:40:ef:a9:6d:7a:af:d0:e3:24:fc:ae:16",
            "id": "codetech_key",
            "key_name": "codetech_key",
            "key_name_prefix": "",
            "key_pair_id": "key-0de73a195d9c184dd",
            "key_type": "rsa",
            "public_key": "ssh-rsa AAAAB3NzaC1yc2EAAAADAQABAAACAQDQXrpi3+v8VdPe981gtSOa8L0fZAIOp9U7XvRXR1nYHLQ0QIfzmv0EBojOGmfkDxN88ezAslfU8wFYZsqzmye9D7Jsjjq2MNU9Mb9Cy8vf/MbpKlDaAI3y7+CxnBHDdEYQIk7UMObgf1cgk/NVpZefeBbuIarPGrB43zY1q3fwCPiRYe8Mw0HVLG9Q8fyxm1Ow1xQbEGMKK9NpR+2cW3Cxm2SOaCkB2qURiautUCzBEZbzSFy+gcqHmbLeuTNbVltBwXAW/nomkb7lBpHSTWjeQD6K26miy+2WMnYpWVhEM/XiDMog+lCs6WAFyDj/kblv2epCPzawLLAUQQXG6vfoAhUWIuWx4eUTCrnjNFxq97fbwIy4bgspsDXcjLsn3/VyoM9hZxu+AcEnlVKWiYz9f0z9QGjImLpxj9XaNz4gB55wOIqgu5H+10uY+Gkd5t2yB+tfQSTlA+5nF2Bo0O15D7d9HMLte1VSIm+lQR+0cbo1+iYBpLfJAfd/8YjwJmECxIcRKBtwS10mpBSEz70EzIHwllY4Kd34AfLjZqsrPSBfx+iPL2ncJl8SwFJeb+cpThNS7w4pJ8Dyp96oX6N1QCMjm3bkjaRHYCgm4zo+7jjgtf4enSHAkORssQ0s8UiUIC9vqKneSUCR4rXKr0rBBTeoza4+VJ+i2tmajyc1mw==",
            "tags": null,
            "tags_all": {}
          },
          "sensitive_attributes": [],
          "private": "eyJzY2hlbWFfdmVyc2lvbiI6IjEifQ==",
          "dependencies": [
            "module.instances.tls_private_key.ssh_key"
          ]
        }
      ]
    },
    {
      "module": "module.instances",
      "mode": "managed",
      "type": "local_file",
      "name": "private_key",
      "provider": "provider[\"registry.terraform.io/hashicorp/local\"]",
      "instances": [
        {
          "schema_version": 0,
          "attributes": {
            "content": "-----BEGIN RSA PRIVATE KEY-----\nMIIJKQIBAAKCAgEA0F66Yt/r/FXT3vfNYLUjmvC9H2QCDqfVO170V0dZ2By0NECH\n85r9BAaIzhpn5A8TfPHswLJX1PMBWGbKs5snvQ+ybI46tjDVPTG/QsvL3/zG6SpQ\n2gCN8u/gsZwRw3RGECJO1DDm4H9XIJPzVaWXn3gW7iGqzxqweN82Nat38Aj4kWHv\nDMNB1SxvUPH8sZtTsNcUGxBjCivTaUftnFtwsZtkjmgpAdqlEYmrrVAswRGW80hc\nvoHKh5my3rkzW1ZbQcFwFv56JpG+5QaR0k1o3kA+ituposvtljJ2KVlYRDP14gzK\nIPpQrOlgBcg4/5G5b9nqQj82sCywFEEFxur36AIVFiLlseHlEwq54zRcave328CM\nuG4LKbA13Iy7J9/1cqDPYWcbvgHBJ5VSlomM/X9M/UBoyJi6cY/V2jc+IAeecDiK\noLuR/tdLmPhpHebdsgfrX0Ek5QPuZxdgaNDteQ+3fRzC7XtVUiJvpUEftHG6Nfom\nAaS3yQH3f/GI8CZhAsSHESgbcEtdJqQUhM+9BMyB8JZWOCnd+AHy42arKz0gX8fo\njy9p3CZfEsBSXm/nKU4TUu8OKSfA8qfeqF+jdUAjI5t25I2kR2AoJuM6Pu444LX+\nHp0hwJDkbLENLPFIlCAvb6ip3klAkeK1yq9KwQU3qM2uPlSfotrZmo8nNZsCAwEA\nAQKCAgAoN9h+5ByO8Fv8IdVM0LmmGshOKkXxYTiZhIrh274+JdAsc7Yp8WTbpY07\nRsJ9tOE8kQ9y5Blq21qLnw+J2i0x4zk7lbpEVymZbaQudtqLiaU09Pt1EH1VgjJa\n5bZSBPvO+mg/sY6mjz2YZqYlhlg9Kfc3EF2BKvQb6G10r3tvY7Pij8YNrxRiWnjD\n5WkyOLpPHDxfuup62JmuLPlyX/3g8g7XI8iieHq651kxExQIUeZSX8my5adbQ/HP\n5mxAuWrUxsrlTUnzbtcrKnjz4AgZOco4kAxuhTD++A9xjLKqO2M+tdw/wEDZFxR3\nGT3TKmPh8Gw0TDI4j++OgTxluA2QK6lepwknw3Yni/Eo8mTL7B3kxNRyRXaTVfhb\nxidjJpSsOPLUOjhbCLaaVCTMJqDn4e2FOpMwAw1JnyRfqUpJghWD/U5FDjGMw7BO\nyWDYdm5CIyO/Y3+3s4KGMA32OrV9ABIbOXwHxgWuL+P3ie+1SklnAa2/mcZqxUeN\n0T/Y4/Bgsz3XGIN/tNx8t8Fn5GTTHwBwBOM/Qv51III2qR7HvpLMn82KVtNAlVWD\nvAGE3E1lZbmjG9nqhjuB6SgzOf5CpxIIp1BkU+1rQuO2qLqct7iipeCCYI/MqdlJ\ngKKTtM/hYpBjw/7ibG0kTBkLkIHX6bm7Al+O2ym3vWmcMo9JgQKCAQEA2uTNX0nL\nSMJZPcVIUI+To5/kQ457nHzOuJP8SWlgmKj4CYrtzQ2irSVCSX2OY0dZDrs9zOco\nZj/W4B1u82tBgPkMuL8K44WJr1EE2BvdRmYNQf96tAIMswAPtn4wY+vplJ88P8oy\ne554MI6JmwFAWcoC2q/dGIhprN7HJIAcglvUu1ccA4ivc8nBeVnehyxX7NL1j9Xd\nj2Xrj/dwFSqSIJmo+O38DFyl9eA+W5DZsCKbZMbfSimBpCrVwC5La4uP1Ys4sFxJ\nKt/UlaW6rcv488YwJjRrLKe3c71L8Jl4ovqow2DZYDFXK34bq76Oe55tTZs+INvd\neaEHo1W+2pzyGwKCAQEA87E772XPDIi8Kp9nzuOxiS52q02mNaVetd17Yvp8aKoi\nTORRVoJeYKCmmBN67jjNF006pdb/cTh7u9+VW0fRfs2pJED1SXCV9QIRMWZxGevE\nhLeTvHXd/P/p+wh8EVV5EOydRyetY0abf8t8NMVz1zQKoAcuuhBq4mGbXmkV8c87\nlTFTspIpdHTawS+H5nUPb6Ufz7jTLR5sIYeLVYVQ91FfesuzZiDig4zNdi+QrEDS\nSvyOP0SN7iN43OuKjkldaR9V29qNDQY3yopTGs1fYVxpDPTabSTcD6pNoYlxboqr\nc8Lpxu9Lve58I7uXM2RFenq3O7C1Nn+8jmZO/1cCgQKCAQB9ry507iw5BM609xgE\nmcwOAXrRh3hWbBtORDpx9H2waiSxZgIQ4Sls/Z3IEL23J3ptSPm9M2UxAKriWEQi\npI0h/t5dHeSkq0JZVc3QQH+XMnWeVZEg1qRwCzL6eA5U8VpXKe8wOWsvK9ibGNzO\nEbPfWmy1IJF0yq7Swb/ap2y3NP866lN9e/gyJcBfa0iomL+Ljb3N7uCeu8i8Czli\nDeWFrnUlKZC1kGUCftWPQeacieJrxPzk2lxD5QyCopJPl/zogl30dajVY1vu6Q/9\nRscVQdDXvvVi2JIvdJur9JMeEYrhVDS8VNhWcrx0qp+pP1hHXUIZH+VVNy7pjAxf\n/gnNAoIBAQC1WYjT0Dz0A/Gb+oKjKTkecJBpTODK/WTtDITdFLFupmXeOO765Qvc\n9tDjTWPnUif2Fkf10HjKRhF2r52Tj2+s4Nnlm92uKHXAHiizTZwPgS/+4Cq2TjTE\nKaJzaU4DDEuLN7qXkERtI8dmpASrtOFPHnBlxNKWLs+L5r1b1fI5wFGD5nB17GWj\nP67nozqMW0MAf66bw9yLsB8iGJ+tJggp9MmMNXktIH3RDgB82krclWSp3ybwmFDT\nDlzMcxDqcFhueZ5IfW0Iaz8roCLWSE2Zw859kN3X6V1G3yLkescKT3HmNQAKRlxk\nXMzPPrP3z8AQtLAVYJyKkSa+Bg714EeBAoIBAQCHeDLwknBIKTbVgnLNDCnx1tWL\ninaiq5GfrkBQkjB2+kEPiM9sabmSP08TBp+duaJn1BX1H0GaUIbPDUygVHvRWLxQ\nQmSq8WOHf/xv0kwFnNJxs2mnJSCVQkb7ulsRGlMyitUpgjNu6tlvmd7nWrk7wILl\nnqVIPJJUQkNzrlWcu4qAj1b/kQe2iMDDfNOVG6S79Bhd6seXJCksLVglK4jJqSNQ\naMtZJf0AzUDrymRXUyFckIvOQYdgUrSU3sPWruKIqqOV2X1/ddquk4CROJ4FWE2J\nVweR2n8d3nXHTQ6wLmHljyOfpPO7K9QUI3gnOHFqdv4sqFHqFejOLWv56tOk\n-----END RSA PRIVATE KEY-----\n",
            "content_base64": null,
            "content_base64sha256": "M+IbrOHZSC207zSHzwBQFO/uFK1EmqhWzaWaX1VxXgs=",
            "content_base64sha512": "KoIh9jEts4oD45KixUDuPYkfPAdg7JbIyycWFnBHklYi2+AO0IIg7m4NwkCBtYGEho9kIMbx9L4WE2MsWhlWPw==",
            "content_md5": "2a7ec9804c9925ef8605f4d6c7fdd5d5",
            "content_sha1": "0a203cdabb09fcb43db6192c38829ad4d5bb8c62",
            "content_sha256": "33e21bace1d9482db4ef3487cf005014efee14ad449aa856cda59a5f55715e0b",
            "content_sha512": "2a8221f6312db38a03e392a2c540ee3d891f3c0760ec96c8cb2716167047925622dbe00ed08220ee6e0dc24081b58184868f6420c6f1f4be1613632c5a19563f",
            "directory_permission": "0777",
            "file_permission": "0400",
            "filename": "instances/../keys/codetech_key.pem",
            "id": "0a203cdabb09fcb43db6192c38829ad4d5bb8c62",
            "sensitive_content": null,
            "source": null
          },
          "sensitive_attributes": [
            [
              {
                "type": "get_attr",
                "value": "sensitive_content"
              }
            ],
            [
              {
                "type": "get_attr",
                "value": "content"
              }
            ]
          ],
          "dependencies": [
            "module.instances.tls_private_key.ssh_key"
          ]
        }
      ]
    },
    {
      "module": "module.instances",
      "mode": "managed",
      "type": "tls_private_key",
      "name": "ssh_key",
      "provider": "provider[\"registry.terraform.io/hashicorp/tls\"]",
      "instances": [
        {
          "schema_version": 1,
          "attributes": {
            "algorithm": "RSA",
            "ecdsa_curve": "P224",
            "id": "0730342e880b735c1fd253b3a2dab4da9798e8a1",
            "private_key_openssh": "-----BEGIN OPENSSH PRIVATE KEY-----\nb3BlbnNzaC1rZXktdjEAAAAABG5vbmUAAAAEbm9uZQAAAAAAAAABAAACFwAAAAdz\nc2gtcnNhAAAAAwEAAQAAAgEA0F66Yt/r/FXT3vfNYLUjmvC9H2QCDqfVO170V0dZ\n2By0NECH85r9BAaIzhpn5A8TfPHswLJX1PMBWGbKs5snvQ+ybI46tjDVPTG/QsvL\n3/zG6SpQ2gCN8u/gsZwRw3RGECJO1DDm4H9XIJPzVaWXn3gW7iGqzxqweN82Nat3\n8Aj4kWHvDMNB1SxvUPH8sZtTsNcUGxBjCivTaUftnFtwsZtkjmgpAdqlEYmrrVAs\nwRGW80hcvoHKh5my3rkzW1ZbQcFwFv56JpG+5QaR0k1o3kA+ituposvtljJ2KVlY\nRDP14gzKIPpQrOlgBcg4/5G5b9nqQj82sCywFEEFxur36AIVFiLlseHlEwq54zRc\nave328CMuG4LKbA13Iy7J9/1cqDPYWcbvgHBJ5VSlomM/X9M/UBoyJi6cY/V2jc+\nIAeecDiKoLuR/tdLmPhpHebdsgfrX0Ek5QPuZxdgaNDteQ+3fRzC7XtVUiJvpUEf\ntHG6NfomAaS3yQH3f/GI8CZhAsSHESgbcEtdJqQUhM+9BMyB8JZWOCnd+AHy42ar\nKz0gX8fojy9p3CZfEsBSXm/nKU4TUu8OKSfA8qfeqF+jdUAjI5t25I2kR2AoJuM6\nPu444LX+Hp0hwJDkbLENLPFIlCAvb6ip3klAkeK1yq9KwQU3qM2uPlSfotrZmo8n\nNZsAAAc4L2K56y9iuesAAAAHc3NoLXJzYQAAAgEA0F66Yt/r/FXT3vfNYLUjmvC9\nH2QCDqfVO170V0dZ2By0NECH85r9BAaIzhpn5A8TfPHswLJX1PMBWGbKs5snvQ+y\nbI46tjDVPTG/QsvL3/zG6SpQ2gCN8u/gsZwRw3RGECJO1DDm4H9XIJPzVaWXn3gW\n7iGqzxqweN82Nat38Aj4kWHvDMNB1SxvUPH8sZtTsNcUGxBjCivTaUftnFtwsZtk\njmgpAdqlEYmrrVAswRGW80hcvoHKh5my3rkzW1ZbQcFwFv56JpG+5QaR0k1o3kA+\nituposvtljJ2KVlYRDP14gzKIPpQrOlgBcg4/5G5b9nqQj82sCywFEEFxur36AIV\nFiLlseHlEwq54zRcave328CMuG4LKbA13Iy7J9/1cqDPYWcbvgHBJ5VSlomM/X9M\n/UBoyJi6cY/V2jc+IAeecDiKoLuR/tdLmPhpHebdsgfrX0Ek5QPuZxdgaNDteQ+3\nfRzC7XtVUiJvpUEftHG6NfomAaS3yQH3f/GI8CZhAsSHESgbcEtdJqQUhM+9BMyB\n8JZWOCnd+AHy42arKz0gX8fojy9p3CZfEsBSXm/nKU4TUu8OKSfA8qfeqF+jdUAj\nI5t25I2kR2AoJuM6Pu444LX+Hp0hwJDkbLENLPFIlCAvb6ip3klAkeK1yq9KwQU3\nqM2uPlSfotrZmo8nNZsAAAADAQABAAACACg32H7kHI7wW/wh1UzQuaYayE4qRfFh\nOJmEiuHbvj4l0CxztinxZNuljTtGwn204TyRD3LkGWrbWoufD4naLTHjOTuVukRX\nKZltpC522ouJpTT0+3UQfVWCMlrltlIE+876aD+xjqaPPZhmpiWGWD0p9zcQXYEq\n9BvobXSve29js+KPxg2vFGJaeMPlaTI4uk8cPF+66nrYma4s+XJf/eDyDtcjyKJ4\nerrnWTETFAhR5lJfybLlp1tD8c/mbEC5atTGyuVNSfNu1ysqePPgCBk5yjiQDG6F\nMP74D3GMsqo7Yz613D/AQNkXFHcZPdMqY+HwbDRMMjiP746BPGW4DZArqV6nCSfD\ndieL8SjyZMvsHeTE1HJFdpNV+FvGJ2MmlKw48tQ6OFsItppUJMwmoOfh7YU6kzAD\nDUmfJF+pSkmCFYP9TkUOMYzDsE7JYNh2bkIjI79jf7ezgoYwDfY6tX0AEhs5fAfG\nBa4v4/eJ77VKSWcBrb+ZxmrFR43RP9jj8GCzPdcYg3+03Hy3wWfkZNMfAHAE4z9C\n/nUggjapHse+ksyfzYpW00CVVYO8AYTcTWVluaMb2eqGO4HpKDM5/kKnEginUGRT\n7WtC47aoupy3uKKl4IJgj8yp2UmAopO0z+FikGPD/uJsbSRMGQuQgdfpubsCX47b\nKbe9aZwyj0mBAAABAQCHeDLwknBIKTbVgnLNDCnx1tWLinaiq5GfrkBQkjB2+kEP\niM9sabmSP08TBp+duaJn1BX1H0GaUIbPDUygVHvRWLxQQmSq8WOHf/xv0kwFnNJx\ns2mnJSCVQkb7ulsRGlMyitUpgjNu6tlvmd7nWrk7wILlnqVIPJJUQkNzrlWcu4qA\nj1b/kQe2iMDDfNOVG6S79Bhd6seXJCksLVglK4jJqSNQaMtZJf0AzUDrymRXUyFc\nkIvOQYdgUrSU3sPWruKIqqOV2X1/ddquk4CROJ4FWE2JVweR2n8d3nXHTQ6wLmHl\njyOfpPO7K9QUI3gnOHFqdv4sqFHqFejOLWv56tOkAAABAQDa5M1fSctIwlk9xUhQ\nj5Ojn+RDjnucfM64k/xJaWCYqPgJiu3NDaKtJUJJfY5jR1kOuz3M5yhmP9bgHW7z\na0GA+Qy4vwrjhYmvUQTYG91GZg1B/3q0AgyzAA+2fjBj6+mUnzw/yjJ7nngwjomb\nAUBZygLar90YiGms3sckgByCW9S7VxwDiK9zycF5Wd6HLFfs0vWP1d2PZeuP93AV\nKpIgmaj47fwMXKX14D5bkNmwIptkxt9KKYGkKtXALktri4/ViziwXEkq39SVpbqt\ny/jzxjAmNGssp7dzvUvwmXii+qjDYNlgMVcrfhurvo57nm1Nmz4g2915oQejVb7a\nnPIbAAABAQDzsTvvZc8MiLwqn2fO47GJLnarTaY1pV613Xti+nxoqiJM5FFWgl5g\noKaYE3ruOM0XTTql1v9xOHu735VbR9F+zakkQPVJcJX1AhExZnEZ68SEt5O8dd38\n/+n7CHwRVXkQ7J1HJ61jRpt/y3w0xXPXNAqgBy66EGriYZteaRXxzzuVMVOykil0\ndNrBL4fmdQ9vpR/PuNMtHmwhh4tVhVD3UV96y7NmIOKDjM12L5CsQNJK/I4/RI3u\nI3jc64qOSV1pH1Xb2o0NBjfKilMazV9hXGkM9NptJNwPqk2hiXFuiqtzwunG70u9\n7nwju5czZEV6erc7sLU2f7yOZk7/VwKBAAAAAAEC\n-----END OPENSSH PRIVATE KEY-----\n",
            "private_key_pem": "-----BEGIN RSA PRIVATE KEY-----\nMIIJKQIBAAKCAgEA0F66Yt/r/FXT3vfNYLUjmvC9H2QCDqfVO170V0dZ2By0NECH\n85r9BAaIzhpn5A8TfPHswLJX1PMBWGbKs5snvQ+ybI46tjDVPTG/QsvL3/zG6SpQ\n2gCN8u/gsZwRw3RGECJO1DDm4H9XIJPzVaWXn3gW7iGqzxqweN82Nat38Aj4kWHv\nDMNB1SxvUPH8sZtTsNcUGxBjCivTaUftnFtwsZtkjmgpAdqlEYmrrVAswRGW80hc\nvoHKh5my3rkzW1ZbQcFwFv56JpG+5QaR0k1o3kA+ituposvtljJ2KVlYRDP14gzK\nIPpQrOlgBcg4/5G5b9nqQj82sCywFEEFxur36AIVFiLlseHlEwq54zRcave328CM\nuG4LKbA13Iy7J9/1cqDPYWcbvgHBJ5VSlomM/X9M/UBoyJi6cY/V2jc+IAeecDiK\noLuR/tdLmPhpHebdsgfrX0Ek5QPuZxdgaNDteQ+3fRzC7XtVUiJvpUEftHG6Nfom\nAaS3yQH3f/GI8CZhAsSHESgbcEtdJqQUhM+9BMyB8JZWOCnd+AHy42arKz0gX8fo\njy9p3CZfEsBSXm/nKU4TUu8OKSfA8qfeqF+jdUAjI5t25I2kR2AoJuM6Pu444LX+\nHp0hwJDkbLENLPFIlCAvb6ip3klAkeK1yq9KwQU3qM2uPlSfotrZmo8nNZsCAwEA\nAQKCAgAoN9h+5ByO8Fv8IdVM0LmmGshOKkXxYTiZhIrh274+JdAsc7Yp8WTbpY07\nRsJ9tOE8kQ9y5Blq21qLnw+J2i0x4zk7lbpEVymZbaQudtqLiaU09Pt1EH1VgjJa\n5bZSBPvO+mg/sY6mjz2YZqYlhlg9Kfc3EF2BKvQb6G10r3tvY7Pij8YNrxRiWnjD\n5WkyOLpPHDxfuup62JmuLPlyX/3g8g7XI8iieHq651kxExQIUeZSX8my5adbQ/HP\n5mxAuWrUxsrlTUnzbtcrKnjz4AgZOco4kAxuhTD++A9xjLKqO2M+tdw/wEDZFxR3\nGT3TKmPh8Gw0TDI4j++OgTxluA2QK6lepwknw3Yni/Eo8mTL7B3kxNRyRXaTVfhb\nxidjJpSsOPLUOjhbCLaaVCTMJqDn4e2FOpMwAw1JnyRfqUpJghWD/U5FDjGMw7BO\nyWDYdm5CIyO/Y3+3s4KGMA32OrV9ABIbOXwHxgWuL+P3ie+1SklnAa2/mcZqxUeN\n0T/Y4/Bgsz3XGIN/tNx8t8Fn5GTTHwBwBOM/Qv51III2qR7HvpLMn82KVtNAlVWD\nvAGE3E1lZbmjG9nqhjuB6SgzOf5CpxIIp1BkU+1rQuO2qLqct7iipeCCYI/MqdlJ\ngKKTtM/hYpBjw/7ibG0kTBkLkIHX6bm7Al+O2ym3vWmcMo9JgQKCAQEA2uTNX0nL\nSMJZPcVIUI+To5/kQ457nHzOuJP8SWlgmKj4CYrtzQ2irSVCSX2OY0dZDrs9zOco\nZj/W4B1u82tBgPkMuL8K44WJr1EE2BvdRmYNQf96tAIMswAPtn4wY+vplJ88P8oy\ne554MI6JmwFAWcoC2q/dGIhprN7HJIAcglvUu1ccA4ivc8nBeVnehyxX7NL1j9Xd\nj2Xrj/dwFSqSIJmo+O38DFyl9eA+W5DZsCKbZMbfSimBpCrVwC5La4uP1Ys4sFxJ\nKt/UlaW6rcv488YwJjRrLKe3c71L8Jl4ovqow2DZYDFXK34bq76Oe55tTZs+INvd\neaEHo1W+2pzyGwKCAQEA87E772XPDIi8Kp9nzuOxiS52q02mNaVetd17Yvp8aKoi\nTORRVoJeYKCmmBN67jjNF006pdb/cTh7u9+VW0fRfs2pJED1SXCV9QIRMWZxGevE\nhLeTvHXd/P/p+wh8EVV5EOydRyetY0abf8t8NMVz1zQKoAcuuhBq4mGbXmkV8c87\nlTFTspIpdHTawS+H5nUPb6Ufz7jTLR5sIYeLVYVQ91FfesuzZiDig4zNdi+QrEDS\nSvyOP0SN7iN43OuKjkldaR9V29qNDQY3yopTGs1fYVxpDPTabSTcD6pNoYlxboqr\nc8Lpxu9Lve58I7uXM2RFenq3O7C1Nn+8jmZO/1cCgQKCAQB9ry507iw5BM609xgE\nmcwOAXrRh3hWbBtORDpx9H2waiSxZgIQ4Sls/Z3IEL23J3ptSPm9M2UxAKriWEQi\npI0h/t5dHeSkq0JZVc3QQH+XMnWeVZEg1qRwCzL6eA5U8VpXKe8wOWsvK9ibGNzO\nEbPfWmy1IJF0yq7Swb/ap2y3NP866lN9e/gyJcBfa0iomL+Ljb3N7uCeu8i8Czli\nDeWFrnUlKZC1kGUCftWPQeacieJrxPzk2lxD5QyCopJPl/zogl30dajVY1vu6Q/9\nRscVQdDXvvVi2JIvdJur9JMeEYrhVDS8VNhWcrx0qp+pP1hHXUIZH+VVNy7pjAxf\n/gnNAoIBAQC1WYjT0Dz0A/Gb+oKjKTkecJBpTODK/WTtDITdFLFupmXeOO765Qvc\n9tDjTWPnUif2Fkf10HjKRhF2r52Tj2+s4Nnlm92uKHXAHiizTZwPgS/+4Cq2TjTE\nKaJzaU4DDEuLN7qXkERtI8dmpASrtOFPHnBlxNKWLs+L5r1b1fI5wFGD5nB17GWj\nP67nozqMW0MAf66bw9yLsB8iGJ+tJggp9MmMNXktIH3RDgB82krclWSp3ybwmFDT\nDlzMcxDqcFhueZ5IfW0Iaz8roCLWSE2Zw859kN3X6V1G3yLkescKT3HmNQAKRlxk\nXMzPPrP3z8AQtLAVYJyKkSa+Bg714EeBAoIBAQCHeDLwknBIKTbVgnLNDCnx1tWL\ninaiq5GfrkBQkjB2+kEPiM9sabmSP08TBp+duaJn1BX1H0GaUIbPDUygVHvRWLxQ\nQmSq8WOHf/xv0kwFnNJxs2mnJSCVQkb7ulsRGlMyitUpgjNu6tlvmd7nWrk7wILl\nnqVIPJJUQkNzrlWcu4qAj1b/kQe2iMDDfNOVG6S79Bhd6seXJCksLVglK4jJqSNQ\naMtZJf0AzUDrymRXUyFckIvOQYdgUrSU3sPWruKIqqOV2X1/ddquk4CROJ4FWE2J\nVweR2n8d3nXHTQ6wLmHljyOfpPO7K9QUI3gnOHFqdv4sqFHqFejOLWv56tOk\n-----END RSA PRIVATE KEY-----\n",
            "private_key_pem_pkcs8": "-----BEGIN PRIVATE KEY-----\nMIIJQwIBADANBgkqhkiG9w0BAQEFAASCCS0wggkpAgEAAoICAQDQXrpi3+v8VdPe\n981gtSOa8L0fZAIOp9U7XvRXR1nYHLQ0QIfzmv0EBojOGmfkDxN88ezAslfU8wFY\nZsqzmye9D7Jsjjq2MNU9Mb9Cy8vf/MbpKlDaAI3y7+CxnBHDdEYQIk7UMObgf1cg\nk/NVpZefeBbuIarPGrB43zY1q3fwCPiRYe8Mw0HVLG9Q8fyxm1Ow1xQbEGMKK9Np\nR+2cW3Cxm2SOaCkB2qURiautUCzBEZbzSFy+gcqHmbLeuTNbVltBwXAW/nomkb7l\nBpHSTWjeQD6K26miy+2WMnYpWVhEM/XiDMog+lCs6WAFyDj/kblv2epCPzawLLAU\nQQXG6vfoAhUWIuWx4eUTCrnjNFxq97fbwIy4bgspsDXcjLsn3/VyoM9hZxu+AcEn\nlVKWiYz9f0z9QGjImLpxj9XaNz4gB55wOIqgu5H+10uY+Gkd5t2yB+tfQSTlA+5n\nF2Bo0O15D7d9HMLte1VSIm+lQR+0cbo1+iYBpLfJAfd/8YjwJmECxIcRKBtwS10m\npBSEz70EzIHwllY4Kd34AfLjZqsrPSBfx+iPL2ncJl8SwFJeb+cpThNS7w4pJ8Dy\np96oX6N1QCMjm3bkjaRHYCgm4zo+7jjgtf4enSHAkORssQ0s8UiUIC9vqKneSUCR\n4rXKr0rBBTeoza4+VJ+i2tmajyc1mwIDAQABAoICACg32H7kHI7wW/wh1UzQuaYa\nyE4qRfFhOJmEiuHbvj4l0CxztinxZNuljTtGwn204TyRD3LkGWrbWoufD4naLTHj\nOTuVukRXKZltpC522ouJpTT0+3UQfVWCMlrltlIE+876aD+xjqaPPZhmpiWGWD0p\n9zcQXYEq9BvobXSve29js+KPxg2vFGJaeMPlaTI4uk8cPF+66nrYma4s+XJf/eDy\nDtcjyKJ4errnWTETFAhR5lJfybLlp1tD8c/mbEC5atTGyuVNSfNu1ysqePPgCBk5\nyjiQDG6FMP74D3GMsqo7Yz613D/AQNkXFHcZPdMqY+HwbDRMMjiP746BPGW4DZAr\nqV6nCSfDdieL8SjyZMvsHeTE1HJFdpNV+FvGJ2MmlKw48tQ6OFsItppUJMwmoOfh\n7YU6kzADDUmfJF+pSkmCFYP9TkUOMYzDsE7JYNh2bkIjI79jf7ezgoYwDfY6tX0A\nEhs5fAfGBa4v4/eJ77VKSWcBrb+ZxmrFR43RP9jj8GCzPdcYg3+03Hy3wWfkZNMf\nAHAE4z9C/nUggjapHse+ksyfzYpW00CVVYO8AYTcTWVluaMb2eqGO4HpKDM5/kKn\nEginUGRT7WtC47aoupy3uKKl4IJgj8yp2UmAopO0z+FikGPD/uJsbSRMGQuQgdfp\nubsCX47bKbe9aZwyj0mBAoIBAQDa5M1fSctIwlk9xUhQj5Ojn+RDjnucfM64k/xJ\naWCYqPgJiu3NDaKtJUJJfY5jR1kOuz3M5yhmP9bgHW7za0GA+Qy4vwrjhYmvUQTY\nG91GZg1B/3q0AgyzAA+2fjBj6+mUnzw/yjJ7nngwjombAUBZygLar90YiGms3sck\ngByCW9S7VxwDiK9zycF5Wd6HLFfs0vWP1d2PZeuP93AVKpIgmaj47fwMXKX14D5b\nkNmwIptkxt9KKYGkKtXALktri4/ViziwXEkq39SVpbqty/jzxjAmNGssp7dzvUvw\nmXii+qjDYNlgMVcrfhurvo57nm1Nmz4g2915oQejVb7anPIbAoIBAQDzsTvvZc8M\niLwqn2fO47GJLnarTaY1pV613Xti+nxoqiJM5FFWgl5goKaYE3ruOM0XTTql1v9x\nOHu735VbR9F+zakkQPVJcJX1AhExZnEZ68SEt5O8dd38/+n7CHwRVXkQ7J1HJ61j\nRpt/y3w0xXPXNAqgBy66EGriYZteaRXxzzuVMVOykil0dNrBL4fmdQ9vpR/PuNMt\nHmwhh4tVhVD3UV96y7NmIOKDjM12L5CsQNJK/I4/RI3uI3jc64qOSV1pH1Xb2o0N\nBjfKilMazV9hXGkM9NptJNwPqk2hiXFuiqtzwunG70u97nwju5czZEV6erc7sLU2\nf7yOZk7/VwKBAoIBAH2vLnTuLDkEzrT3GASZzA4BetGHeFZsG05EOnH0fbBqJLFm\nAhDhKWz9ncgQvbcnem1I+b0zZTEAquJYRCKkjSH+3l0d5KSrQllVzdBAf5cydZ5V\nkSDWpHALMvp4DlTxWlcp7zA5ay8r2JsY3M4Rs99abLUgkXTKrtLBv9qnbLc0/zrq\nU317+DIlwF9rSKiYv4uNvc3u4J67yLwLOWIN5YWudSUpkLWQZQJ+1Y9B5pyJ4mvE\n/OTaXEPlDIKikk+X/OiCXfR1qNVjW+7pD/1GxxVB0Ne+9WLYki90m6v0kx4RiuFU\nNLxU2FZyvHSqn6k/WEddQhkf5VU3LumMDF/+Cc0CggEBALVZiNPQPPQD8Zv6gqMp\nOR5wkGlM4Mr9ZO0MhN0UsW6mZd447vrlC9z20ONNY+dSJ/YWR/XQeMpGEXavnZOP\nb6zg2eWb3a4odcAeKLNNnA+BL/7gKrZONMQponNpTgMMS4s3upeQRG0jx2akBKu0\n4U8ecGXE0pYuz4vmvVvV8jnAUYPmcHXsZaM/ruejOoxbQwB/rpvD3IuwHyIYn60m\nCCn0yYw1eS0gfdEOAHzaStyVZKnfJvCYUNMOXMxzEOpwWG55nkh9bQhrPyugItZI\nTZnDzn2Q3dfpXUbfIuR6xwpPceY1AApGXGRczM8+s/fPwBC0sBVgnIqRJr4GDvXg\nR4ECggEBAId4MvCScEgpNtWCcs0MKfHW1YuKdqKrkZ+uQFCSMHb6QQ+Iz2xpuZI/\nTxMGn525omfUFfUfQZpQhs8NTKBUe9FYvFBCZKrxY4d//G/STAWc0nGzaaclIJVC\nRvu6WxEaUzKK1SmCM27q2W+Z3udauTvAguWepUg8klRCQ3OuVZy7ioCPVv+RB7aI\nwMN805UbpLv0GF3qx5ckKSwtWCUriMmpI1Boy1kl/QDNQOvKZFdTIVyQi85Bh2BS\ntJTew9au4oiqo5XZfX912q6TgJE4ngVYTYlXB5Hafx3edcdNDrAuYeWPI5+k87sr\n1BQjeCc4cWp2/iyoUeoV6M4ta/nq06Q=\n-----END PRIVATE KEY-----\n",
            "public_key_fingerprint_md5": "3b:c6:71:60:7c:08:31:03:f2:98:eb:1f:c2:53:f5:67",
            "public_key_fingerprint_sha256": "SHA256:JEloOaAACE+19axw1KQxE+EHopx5KHwfBISV1mgOkAM",
            "public_key_openssh": "ssh-rsa AAAAB3NzaC1yc2EAAAADAQABAAACAQDQXrpi3+v8VdPe981gtSOa8L0fZAIOp9U7XvRXR1nYHLQ0QIfzmv0EBojOGmfkDxN88ezAslfU8wFYZsqzmye9D7Jsjjq2MNU9Mb9Cy8vf/MbpKlDaAI3y7+CxnBHDdEYQIk7UMObgf1cgk/NVpZefeBbuIarPGrB43zY1q3fwCPiRYe8Mw0HVLG9Q8fyxm1Ow1xQbEGMKK9NpR+2cW3Cxm2SOaCkB2qURiautUCzBEZbzSFy+gcqHmbLeuTNbVltBwXAW/nomkb7lBpHSTWjeQD6K26miy+2WMnYpWVhEM/XiDMog+lCs6WAFyDj/kblv2epCPzawLLAUQQXG6vfoAhUWIuWx4eUTCrnjNFxq97fbwIy4bgspsDXcjLsn3/VyoM9hZxu+AcEnlVKWiYz9f0z9QGjImLpxj9XaNz4gB55wOIqgu5H+10uY+Gkd5t2yB+tfQSTlA+5nF2Bo0O15D7d9HMLte1VSIm+lQR+0cbo1+iYBpLfJAfd/8YjwJmECxIcRKBtwS10mpBSEz70EzIHwllY4Kd34AfLjZqsrPSBfx+iPL2ncJl8SwFJeb+cpThNS7w4pJ8Dyp96oX6N1QCMjm3bkjaRHYCgm4zo+7jjgtf4enSHAkORssQ0s8UiUIC9vqKneSUCR4rXKr0rBBTeoza4+VJ+i2tmajyc1mw==\n",
            "public_key_pem": "-----BEGIN PUBLIC KEY-----\nMIICIjANBgkqhkiG9w0BAQEFAAOCAg8AMIICCgKCAgEA0F66Yt/r/FXT3vfNYLUj\nmvC9H2QCDqfVO170V0dZ2By0NECH85r9BAaIzhpn5A8TfPHswLJX1PMBWGbKs5sn\nvQ+ybI46tjDVPTG/QsvL3/zG6SpQ2gCN8u/gsZwRw3RGECJO1DDm4H9XIJPzVaWX\nn3gW7iGqzxqweN82Nat38Aj4kWHvDMNB1SxvUPH8sZtTsNcUGxBjCivTaUftnFtw\nsZtkjmgpAdqlEYmrrVAswRGW80hcvoHKh5my3rkzW1ZbQcFwFv56JpG+5QaR0k1o\n3kA+ituposvtljJ2KVlYRDP14gzKIPpQrOlgBcg4/5G5b9nqQj82sCywFEEFxur3\n6AIVFiLlseHlEwq54zRcave328CMuG4LKbA13Iy7J9/1cqDPYWcbvgHBJ5VSlomM\n/X9M/UBoyJi6cY/V2jc+IAeecDiKoLuR/tdLmPhpHebdsgfrX0Ek5QPuZxdgaNDt\neQ+3fRzC7XtVUiJvpUEftHG6NfomAaS3yQH3f/GI8CZhAsSHESgbcEtdJqQUhM+9\nBMyB8JZWOCnd+AHy42arKz0gX8fojy9p3CZfEsBSXm/nKU4TUu8OKSfA8qfeqF+j\ndUAjI5t25I2kR2AoJuM6Pu444LX+Hp0hwJDkbLENLPFIlCAvb6ip3klAkeK1yq9K\nwQU3qM2uPlSfotrZmo8nNZsCAwEAAQ==\n-----END PUBLIC KEY-----\n",
            "rsa_bits": 4096
          },
          "sensitive_attributes": [
            [
              {
                "type": "get_attr",
                "value": "private_key_pem"
              }
            ],
            [
              {
                "type": "get_attr",
                "value": "private_key_openssh"
              }
            ],
            [
              {
                "type": "get_attr",
                "value": "private_key_pem_pkcs8"
              }
            ]
          ]
        }
      ]
    },
    {
      "module": "module.network",
      "mode": "managed",
      "type": "aws_eip",
      "name": "nat_eip",
      "provider": "provider[\"registry.terraform.io/hashicorp/aws\"]",
      "instances": [
        {
          "schema_version": 0,
          "attributes": {
            "address": null,
            "allocation_id": "eipalloc-0302df7a5c4834d27",
            "associate_with_private_ip": null,
            "association_id": "",
            "carrier_ip": "",
            "customer_owned_ip": "",
            "customer_owned_ipv4_pool": "",
            "domain": "vpc",
            "id": "eipalloc-0302df7a5c4834d27",
            "instance": "",
            "network_border_group": "us-east-1",
            "network_interface": "",
            "private_dns": null,
            "private_ip": "",
            "public_dns": "ec2-52-205-123-26.compute-1.amazonaws.com",
            "public_ip": "52.205.123.26",
            "public_ipv4_pool": "amazon",
            "tags": {
              "Name": "codetech-nat-elasticIP"
            },
            "tags_all": {
              "Name": "codetech-nat-elasticIP"
            },
            "timeouts": null,
            "vpc": true
          },
          "sensitive_attributes": [],
          "private": "eyJlMmJmYjczMC1lY2FhLTExZTYtOGY4OC0zNDM2M2JjN2M0YzAiOnsiZGVsZXRlIjoxODAwMDAwMDAwMDAsInJlYWQiOjkwMDAwMDAwMDAwMCwidXBkYXRlIjozMDAwMDAwMDAwMDB9fQ=="
        }
      ]
    },
    {
      "module": "module.network",
      "mode": "managed",
      "type": "aws_internet_gateway",
      "name": "codetech_igw",
      "provider": "provider[\"registry.terraform.io/hashicorp/aws\"]",
      "instances": [
        {
          "schema_version": 0,
          "attributes": {
            "arn": "arn:aws:ec2:us-east-1:767485778798:internet-gateway/igw-02b21169d729e0a0b",
            "id": "igw-02b21169d729e0a0b",
            "owner_id": "767485778798",
            "tags": {
              "Name": "codetech-internet-gateway"
            },
            "tags_all": {
              "Name": "codetech-internet-gateway"
            },
            "timeouts": null,
            "vpc_id": "vpc-0a788e7aed2c0bedf"
          },
          "sensitive_attributes": [],
          "private": "eyJlMmJmYjczMC1lY2FhLTExZTYtOGY4OC0zNDM2M2JjN2M0YzAiOnsiY3JlYXRlIjoxMjAwMDAwMDAwMDAwLCJkZWxldGUiOjEyMDAwMDAwMDAwMDAsInVwZGF0ZSI6MTIwMDAwMDAwMDAwMH19",
          "dependencies": [
            "module.network.aws_vpc.codetech_vpc"
          ]
        }
      ]
    },
    {
      "module": "module.network",
      "mode": "managed",
      "type": "aws_nat_gateway",
      "name": "nat_gw",
      "provider": "provider[\"registry.terraform.io/hashicorp/aws\"]",
      "instances": [
        {
          "schema_version": 0,
          "attributes": {
            "allocation_id": "eipalloc-0302df7a5c4834d27",
            "association_id": "eipassoc-01240df390ba6657b",
            "connectivity_type": "public",
            "id": "nat-0cde0bf39c417bd3b",
            "network_interface_id": "eni-09439fadd96ee596e",
            "private_ip": "10.0.0.116",
            "public_ip": "52.205.123.26",
            "subnet_id": "subnet-0987b5e113396e91b",
            "tags": {
              "Name": "codetech-nat-gateway"
            },
            "tags_all": {
              "Name": "codetech-nat-gateway"
            }
          },
          "sensitive_attributes": [],
          "private": "bnVsbA==",
          "dependencies": [
            "module.network.aws_eip.nat_eip",
            "module.network.aws_subnet.subnet_publica",
            "module.network.aws_vpc.codetech_vpc"
          ]
        }
      ]
    },
    {
      "module": "module.network",
      "mode": "managed",
      "type": "aws_route_table",
      "name": "private_route_table",
      "provider": "provider[\"registry.terraform.io/hashicorp/aws\"]",
      "instances": [
        {
          "schema_version": 0,
          "attributes": {
            "arn": "arn:aws:ec2:us-east-1:767485778798:route-table/rtb-0c8b4892022315195",
            "id": "rtb-0c8b4892022315195",
            "owner_id": "767485778798",
            "propagating_vgws": [],
            "route": [
              {
                "carrier_gateway_id": "",
                "cidr_block": "0.0.0.0/0",
                "core_network_arn": "",
                "destination_prefix_list_id": "",
                "egress_only_gateway_id": "",
                "gateway_id": "",
                "instance_id": "",
                "ipv6_cidr_block": "",
                "local_gateway_id": "",
                "nat_gateway_id": "nat-0cde0bf39c417bd3b",
                "network_interface_id": "",
                "transit_gateway_id": "",
                "vpc_endpoint_id": "",
                "vpc_peering_connection_id": ""
              }
            ],
            "tags": {
              "Name": "codetech-rt-privada"
            },
            "tags_all": {
              "Name": "codetech-rt-privada"
            },
            "timeouts": null,
            "vpc_id": "vpc-0a788e7aed2c0bedf"
          },
          "sensitive_attributes": [],
          "private": "eyJlMmJmYjczMC1lY2FhLTExZTYtOGY4OC0zNDM2M2JjN2M0YzAiOnsiY3JlYXRlIjozMDAwMDAwMDAwMDAsImRlbGV0ZSI6MzAwMDAwMDAwMDAwLCJ1cGRhdGUiOjEyMDAwMDAwMDAwMH19",
          "dependencies": [
            "module.network.aws_eip.nat_eip",
            "module.network.aws_nat_gateway.nat_gw",
            "module.network.aws_subnet.subnet_publica",
            "module.network.aws_vpc.codetech_vpc"
          ]
        }
      ]
    },
    {
      "module": "module.network",
      "mode": "managed",
      "type": "aws_route_table",
      "name": "public_route_table",
      "provider": "provider[\"registry.terraform.io/hashicorp/aws\"]",
      "instances": [
        {
          "schema_version": 0,
          "attributes": {
            "arn": "arn:aws:ec2:us-east-1:767485778798:route-table/rtb-0199e346f592698cd",
            "id": "rtb-0199e346f592698cd",
            "owner_id": "767485778798",
            "propagating_vgws": [],
            "route": [
              {
                "carrier_gateway_id": "",
                "cidr_block": "0.0.0.0/0",
                "core_network_arn": "",
                "destination_prefix_list_id": "",
                "egress_only_gateway_id": "",
                "gateway_id": "igw-02b21169d729e0a0b",
                "instance_id": "",
                "ipv6_cidr_block": "",
                "local_gateway_id": "",
                "nat_gateway_id": "",
                "network_interface_id": "",
                "transit_gateway_id": "",
                "vpc_endpoint_id": "",
                "vpc_peering_connection_id": ""
              }
            ],
            "tags": {
              "Name": "codetech-rt-publica"
            },
            "tags_all": {
              "Name": "codetech-rt-publica"
            },
            "timeouts": null,
            "vpc_id": "vpc-0a788e7aed2c0bedf"
          },
          "sensitive_attributes": [],
          "private": "eyJlMmJmYjczMC1lY2FhLTExZTYtOGY4OC0zNDM2M2JjN2M0YzAiOnsiY3JlYXRlIjozMDAwMDAwMDAwMDAsImRlbGV0ZSI6MzAwMDAwMDAwMDAwLCJ1cGRhdGUiOjEyMDAwMDAwMDAwMH19",
          "dependencies": [
            "module.network.aws_internet_gateway.codetech_igw",
            "module.network.aws_vpc.codetech_vpc"
          ]
        }
      ]
    },
    {
      "module": "module.network",
      "mode": "managed",
      "type": "aws_route_table_association",
      "name": "private",
      "provider": "provider[\"registry.terraform.io/hashicorp/aws\"]",
      "instances": [
        {
          "schema_version": 0,
          "attributes": {
            "gateway_id": "",
            "id": "rtbassoc-013b4fd1760b9a0e2",
            "route_table_id": "rtb-0c8b4892022315195",
            "subnet_id": "subnet-00779a1c27dd17965",
            "timeouts": null
          },
          "sensitive_attributes": [],
          "private": "eyJlMmJmYjczMC1lY2FhLTExZTYtOGY4OC0zNDM2M2JjN2M0YzAiOnsiY3JlYXRlIjozMDAwMDAwMDAwMDAsImRlbGV0ZSI6MzAwMDAwMDAwMDAwLCJ1cGRhdGUiOjEyMDAwMDAwMDAwMH19",
          "dependencies": [
            "module.network.aws_eip.nat_eip",
            "module.network.aws_nat_gateway.nat_gw",
            "module.network.aws_route_table.private_route_table",
            "module.network.aws_subnet.subnet_private",
            "module.network.aws_subnet.subnet_publica",
            "module.network.aws_vpc.codetech_vpc"
          ]
        }
      ]
    },
    {
      "module": "module.network",
      "mode": "managed",
      "type": "aws_route_table_association",
      "name": "public",
      "provider": "provider[\"registry.terraform.io/hashicorp/aws\"]",
      "instances": [
        {
          "schema_version": 0,
          "attributes": {
            "gateway_id": "",
            "id": "rtbassoc-0a65891c87a5303b3",
            "route_table_id": "rtb-0199e346f592698cd",
            "subnet_id": "subnet-0987b5e113396e91b",
            "timeouts": null
          },
          "sensitive_attributes": [],
          "private": "eyJlMmJmYjczMC1lY2FhLTExZTYtOGY4OC0zNDM2M2JjN2M0YzAiOnsiY3JlYXRlIjozMDAwMDAwMDAwMDAsImRlbGV0ZSI6MzAwMDAwMDAwMDAwLCJ1cGRhdGUiOjEyMDAwMDAwMDAwMH19",
          "dependencies": [
            "module.network.aws_internet_gateway.codetech_igw",
            "module.network.aws_route_table.public_route_table",
            "module.network.aws_subnet.subnet_publica",
            "module.network.aws_vpc.codetech_vpc"
          ]
        }
      ]
    },
    {
      "module": "module.network",
      "mode": "managed",
      "type": "aws_security_group",
      "name": "security_private",
      "provider": "provider[\"registry.terraform.io/hashicorp/aws\"]",
      "instances": []
    },
    {
      "module": "module.network",
      "mode": "managed",
      "type": "aws_security_group",
      "name": "security_public",
      "provider": "provider[\"registry.terraform.io/hashicorp/aws\"]",
      "instances": [
        {
          "schema_version": 1,
          "attributes": {
            "arn": "arn:aws:ec2:us-east-1:767485778798:security-group/sg-0a869d3e0cc15a436",
            "description": "Managed by Terraform",
            "egress": [
              {
                "cidr_blocks": [
                  "0.0.0.0/0"
                ],
                "description": "",
                "from_port": 0,
                "ipv6_cidr_blocks": [],
                "prefix_list_ids": [],
                "protocol": "-1",
                "security_groups": [],
                "self": false,
                "to_port": 0
              }
            ],
            "id": "sg-0a869d3e0cc15a436",
            "ingress": [
              {
                "cidr_blocks": [
                  "0.0.0.0/0"
                ],
                "description": "",
                "from_port": 22,
                "ipv6_cidr_blocks": [],
                "prefix_list_ids": [],
                "protocol": "tcp",
                "security_groups": [],
                "self": false,
                "to_port": 22
              },
              {
                "cidr_blocks": [
                  "0.0.0.0/0"
                ],
                "description": "",
                "from_port": 3000,
                "ipv6_cidr_blocks": [],
                "prefix_list_ids": [],
                "protocol": "tcp",
                "security_groups": [],
                "self": false,
                "to_port": 3000
              },
              {
                "cidr_blocks": [
                  "0.0.0.0/0"
                ],
                "description": "",
                "from_port": 443,
                "ipv6_cidr_blocks": [],
                "prefix_list_ids": [],
                "protocol": "tcp",
                "security_groups": [],
                "self": false,
                "to_port": 443
              },
              {
                "cidr_blocks": [
                  "0.0.0.0/0"
                ],
                "description": "",
                "from_port": 8080,
                "ipv6_cidr_blocks": [],
                "prefix_list_ids": [],
                "protocol": "tcp",
                "security_groups": [],
                "self": false,
                "to_port": 8080
              },
              {
                "cidr_blocks": [
                  "0.0.0.0/0"
                ],
                "description": "",
                "from_port": 80,
                "ipv6_cidr_blocks": [],
                "prefix_list_ids": [],
                "protocol": "tcp",
                "security_groups": [],
                "self": false,
                "to_port": 80
              }
            ],
            "name": "terraform-20250513001243774500000001",
            "name_prefix": "terraform-",
            "owner_id": "767485778798",
            "revoke_rules_on_delete": false,
            "tags": {
              "Name": "codetech-sg-publica"
            },
            "tags_all": {
              "Name": "codetech-sg-publica"
            },
            "timeouts": null,
            "vpc_id": "vpc-0a788e7aed2c0bedf"
          },
          "sensitive_attributes": [],
          "private": "eyJlMmJmYjczMC1lY2FhLTExZTYtOGY4OC0zNDM2M2JjN2M0YzAiOnsiY3JlYXRlIjo2MDAwMDAwMDAwMDAsImRlbGV0ZSI6OTAwMDAwMDAwMDAwfSwic2NoZW1hX3ZlcnNpb24iOiIxIn0=",
          "dependencies": [
            "module.network.aws_vpc.codetech_vpc"
          ]
        }
      ]
    },
    {
      "module": "module.network",
      "mode": "managed",
      "type": "aws_subnet",
      "name": "subnet_private",
      "provider": "provider[\"registry.terraform.io/hashicorp/aws\"]",
      "instances": [
        {
          "schema_version": 1,
          "attributes": {
            "arn": "arn:aws:ec2:us-east-1:767485778798:subnet/subnet-00779a1c27dd17965",
            "assign_ipv6_address_on_creation": false,
            "availability_zone": "us-east-1a",
            "availability_zone_id": "use1-az6",
            "cidr_block": "10.0.1.0/24",
            "customer_owned_ipv4_pool": "",
            "enable_dns64": false,
            "enable_lni_at_device_index": 0,
            "enable_resource_name_dns_a_record_on_launch": false,
            "enable_resource_name_dns_aaaa_record_on_launch": false,
            "id": "subnet-00779a1c27dd17965",
            "ipv6_cidr_block": "",
            "ipv6_cidr_block_association_id": "",
            "ipv6_native": false,
            "map_customer_owned_ip_on_launch": false,
            "map_public_ip_on_launch": false,
            "outpost_arn": "",
            "owner_id": "767485778798",
            "private_dns_hostname_type_on_launch": "ip-name",
            "tags": {
              "Name": "codtech-subnet-privada"
            },
            "tags_all": {
              "Name": "codtech-subnet-privada"
            },
            "timeouts": null,
            "vpc_id": "vpc-0a788e7aed2c0bedf"
          },
          "sensitive_attributes": [],
          "private": "eyJlMmJmYjczMC1lY2FhLTExZTYtOGY4OC0zNDM2M2JjN2M0YzAiOnsiY3JlYXRlIjo2MDAwMDAwMDAwMDAsImRlbGV0ZSI6MTIwMDAwMDAwMDAwMH0sInNjaGVtYV92ZXJzaW9uIjoiMSJ9",
          "dependencies": [
            "module.network.aws_vpc.codetech_vpc"
          ]
        }
      ]
    },
    {
      "module": "module.network",
      "mode": "managed",
      "type": "aws_subnet",
      "name": "subnet_publica",
      "provider": "provider[\"registry.terraform.io/hashicorp/aws\"]",
      "instances": [
        {
          "schema_version": 1,
          "attributes": {
            "arn": "arn:aws:ec2:us-east-1:767485778798:subnet/subnet-0987b5e113396e91b",
            "assign_ipv6_address_on_creation": false,
            "availability_zone": "us-east-1a",
            "availability_zone_id": "use1-az6",
            "cidr_block": "10.0.0.0/24",
            "customer_owned_ipv4_pool": "",
            "enable_dns64": false,
            "enable_lni_at_device_index": 0,
            "enable_resource_name_dns_a_record_on_launch": false,
            "enable_resource_name_dns_aaaa_record_on_launch": false,
            "id": "subnet-0987b5e113396e91b",
            "ipv6_cidr_block": "",
            "ipv6_cidr_block_association_id": "",
            "ipv6_native": false,
            "map_customer_owned_ip_on_launch": false,
            "map_public_ip_on_launch": true,
            "outpost_arn": "",
            "owner_id": "767485778798",
            "private_dns_hostname_type_on_launch": "ip-name",
            "tags": {
              "Name": "codtech-subnet-publica"
            },
            "tags_all": {
              "Name": "codtech-subnet-publica"
            },
            "timeouts": null,
            "vpc_id": "vpc-0a788e7aed2c0bedf"
          },
          "sensitive_attributes": [],
          "private": "eyJlMmJmYjczMC1lY2FhLTExZTYtOGY4OC0zNDM2M2JjN2M0YzAiOnsiY3JlYXRlIjo2MDAwMDAwMDAwMDAsImRlbGV0ZSI6MTIwMDAwMDAwMDAwMH0sInNjaGVtYV92ZXJzaW9uIjoiMSJ9",
          "dependencies": [
            "module.network.aws_vpc.codetech_vpc"
          ]
        }
      ]
    },
    {
      "module": "module.network",
      "mode": "managed",
      "type": "aws_vpc",
      "name": "codetech_vpc",
      "provider": "provider[\"registry.terraform.io/hashicorp/aws\"]",
      "instances": [
        {
          "schema_version": 1,
          "attributes": {
            "arn": "arn:aws:ec2:us-east-1:767485778798:vpc/vpc-0a788e7aed2c0bedf",
            "assign_generated_ipv6_cidr_block": false,
            "cidr_block": "10.0.0.0/23",
            "default_network_acl_id": "acl-0c045fc55cf861071",
            "default_route_table_id": "rtb-0f696a0c609d6e8b3",
            "default_security_group_id": "sg-0d6fbe5c7bfdea148",
            "dhcp_options_id": "dopt-0576df293bcf0789f",
            "enable_classiclink": false,
            "enable_classiclink_dns_support": false,
            "enable_dns_hostnames": true,
            "enable_dns_support": true,
            "enable_network_address_usage_metrics": false,
            "id": "vpc-0a788e7aed2c0bedf",
            "instance_tenancy": "default",
            "ipv4_ipam_pool_id": null,
            "ipv4_netmask_length": null,
            "ipv6_association_id": "",
            "ipv6_cidr_block": "",
            "ipv6_cidr_block_network_border_group": "",
            "ipv6_ipam_pool_id": "",
            "ipv6_netmask_length": 0,
            "main_route_table_id": "rtb-0f696a0c609d6e8b3",
            "owner_id": "767485778798",
            "tags": {
              "Name": "codetech-vpc"
            },
            "tags_all": {
              "Name": "codetech-vpc"
            }
          },
          "sensitive_attributes": [],
          "private": "eyJzY2hlbWFfdmVyc2lvbiI6IjEifQ=="
        }
      ]
    }
  ],
  "check_results": null
}
