{
  "version": 4,
  "terraform_version": "1.11.3",
  "serial": 939,
  "lineage": "24cd2239-1927-1d1d-c1de-56f55c68ae87",
  "outputs": {},
  "resources": [
    {
      "mode": "managed",
      "type": "aws_eip",
      "name": "ip_instancia-publica",
      "provider": "provider[\"registry.terraform.io/hashicorp/aws\"]",
      "instances": [
        {
          "schema_version": 0,
          "attributes": {
            "address": null,
            "allocation_id": "eipalloc-0c4d82b42dda8d5af",
            "associate_with_private_ip": null,
            "association_id": "eipassoc-0d7ba4433c804f137",
            "carrier_ip": "",
            "customer_owned_ip": "",
            "customer_owned_ipv4_pool": "",
            "domain": "vpc",
            "id": "eipalloc-0c4d82b42dda8d5af",
            "instance": "i-0372b5aad886a82eb",
            "network_border_group": "us-east-1",
            "network_interface": "eni-0161776948167ac83",
            "private_dns": "ip-10-0-0-72.ec2.internal",
            "private_ip": "10.0.0.72",
            "public_dns": "ec2-44-217-25-5.compute-1.amazonaws.com",
            "public_ip": "44.217.25.5",
            "public_ipv4_pool": "amazon",
            "tags": {
              "Name": "codetech-ip-publico"
            },
            "tags_all": {
              "Name": "codetech-ip-publico"
            },
            "timeouts": null,
            "vpc": true
          },
          "sensitive_attributes": [],
          "private": "eyJlMmJmYjczMC1lY2FhLTExZTYtOGY4OC0zNDM2M2JjN2M0YzAiOnsiZGVsZXRlIjoxODAwMDAwMDAwMDAsInJlYWQiOjkwMDAwMDAwMDAwMCwidXBkYXRlIjozMDAwMDAwMDAwMDB9LCJzY2hlbWFfdmVyc2lvbiI6IjAifQ=="
        }
      ]
    },
    {
      "mode": "managed",
      "type": "aws_eip_association",
      "name": "assoc_ip_publica",
      "provider": "provider[\"registry.terraform.io/hashicorp/aws\"]",
      "instances": [
        {
          "schema_version": 0,
          "attributes": {
            "allocation_id": "eipalloc-0c4d82b42dda8d5af",
            "allow_reassociation": null,
            "id": "eipassoc-0e53279c58dfceada",
            "instance_id": "i-0453b2937d7c3df15",
            "network_interface_id": "eni-0d0d47a7511c2262c",
            "private_ip_address": "10.0.0.193",
            "public_ip": "44.217.25.5"
          },
          "sensitive_attributes": [],
          "private": "bnVsbA==",
          "dependencies": [
            "aws_eip.ip_instancia-publica",
            "module.instances.aws_instance.ec2_privada",
            "module.instances.aws_instance.ec2_publica",
            "module.instances.aws_key_pair.codetech_key",
            "module.instances.tls_private_key.ssh_key",
            "module.network.aws_security_group.security_private",
            "module.network.aws_security_group.security_public",
            "module.network.aws_subnet.subnet_private",
            "module.network.aws_subnet.subnet_publica",
            "module.network.aws_vpc.codetech_vpc"
          ]
        }
      ]
    },
    {
      "module": "module.instances",
      "mode": "managed",
      "type": "aws_instance",
      "name": "ec2_privada",
      "provider": "provider[\"registry.terraform.io/hashicorp/aws\"]",
      "instances": [
        {
          "schema_version": 1,
          "attributes": {
            "ami": "ami-0f9de6e2d2f067fca",
            "arn": "arn:aws:ec2:us-east-1:767485778798:instance/i-0139d806fcf2fe427",
            "associate_public_ip_address": false,
            "availability_zone": "us-east-1a",
            "capacity_reservation_specification": [
              {
                "capacity_reservation_preference": "open",
                "capacity_reservation_target": []
              }
            ],
            "cpu_core_count": 2,
            "cpu_options": [
              {
                "amd_sev_snp": "",
                "core_count": 2,
                "threads_per_core": 1
              }
            ],
            "cpu_threads_per_core": 1,
            "credit_specification": [
              {
                "cpu_credits": "standard"
              }
            ],
            "disable_api_stop": false,
            "disable_api_termination": false,
            "ebs_block_device": [],
            "ebs_optimized": false,
            "enclave_options": [
              {
                "enabled": false
              }
            ],
            "ephemeral_block_device": [],
            "get_password_data": false,
            "hibernation": false,
            "host_id": "",
            "host_resource_group_arn": null,
            "iam_instance_profile": "",
            "id": "i-0139d806fcf2fe427",
            "instance_initiated_shutdown_behavior": "stop",
            "instance_state": "running",
            "instance_type": "t2.medium",
            "ipv6_address_count": 0,
            "ipv6_addresses": [],
            "key_name": "codetech_key",
            "launch_template": [],
            "maintenance_options": [
              {
                "auto_recovery": "default"
              }
            ],
            "metadata_options": [
              {
                "http_endpoint": "enabled",
                "http_put_response_hop_limit": 1,
                "http_tokens": "optional",
                "instance_metadata_tags": "disabled"
              }
            ],
            "monitoring": false,
            "network_interface": [],
            "outpost_arn": "",
            "password_data": "",
            "placement_group": "",
            "placement_partition_number": 0,
            "primary_network_interface_id": "eni-0fd3d0d985d706a94",
            "private_dns": "ip-10-0-1-195.ec2.internal",
            "private_dns_name_options": [
              {
                "enable_resource_name_dns_a_record": false,
                "enable_resource_name_dns_aaaa_record": false,
                "hostname_type": "ip-name"
              }
            ],
            "private_ip": "10.0.1.195",
            "public_dns": "",
            "public_ip": "",
            "root_block_device": [
              {
                "delete_on_termination": true,
                "device_name": "/dev/sda1",
                "encrypted": false,
                "iops": 100,
                "kms_key_id": "",
                "tags": {},
                "throughput": 0,
                "volume_id": "vol-0f792bb87141ca432",
                "volume_size": 8,
                "volume_type": "gp2"
              }
            ],
            "secondary_private_ips": [],
            "security_groups": [
              "sg-05e27e8fe170968f7"
            ],
            "source_dest_check": true,
            "subnet_id": "subnet-00138dc22317f2dc5",
            "tags": {
              "Name": "codetech-be"
            },
            "tags_all": {
              "Name": "codetech-be"
            },
            "tenancy": "default",
            "timeouts": null,
            "user_data": "1c55cbc4626b5ab9df858676f60377c7fdf359fd",
            "user_data_base64": null,
            "user_data_replace_on_change": false,
            "volume_tags": null,
            "vpc_security_group_ids": [
              "sg-05e27e8fe170968f7"
            ]
          },
          "sensitive_attributes": [],
          "private": "eyJlMmJmYjczMC1lY2FhLTExZTYtOGY4OC0zNDM2M2JjN2M0YzAiOnsiY3JlYXRlIjo2MDAwMDAwMDAwMDAsImRlbGV0ZSI6MTIwMDAwMDAwMDAwMCwidXBkYXRlIjo2MDAwMDAwMDAwMDB9LCJzY2hlbWFfdmVyc2lvbiI6IjEifQ==",
          "dependencies": [
            "module.instances.aws_key_pair.codetech_key",
            "module.instances.tls_private_key.ssh_key",
            "module.network.aws_security_group.security_private",
            "module.network.aws_security_group.security_public",
            "module.network.aws_subnet.subnet_private",
            "module.network.aws_vpc.codetech_vpc"
          ]
        }
      ]
    },
    {
      "module": "module.instances",
      "mode": "managed",
      "type": "aws_instance",
      "name": "ec2_publica",
      "provider": "provider[\"registry.terraform.io/hashicorp/aws\"]",
      "instances": [
        {
          "schema_version": 1,
          "attributes": {
            "ami": "ami-0f9de6e2d2f067fca",
            "arn": "arn:aws:ec2:us-east-1:767485778798:instance/i-0453b2937d7c3df15",
            "associate_public_ip_address": true,
            "availability_zone": "us-east-1a",
            "capacity_reservation_specification": [
              {
                "capacity_reservation_preference": "open",
                "capacity_reservation_target": []
              }
            ],
            "cpu_core_count": 2,
            "cpu_options": [
              {
                "amd_sev_snp": "",
                "core_count": 2,
                "threads_per_core": 1
              }
            ],
            "cpu_threads_per_core": 1,
            "credit_specification": [
              {
                "cpu_credits": "standard"
              }
            ],
            "disable_api_stop": false,
            "disable_api_termination": false,
            "ebs_block_device": [],
            "ebs_optimized": false,
            "enclave_options": [
              {
                "enabled": false
              }
            ],
            "ephemeral_block_device": [],
            "get_password_data": false,
            "hibernation": false,
            "host_id": "",
            "host_resource_group_arn": null,
            "iam_instance_profile": "",
            "id": "i-0453b2937d7c3df15",
            "instance_initiated_shutdown_behavior": "stop",
            "instance_state": "running",
            "instance_type": "t2.medium",
            "ipv6_address_count": 0,
            "ipv6_addresses": [],
            "key_name": "codetech_key",
            "launch_template": [],
            "maintenance_options": [
              {
                "auto_recovery": "default"
              }
            ],
            "metadata_options": [
              {
                "http_endpoint": "enabled",
                "http_put_response_hop_limit": 1,
                "http_tokens": "optional",
                "instance_metadata_tags": "disabled"
              }
            ],
            "monitoring": false,
            "network_interface": [],
            "outpost_arn": "",
            "password_data": "",
            "placement_group": "",
            "placement_partition_number": 0,
            "primary_network_interface_id": "eni-0d0d47a7511c2262c",
            "private_dns": "ip-10-0-0-193.ec2.internal",
            "private_dns_name_options": [
              {
                "enable_resource_name_dns_a_record": false,
                "enable_resource_name_dns_aaaa_record": false,
                "hostname_type": "ip-name"
              }
            ],
            "private_ip": "10.0.0.193",
            "public_dns": "ec2-13-217-95-185.compute-1.amazonaws.com",
            "public_ip": "13.217.95.185",
            "root_block_device": [
              {
                "delete_on_termination": true,
                "device_name": "/dev/sda1",
                "encrypted": false,
                "iops": 100,
                "kms_key_id": "",
                "tags": {},
                "throughput": 0,
                "volume_id": "vol-0295a7c6d95f3856d",
                "volume_size": 8,
                "volume_type": "gp2"
              }
            ],
            "secondary_private_ips": [],
            "security_groups": [
              "sg-0d846f31e404eb286"
            ],
            "source_dest_check": true,
            "subnet_id": "subnet-00a7b15ea503038a7",
            "tags": {
              "Name": "codetech-publica"
            },
            "tags_all": {
              "Name": "codetech-publica"
            },
            "tenancy": "default",
            "timeouts": null,
            "user_data": "d11e730f1a820442b98afb87aa13bc9240405d4d",
            "user_data_base64": null,
            "user_data_replace_on_change": false,
            "volume_tags": null,
            "vpc_security_group_ids": [
              "sg-0d846f31e404eb286"
            ]
          },
          "sensitive_attributes": [],
          "private": "eyJlMmJmYjczMC1lY2FhLTExZTYtOGY4OC0zNDM2M2JjN2M0YzAiOnsiY3JlYXRlIjo2MDAwMDAwMDAwMDAsImRlbGV0ZSI6MTIwMDAwMDAwMDAwMCwidXBkYXRlIjo2MDAwMDAwMDAwMDB9LCJzY2hlbWFfdmVyc2lvbiI6IjEifQ==",
          "dependencies": [
            "module.instances.aws_instance.ec2_privada",
            "module.instances.aws_key_pair.codetech_key",
            "module.instances.tls_private_key.ssh_key",
            "module.network.aws_security_group.security_private",
            "module.network.aws_security_group.security_public",
            "module.network.aws_subnet.subnet_private",
            "module.network.aws_subnet.subnet_publica",
            "module.network.aws_vpc.codetech_vpc"
          ]
        }
      ]
    },
    {
      "module": "module.instances",
      "mode": "managed",
      "type": "aws_key_pair",
      "name": "codetech_key",
      "provider": "provider[\"registry.terraform.io/hashicorp/aws\"]",
      "instances": [
        {
          "schema_version": 1,
          "attributes": {
            "arn": "arn:aws:ec2:us-east-1:767485778798:key-pair/codetech_key",
            "fingerprint": "71:15:b7:e1:f0:fb:45:c9:61:7e:56:89:10:59:7e:7f",
            "id": "codetech_key",
            "key_name": "codetech_key",
            "key_name_prefix": "",
            "key_pair_id": "key-0b1ce5ccd72df8e66",
            "key_type": "rsa",
            "public_key": "ssh-rsa AAAAB3NzaC1yc2EAAAADAQABAAACAQDH1EP7I5a+lSWh4ib6dsVTFRhoiTbmF/cMmjo85APP0Ogp2G3xA3/gJ+rDVcpNU4SFzzXDiXVqU9022N1G3s145bl/sFM/F2EFHPBTOh2o6Axpy9L6bAnpEXTjiDidkGLZKV/fO0RUD86f6brGFybevYD1iPlR1vubhcglnjM96d8WHZX73Si2TCfKChwqaFOo93K/a5sPR6ieLXK46yTIk3c7INUY1ftXS6fv/BNbMH/3oQJptxbIU/93UImLWuSNT+eMODavbE3+odcVuUQ0adWa7Kmhd7kLdSIdF2/EhFvwgyDcTD1PkhN51CpRnHEEY3BajRZRxJeKh10G6KSrht5Q0IauRMnsV6BJ4y1FOENf4ZW3+JWcIoBODISMxkw2k58ePmRB7I3tSPziaSLMxIkqjkGA0BC7TrbRT1dMnSCZ2s8YyqAHHmrqlLnqp4JrJFQ2dkfPqwuwBypNJYC2XSG9VKqClAm4aD6y8bEWGlPEyN69lAym7EqctHKRoSYkXGHKRLuDhD+YAWx8BCEdH4MOzcTRMpoSqy+XnUuX+3DPISXJqKpy1nnR4e0VN/DiRbhX0TB1+NdSQp9sjfTxXxpavJkCPUcl9dhjZVJcQwfPogfuoMTuK75runCLL658Tt3JfqjfU/5jfqZYfLukfRwEMURR0TlTUCHy3J17WQ==",
            "tags": {},
            "tags_all": {}
          },
          "sensitive_attributes": [],
          "private": "eyJzY2hlbWFfdmVyc2lvbiI6IjEifQ==",
          "dependencies": [
            "module.instances.tls_private_key.ssh_key"
          ]
        }
      ]
    },
    {
      "module": "module.instances",
      "mode": "managed",
      "type": "local_file",
      "name": "private_key",
      "provider": "provider[\"registry.terraform.io/hashicorp/local\"]",
      "instances": [
        {
          "schema_version": 0,
          "attributes": {
            "content": "-----BEGIN RSA PRIVATE KEY-----\nMIIJKAIBAAKCAgEAx9RD+yOWvpUloeIm+nbFUxUYaIk25hf3DJo6POQDz9DoKdht\n8QN/4Cfqw1XKTVOEhc81w4l1alPdNtjdRt7NeOW5f7BTPxdhBRzwUzodqOgMacvS\n+mwJ6RF044g4nZBi2Slf3ztEVA/On+m6xhcm3r2A9Yj5Udb7m4XIJZ4zPenfFh2V\n+90otkwnygocKmhTqPdyv2ubD0eoni1yuOskyJN3OyDVGNX7V0un7/wTWzB/96EC\nabcWyFP/d1CJi1rkjU/njDg2r2xN/qHXFblENGnVmuypoXe5C3UiHRdvxIRb8IMg\n3Ew9T5ITedQqUZxxBGNwWo0WUcSXioddBuikq4beUNCGrkTJ7FegSeMtRThDX+GV\nt/iVnCKATgyEjMZMNpOfHj5kQeyN7Uj84mkizMSJKo5BgNAQu0620U9XTJ0gmdrP\nGMqgBx5q6pS56qeCayRUNnZHz6sLsAcqTSWAtl0hvVSqgpQJuGg+svGxFhpTxMje\nvZQMpuxKnLRykaEmJFxhykS7g4Q/mAFsfAQhHR+DDs3E0TKaEqsvl51Ll/twzyEl\nyaiqctZ50eHtFTfw4kW4V9EwdfjXUkKfbI308V8aWryZAj1HJfXYY2VSXEMHz6IH\n7qDE7iu+a7pwiy+ufE7dyX6o31P+Y36mWHy7pH0cBDFEUdE5U1Ah8tyde1kCAwEA\nAQKCAgAb1dSWYhG4gHwafa8iSnMYLKMWxK5SBNqT9dPQ8Y4aX6ZHVe+SmAMzDTxl\nc0jX1p9qKD/7+eTSJ9Zzsme4XIbQpWdegwhFjJMmLC7J2RmSkqhQAGVmHrCOt7DJ\nlQsV36v1Rg8lwFK3RvBoVB2BRG5Urp8NFMRuAv1PX6ZOnyfSIwbBROPEjr0CD7+n\nJBtiSOAGdFmWkn2p9jhluDz3x0F7cxcztFIawIvfUBmXk0x68lmQ++ujIC7bPuAi\nFaTjNYkKqiu924K6kuKWaqLUUtdOWcO4bej/JfcvwmQ7Gy2leS55ZTqplTEhKV7v\nJH+0mI8hplxbMLYAM9tMH6j0smllgBjgcEMwA7xkU7KtRBhbaG+ZgD54GiirHADm\nj9W3mrITVZ4fBToQJ0yu/gHeCKc4Ebb3nZbmUOg7LxSXXKctfh5wIdn0+xZ1hmqO\nVT8srpifUGsx+4PtCkoLU57Ax7aAiK7tin6XoV7SzedenNWelTnaFaYYKKlBKUM1\nWYTvVu0jPrF5wJHDalvYA602DnjbU/WRJy6p/n09DVL6FwrDHNAZJ6RsBlWWPAgW\n1bTdMzA7qDHqm1D12fHb7oT0Ma/DpCzYLbTibypojmvirIJgSPvAIu9Q3lhq6ZyL\nkleIP5nm5wK+cA1zaWdELBSONHl8ZdsGt9XnIjsAybeMQQrKkQKCAQEA0kEvRJ3r\n6IHhdoupw/aJu1DYEdGDQOuBge0aX5uT+EB+trSKHpmUMOOnkkuIVfjQBe8B34Xh\nnpPoyE7RIn21FWmCHXOCvl4cxjrAwRSWLGM5bTga1L7tkTN6JLCrPSfCLd7ilEi5\ni/o/HVZ+vrDlnG0YFRrpu4vt4zg1Bo3HonwtuJmjCw3DNdzcyARlmc72OPz9IpqO\nQNofxBITUjaCUIAtRqEq7HbtofCH6SvCQG62tI7NBRR7vFSlmb92D2ruTWcXDgd5\nl5miKMraWKyKSkQSsODwFXy2azSvzHhki4MxljaaPecQZTjvWX2mKeaGYEKuVRDF\n3Z6/immEjF2HtQKCAQEA805mlVBeVcOfwRysuCsNdk0U3qhn9iZL9pTBok1aC3CW\nFJFitBstkZPxOvH166UhM59dlUito/9xGL0DXX0TW4Wsv9ndwFWHKWIHrS9w+oKp\n2SOcsNIHz+TlfwjACkyNWPm2nvOaUFAw5P7nYpUVWdqxF0E2AFbxx2n+G10YZ89W\n27wGwDZRkBwqe3fpOD1LP6x77b48oWbJWyeELjsT8OZs+QMZ4Go+S+L4/Z1uq92f\nAYpg5TEBMY3Pj905BWy59ss7FeATrjUGJbX75oIvFz7s50v1uF3No3Hy7JB2FPrZ\nLf4o68qZxKkWKj4HZ1cZI7xLmbkkW9ysQuSK5njjlQKCAQANR1af48VhYsqFfR6U\npL5gGSP8RBohAH6mYP4Yaa/3rsMR8OcENbjZOZd8ss6Cd3tT1JturXrpU/gQpoGo\nxv2nw4kXKRNpyHHSxyUjTJSLaxzWXAO9ye0hDXo6VPoLm7Y0xW3T5Z/qSjywMqVA\nj9WAgpdRxehbEuRMRGF873lbNrKAhRt5+D2K6k77RuPPyfVc9gVaqR4w1FXLQUT9\nHTovsViqrEUUuBIb9x/uRvg2r4dUcexa1MdXxpTK1/+xy5QPSWJ4XVp9i5NlNiKC\nFSuKsy/nAd3HzZ+Lt8Eejb/z265HCV3GaRBtBCKBqWDUJp33+F4gOzXz4DHCoRVg\n9As9AoIBAQC9ZK8X1crJChFmWnLcna7KAvCW7hKXGnKRTHR6aaoJM6ev9QgXWPyc\n0MO79bNPrmfs7kYDueJowaQA9MkU0hLqcGDrqqUiXbFr9kIxfrd8WY/rVfxX6/Zm\nzzASNfZ/Td3Nf/y3OLtLf1DAQOhO5ewL2N93Uay+kO9+IjTKiipATLa5L2E16FKP\nUk2DdPEXdScJNrP1edtqbD+bdGRBNH2uTUBQiihvd2Rs4A6gJReMM2Td5yDL59yc\n/V2wCC2l2l/cC5E/0wCe3+mcG1Atu/L6LmJtHcT1shcr/rxxh3ZTmHzMf4bNHRWb\nb1+wnD5ZJASOu7lBvUvfMiTpoUu6YioNAoIBAG3NpbItyvu027f2ukEqRD4wwUOG\n7FnRnjwk9NgtA0szysFKP+/mfiC06dgd2IB9CsDQq9enAIxQrlJXUP75xCxzoLCy\ncCoPls/iZbWe3WkBUqkrYnIIPgZ+6mqAQJ4O+ocas8kU2qIy4lRoZZRykGeEtqbM\n9HHfaYb5uUdUZep1Dz5U1qKS/UenN9TDu0/7dt/BrwaBcg+Je84ryg1zVSJDA7q+\ny3pDeWgCABNakWWUl/KlmL6H0TACr4gGGqs/aiHmkMJRul36Tb7PcSbIq9lPC3Kh\nGIV5eVnBl6xbcbhyRHBG1kccFV8i26apVeRvTP/bPk8tRRvvLY7aVfTnu/8=\n-----END RSA PRIVATE KEY-----\n",
            "content_base64": null,
            "content_base64sha256": "2DaZxS59LUzzBzypn6cprZo5mY3dbWxcu5L/ok40iag=",
            "content_base64sha512": "3yCSeLUxJLO8fbZ2AyYQF0A/o0KlAzaqiNLrepnSEtqM7g6gLXcRSoPGSUfgAQ4NstZqabqYlgPFfrVfCKP5fg==",
            "content_md5": "a8a285756dd94de8d048f0e0f6997c41",
            "content_sha1": "ec876597fbe387a9c2cf880c2b9cf071f8b84c84",
            "content_sha256": "d83699c52e7d2d4cf3073ca99fa729ad9a39998ddd6d6c5cbb92ffa24e3489a8",
            "content_sha512": "df209278b53124b3bc7db67603261017403fa342a50336aa88d2eb7a99d212da8cee0ea02d77114a83c64947e0010e0db2d66a69ba989603c57eb55f08a3f97e",
            "directory_permission": "0777",
            "file_permission": "0400",
            "filename": "./keys/codetech_key.pem",
            "id": "ec876597fbe387a9c2cf880c2b9cf071f8b84c84",
            "sensitive_content": null,
            "source": null
          },
          "sensitive_attributes": [
            [
              {
                "type": "get_attr",
                "value": "sensitive_content"
              }
            ],
            [
              {
                "type": "get_attr",
                "value": "content"
              }
            ]
          ],
          "dependencies": [
            "module.instances.tls_private_key.ssh_key"
          ]
        }
      ]
    },
    {
      "module": "module.instances",
      "mode": "managed",
      "type": "tls_private_key",
      "name": "ssh_key",
      "provider": "provider[\"registry.terraform.io/hashicorp/tls\"]",
      "instances": [
        {
          "schema_version": 1,
          "attributes": {
            "algorithm": "RSA",
            "ecdsa_curve": "P224",
            "id": "f95f30cd54b985dfc1392979ecbb15db53f4ee44",
            "private_key_openssh": "-----BEGIN OPENSSH PRIVATE KEY-----\nb3BlbnNzaC1rZXktdjEAAAAABG5vbmUAAAAEbm9uZQAAAAAAAAABAAACFwAAAAdz\nc2gtcnNhAAAAAwEAAQAAAgEAx9RD+yOWvpUloeIm+nbFUxUYaIk25hf3DJo6POQD\nz9DoKdht8QN/4Cfqw1XKTVOEhc81w4l1alPdNtjdRt7NeOW5f7BTPxdhBRzwUzod\nqOgMacvS+mwJ6RF044g4nZBi2Slf3ztEVA/On+m6xhcm3r2A9Yj5Udb7m4XIJZ4z\nPenfFh2V+90otkwnygocKmhTqPdyv2ubD0eoni1yuOskyJN3OyDVGNX7V0un7/wT\nWzB/96ECabcWyFP/d1CJi1rkjU/njDg2r2xN/qHXFblENGnVmuypoXe5C3UiHRdv\nxIRb8IMg3Ew9T5ITedQqUZxxBGNwWo0WUcSXioddBuikq4beUNCGrkTJ7FegSeMt\nRThDX+GVt/iVnCKATgyEjMZMNpOfHj5kQeyN7Uj84mkizMSJKo5BgNAQu0620U9X\nTJ0gmdrPGMqgBx5q6pS56qeCayRUNnZHz6sLsAcqTSWAtl0hvVSqgpQJuGg+svGx\nFhpTxMjevZQMpuxKnLRykaEmJFxhykS7g4Q/mAFsfAQhHR+DDs3E0TKaEqsvl51L\nl/twzyElyaiqctZ50eHtFTfw4kW4V9EwdfjXUkKfbI308V8aWryZAj1HJfXYY2VS\nXEMHz6IH7qDE7iu+a7pwiy+ufE7dyX6o31P+Y36mWHy7pH0cBDFEUdE5U1Ah8tyd\ne1kAAAc4TRkgFE0ZIBQAAAAHc3NoLXJzYQAAAgEAx9RD+yOWvpUloeIm+nbFUxUY\naIk25hf3DJo6POQDz9DoKdht8QN/4Cfqw1XKTVOEhc81w4l1alPdNtjdRt7NeOW5\nf7BTPxdhBRzwUzodqOgMacvS+mwJ6RF044g4nZBi2Slf3ztEVA/On+m6xhcm3r2A\n9Yj5Udb7m4XIJZ4zPenfFh2V+90otkwnygocKmhTqPdyv2ubD0eoni1yuOskyJN3\nOyDVGNX7V0un7/wTWzB/96ECabcWyFP/d1CJi1rkjU/njDg2r2xN/qHXFblENGnV\nmuypoXe5C3UiHRdvxIRb8IMg3Ew9T5ITedQqUZxxBGNwWo0WUcSXioddBuikq4be\nUNCGrkTJ7FegSeMtRThDX+GVt/iVnCKATgyEjMZMNpOfHj5kQeyN7Uj84mkizMSJ\nKo5BgNAQu0620U9XTJ0gmdrPGMqgBx5q6pS56qeCayRUNnZHz6sLsAcqTSWAtl0h\nvVSqgpQJuGg+svGxFhpTxMjevZQMpuxKnLRykaEmJFxhykS7g4Q/mAFsfAQhHR+D\nDs3E0TKaEqsvl51Ll/twzyElyaiqctZ50eHtFTfw4kW4V9EwdfjXUkKfbI308V8a\nWryZAj1HJfXYY2VSXEMHz6IH7qDE7iu+a7pwiy+ufE7dyX6o31P+Y36mWHy7pH0c\nBDFEUdE5U1Ah8tyde1kAAAADAQABAAACABvV1JZiEbiAfBp9ryJKcxgsoxbErlIE\n2pP109DxjhpfpkdV75KYAzMNPGVzSNfWn2ooP/v55NIn1nOyZ7hchtClZ16DCEWM\nkyYsLsnZGZKSqFAAZWYesI63sMmVCxXfq/VGDyXAUrdG8GhUHYFEblSunw0UxG4C\n/U9fpk6fJ9IjBsFE48SOvQIPv6ckG2JI4AZ0WZaSfan2OGW4PPfHQXtzFzO0UhrA\ni99QGZeTTHryWZD766MgLts+4CIVpOM1iQqqK73bgrqS4pZqotRS105Zw7ht6P8l\n9y/CZDsbLaV5LnllOqmVMSEpXu8kf7SYjyGmXFswtgAz20wfqPSyaWWAGOBwQzAD\nvGRTsq1EGFtob5mAPngaKKscAOaP1beashNVnh8FOhAnTK7+Ad4IpzgRtvedluZQ\n6DsvFJdcpy1+HnAh2fT7FnWGao5VPyyumJ9QazH7g+0KSgtTnsDHtoCIru2Kfpeh\nXtLN516c1Z6VOdoVphgoqUEpQzVZhO9W7SM+sXnAkcNqW9gDrTYOeNtT9ZEnLqn+\nfT0NUvoXCsMc0BknpGwGVZY8CBbVtN0zMDuoMeqbUPXZ8dvuhPQxr8OkLNgttOJv\nKmiOa+KsgmBI+8Ai71DeWGrpnIuSV4g/mebnAr5wDXNpZ0QsFI40eXxl2wa31eci\nOwDJt4xBCsqRAAABAG3NpbItyvu027f2ukEqRD4wwUOG7FnRnjwk9NgtA0szysFK\nP+/mfiC06dgd2IB9CsDQq9enAIxQrlJXUP75xCxzoLCycCoPls/iZbWe3WkBUqkr\nYnIIPgZ+6mqAQJ4O+ocas8kU2qIy4lRoZZRykGeEtqbM9HHfaYb5uUdUZep1Dz5U\n1qKS/UenN9TDu0/7dt/BrwaBcg+Je84ryg1zVSJDA7q+y3pDeWgCABNakWWUl/Kl\nmL6H0TACr4gGGqs/aiHmkMJRul36Tb7PcSbIq9lPC3KhGIV5eVnBl6xbcbhyRHBG\n1kccFV8i26apVeRvTP/bPk8tRRvvLY7aVfTnu/8AAAEBANJBL0Sd6+iB4XaLqcP2\nibtQ2BHRg0DrgYHtGl+bk/hAfra0ih6ZlDDjp5JLiFX40AXvAd+F4Z6T6MhO0SJ9\ntRVpgh1zgr5eHMY6wMEUlixjOW04GtS+7ZEzeiSwqz0nwi3e4pRIuYv6Px1Wfr6w\n5ZxtGBUa6buL7eM4NQaNx6J8LbiZowsNwzXc3MgEZZnO9jj8/SKajkDaH8QSE1I2\nglCALUahKux27aHwh+krwkButrSOzQUUe7xUpZm/dg9q7k1nFw4HeZeZoijK2lis\nikpEErDg8BV8tms0r8x4ZIuDMZY2mj3nEGU471l9pinmhmBCrlUQxd2ev4pphIxd\nh7UAAAEBAPNOZpVQXlXDn8EcrLgrDXZNFN6oZ/YmS/aUwaJNWgtwlhSRYrQbLZGT\n8Trx9eulITOfXZVIraP/cRi9A119E1uFrL/Z3cBVhyliB60vcPqCqdkjnLDSB8/k\n5X8IwApMjVj5tp7zmlBQMOT+52KVFVnasRdBNgBW8cdp/htdGGfPVtu8BsA2UZAc\nKnt36Tg9Sz+se+2+PKFmyVsnhC47E/DmbPkDGeBqPkvi+P2dbqvdnwGKYOUxATGN\nz4/dOQVsufbLOxXgE641BiW1++aCLxc+7OdL9bhdzaNx8uyQdhT62S3+KOvKmcSp\nFio+B2dXGSO8S5m5JFvcrELkiuZ445UAAAAAAQID\n-----END OPENSSH PRIVATE KEY-----\n",
            "private_key_pem": "-----BEGIN RSA PRIVATE KEY-----\nMIIJKAIBAAKCAgEAx9RD+yOWvpUloeIm+nbFUxUYaIk25hf3DJo6POQDz9DoKdht\n8QN/4Cfqw1XKTVOEhc81w4l1alPdNtjdRt7NeOW5f7BTPxdhBRzwUzodqOgMacvS\n+mwJ6RF044g4nZBi2Slf3ztEVA/On+m6xhcm3r2A9Yj5Udb7m4XIJZ4zPenfFh2V\n+90otkwnygocKmhTqPdyv2ubD0eoni1yuOskyJN3OyDVGNX7V0un7/wTWzB/96EC\nabcWyFP/d1CJi1rkjU/njDg2r2xN/qHXFblENGnVmuypoXe5C3UiHRdvxIRb8IMg\n3Ew9T5ITedQqUZxxBGNwWo0WUcSXioddBuikq4beUNCGrkTJ7FegSeMtRThDX+GV\nt/iVnCKATgyEjMZMNpOfHj5kQeyN7Uj84mkizMSJKo5BgNAQu0620U9XTJ0gmdrP\nGMqgBx5q6pS56qeCayRUNnZHz6sLsAcqTSWAtl0hvVSqgpQJuGg+svGxFhpTxMje\nvZQMpuxKnLRykaEmJFxhykS7g4Q/mAFsfAQhHR+DDs3E0TKaEqsvl51Ll/twzyEl\nyaiqctZ50eHtFTfw4kW4V9EwdfjXUkKfbI308V8aWryZAj1HJfXYY2VSXEMHz6IH\n7qDE7iu+a7pwiy+ufE7dyX6o31P+Y36mWHy7pH0cBDFEUdE5U1Ah8tyde1kCAwEA\nAQKCAgAb1dSWYhG4gHwafa8iSnMYLKMWxK5SBNqT9dPQ8Y4aX6ZHVe+SmAMzDTxl\nc0jX1p9qKD/7+eTSJ9Zzsme4XIbQpWdegwhFjJMmLC7J2RmSkqhQAGVmHrCOt7DJ\nlQsV36v1Rg8lwFK3RvBoVB2BRG5Urp8NFMRuAv1PX6ZOnyfSIwbBROPEjr0CD7+n\nJBtiSOAGdFmWkn2p9jhluDz3x0F7cxcztFIawIvfUBmXk0x68lmQ++ujIC7bPuAi\nFaTjNYkKqiu924K6kuKWaqLUUtdOWcO4bej/JfcvwmQ7Gy2leS55ZTqplTEhKV7v\nJH+0mI8hplxbMLYAM9tMH6j0smllgBjgcEMwA7xkU7KtRBhbaG+ZgD54GiirHADm\nj9W3mrITVZ4fBToQJ0yu/gHeCKc4Ebb3nZbmUOg7LxSXXKctfh5wIdn0+xZ1hmqO\nVT8srpifUGsx+4PtCkoLU57Ax7aAiK7tin6XoV7SzedenNWelTnaFaYYKKlBKUM1\nWYTvVu0jPrF5wJHDalvYA602DnjbU/WRJy6p/n09DVL6FwrDHNAZJ6RsBlWWPAgW\n1bTdMzA7qDHqm1D12fHb7oT0Ma/DpCzYLbTibypojmvirIJgSPvAIu9Q3lhq6ZyL\nkleIP5nm5wK+cA1zaWdELBSONHl8ZdsGt9XnIjsAybeMQQrKkQKCAQEA0kEvRJ3r\n6IHhdoupw/aJu1DYEdGDQOuBge0aX5uT+EB+trSKHpmUMOOnkkuIVfjQBe8B34Xh\nnpPoyE7RIn21FWmCHXOCvl4cxjrAwRSWLGM5bTga1L7tkTN6JLCrPSfCLd7ilEi5\ni/o/HVZ+vrDlnG0YFRrpu4vt4zg1Bo3HonwtuJmjCw3DNdzcyARlmc72OPz9IpqO\nQNofxBITUjaCUIAtRqEq7HbtofCH6SvCQG62tI7NBRR7vFSlmb92D2ruTWcXDgd5\nl5miKMraWKyKSkQSsODwFXy2azSvzHhki4MxljaaPecQZTjvWX2mKeaGYEKuVRDF\n3Z6/immEjF2HtQKCAQEA805mlVBeVcOfwRysuCsNdk0U3qhn9iZL9pTBok1aC3CW\nFJFitBstkZPxOvH166UhM59dlUito/9xGL0DXX0TW4Wsv9ndwFWHKWIHrS9w+oKp\n2SOcsNIHz+TlfwjACkyNWPm2nvOaUFAw5P7nYpUVWdqxF0E2AFbxx2n+G10YZ89W\n27wGwDZRkBwqe3fpOD1LP6x77b48oWbJWyeELjsT8OZs+QMZ4Go+S+L4/Z1uq92f\nAYpg5TEBMY3Pj905BWy59ss7FeATrjUGJbX75oIvFz7s50v1uF3No3Hy7JB2FPrZ\nLf4o68qZxKkWKj4HZ1cZI7xLmbkkW9ysQuSK5njjlQKCAQANR1af48VhYsqFfR6U\npL5gGSP8RBohAH6mYP4Yaa/3rsMR8OcENbjZOZd8ss6Cd3tT1JturXrpU/gQpoGo\nxv2nw4kXKRNpyHHSxyUjTJSLaxzWXAO9ye0hDXo6VPoLm7Y0xW3T5Z/qSjywMqVA\nj9WAgpdRxehbEuRMRGF873lbNrKAhRt5+D2K6k77RuPPyfVc9gVaqR4w1FXLQUT9\nHTovsViqrEUUuBIb9x/uRvg2r4dUcexa1MdXxpTK1/+xy5QPSWJ4XVp9i5NlNiKC\nFSuKsy/nAd3HzZ+Lt8Eejb/z265HCV3GaRBtBCKBqWDUJp33+F4gOzXz4DHCoRVg\n9As9AoIBAQC9ZK8X1crJChFmWnLcna7KAvCW7hKXGnKRTHR6aaoJM6ev9QgXWPyc\n0MO79bNPrmfs7kYDueJowaQA9MkU0hLqcGDrqqUiXbFr9kIxfrd8WY/rVfxX6/Zm\nzzASNfZ/Td3Nf/y3OLtLf1DAQOhO5ewL2N93Uay+kO9+IjTKiipATLa5L2E16FKP\nUk2DdPEXdScJNrP1edtqbD+bdGRBNH2uTUBQiihvd2Rs4A6gJReMM2Td5yDL59yc\n/V2wCC2l2l/cC5E/0wCe3+mcG1Atu/L6LmJtHcT1shcr/rxxh3ZTmHzMf4bNHRWb\nb1+wnD5ZJASOu7lBvUvfMiTpoUu6YioNAoIBAG3NpbItyvu027f2ukEqRD4wwUOG\n7FnRnjwk9NgtA0szysFKP+/mfiC06dgd2IB9CsDQq9enAIxQrlJXUP75xCxzoLCy\ncCoPls/iZbWe3WkBUqkrYnIIPgZ+6mqAQJ4O+ocas8kU2qIy4lRoZZRykGeEtqbM\n9HHfaYb5uUdUZep1Dz5U1qKS/UenN9TDu0/7dt/BrwaBcg+Je84ryg1zVSJDA7q+\ny3pDeWgCABNakWWUl/KlmL6H0TACr4gGGqs/aiHmkMJRul36Tb7PcSbIq9lPC3Kh\nGIV5eVnBl6xbcbhyRHBG1kccFV8i26apVeRvTP/bPk8tRRvvLY7aVfTnu/8=\n-----END RSA PRIVATE KEY-----\n",
            "private_key_pem_pkcs8": "-----BEGIN PRIVATE KEY-----\nMIIJQgIBADANBgkqhkiG9w0BAQEFAASCCSwwggkoAgEAAoICAQDH1EP7I5a+lSWh\n4ib6dsVTFRhoiTbmF/cMmjo85APP0Ogp2G3xA3/gJ+rDVcpNU4SFzzXDiXVqU902\n2N1G3s145bl/sFM/F2EFHPBTOh2o6Axpy9L6bAnpEXTjiDidkGLZKV/fO0RUD86f\n6brGFybevYD1iPlR1vubhcglnjM96d8WHZX73Si2TCfKChwqaFOo93K/a5sPR6ie\nLXK46yTIk3c7INUY1ftXS6fv/BNbMH/3oQJptxbIU/93UImLWuSNT+eMODavbE3+\nodcVuUQ0adWa7Kmhd7kLdSIdF2/EhFvwgyDcTD1PkhN51CpRnHEEY3BajRZRxJeK\nh10G6KSrht5Q0IauRMnsV6BJ4y1FOENf4ZW3+JWcIoBODISMxkw2k58ePmRB7I3t\nSPziaSLMxIkqjkGA0BC7TrbRT1dMnSCZ2s8YyqAHHmrqlLnqp4JrJFQ2dkfPqwuw\nBypNJYC2XSG9VKqClAm4aD6y8bEWGlPEyN69lAym7EqctHKRoSYkXGHKRLuDhD+Y\nAWx8BCEdH4MOzcTRMpoSqy+XnUuX+3DPISXJqKpy1nnR4e0VN/DiRbhX0TB1+NdS\nQp9sjfTxXxpavJkCPUcl9dhjZVJcQwfPogfuoMTuK75runCLL658Tt3JfqjfU/5j\nfqZYfLukfRwEMURR0TlTUCHy3J17WQIDAQABAoICABvV1JZiEbiAfBp9ryJKcxgs\noxbErlIE2pP109DxjhpfpkdV75KYAzMNPGVzSNfWn2ooP/v55NIn1nOyZ7hchtCl\nZ16DCEWMkyYsLsnZGZKSqFAAZWYesI63sMmVCxXfq/VGDyXAUrdG8GhUHYFEblSu\nnw0UxG4C/U9fpk6fJ9IjBsFE48SOvQIPv6ckG2JI4AZ0WZaSfan2OGW4PPfHQXtz\nFzO0UhrAi99QGZeTTHryWZD766MgLts+4CIVpOM1iQqqK73bgrqS4pZqotRS105Z\nw7ht6P8l9y/CZDsbLaV5LnllOqmVMSEpXu8kf7SYjyGmXFswtgAz20wfqPSyaWWA\nGOBwQzADvGRTsq1EGFtob5mAPngaKKscAOaP1beashNVnh8FOhAnTK7+Ad4IpzgR\ntvedluZQ6DsvFJdcpy1+HnAh2fT7FnWGao5VPyyumJ9QazH7g+0KSgtTnsDHtoCI\nru2KfpehXtLN516c1Z6VOdoVphgoqUEpQzVZhO9W7SM+sXnAkcNqW9gDrTYOeNtT\n9ZEnLqn+fT0NUvoXCsMc0BknpGwGVZY8CBbVtN0zMDuoMeqbUPXZ8dvuhPQxr8Ok\nLNgttOJvKmiOa+KsgmBI+8Ai71DeWGrpnIuSV4g/mebnAr5wDXNpZ0QsFI40eXxl\n2wa31eciOwDJt4xBCsqRAoIBAQDSQS9EnevogeF2i6nD9om7UNgR0YNA64GB7Rpf\nm5P4QH62tIoemZQw46eSS4hV+NAF7wHfheGek+jITtEifbUVaYIdc4K+XhzGOsDB\nFJYsYzltOBrUvu2RM3oksKs9J8It3uKUSLmL+j8dVn6+sOWcbRgVGum7i+3jODUG\njceifC24maMLDcM13NzIBGWZzvY4/P0imo5A2h/EEhNSNoJQgC1GoSrsdu2h8Ifp\nK8JAbra0js0FFHu8VKWZv3YPau5NZxcOB3mXmaIoytpYrIpKRBKw4PAVfLZrNK/M\neGSLgzGWNpo95xBlOO9ZfaYp5oZgQq5VEMXdnr+KaYSMXYe1AoIBAQDzTmaVUF5V\nw5/BHKy4Kw12TRTeqGf2Jkv2lMGiTVoLcJYUkWK0Gy2Rk/E68fXrpSEzn12VSK2j\n/3EYvQNdfRNbhay/2d3AVYcpYgetL3D6gqnZI5yw0gfP5OV/CMAKTI1Y+bae85pQ\nUDDk/udilRVZ2rEXQTYAVvHHaf4bXRhnz1bbvAbANlGQHCp7d+k4PUs/rHvtvjyh\nZslbJ4QuOxPw5mz5Axngaj5L4vj9nW6r3Z8BimDlMQExjc+P3TkFbLn2yzsV4BOu\nNQYltfvmgi8XPuznS/W4Xc2jcfLskHYU+tkt/ijrypnEqRYqPgdnVxkjvEuZuSRb\n3KxC5IrmeOOVAoIBAA1HVp/jxWFiyoV9HpSkvmAZI/xEGiEAfqZg/hhpr/euwxHw\n5wQ1uNk5l3yyzoJ3e1PUm26teulT+BCmgajG/afDiRcpE2nIcdLHJSNMlItrHNZc\nA73J7SENejpU+gubtjTFbdPln+pKPLAypUCP1YCCl1HF6FsS5ExEYXzveVs2soCF\nG3n4PYrqTvtG48/J9Vz2BVqpHjDUVctBRP0dOi+xWKqsRRS4Ehv3H+5G+Davh1Rx\n7FrUx1fGlMrX/7HLlA9JYnhdWn2Lk2U2IoIVK4qzL+cB3cfNn4u3wR6Nv/PbrkcJ\nXcZpEG0EIoGpYNQmnff4XiA7NfPgMcKhFWD0Cz0CggEBAL1krxfVyskKEWZactyd\nrsoC8JbuEpcacpFMdHppqgkzp6/1CBdY/JzQw7v1s0+uZ+zuRgO54mjBpAD0yRTS\nEupwYOuqpSJdsWv2QjF+t3xZj+tV/Ffr9mbPMBI19n9N3c1//Lc4u0t/UMBA6E7l\n7AvY33dRrL6Q734iNMqKKkBMtrkvYTXoUo9STYN08Rd1Jwk2s/V522psP5t0ZEE0\nfa5NQFCKKG93ZGzgDqAlF4wzZN3nIMvn3Jz9XbAILaXaX9wLkT/TAJ7f6ZwbUC27\n8vouYm0dxPWyFyv+vHGHdlOYfMx/hs0dFZtvX7CcPlkkBI67uUG9S98yJOmhS7pi\nKg0CggEAbc2lsi3K+7Tbt/a6QSpEPjDBQ4bsWdGePCT02C0DSzPKwUo/7+Z+ILTp\n2B3YgH0KwNCr16cAjFCuUldQ/vnELHOgsLJwKg+Wz+JltZ7daQFSqSticgg+Bn7q\naoBAng76hxqzyRTaojLiVGhllHKQZ4S2psz0cd9phvm5R1Rl6nUPPlTWopL9R6c3\n1MO7T/t238GvBoFyD4l7zivKDXNVIkMDur7LekN5aAIAE1qRZZSX8qWYvofRMAKv\niAYaqz9qIeaQwlG6XfpNvs9xJsir2U8LcqEYhXl5WcGXrFtxuHJEcEbWRxwVXyLb\npqlV5G9M/9s+Ty1FG+8tjtpV9Oe7/w==\n-----END PRIVATE KEY-----\n",
            "public_key_fingerprint_md5": "9c:b3:e5:8b:57:06:6f:47:bf:56:17:4a:4f:cc:33:9d",
            "public_key_fingerprint_sha256": "SHA256:kwHIjH38qMGC4wYgVbZvdsbn/VS3dygJhZi1XVymjYM",
            "public_key_openssh": "ssh-rsa AAAAB3NzaC1yc2EAAAADAQABAAACAQDH1EP7I5a+lSWh4ib6dsVTFRhoiTbmF/cMmjo85APP0Ogp2G3xA3/gJ+rDVcpNU4SFzzXDiXVqU9022N1G3s145bl/sFM/F2EFHPBTOh2o6Axpy9L6bAnpEXTjiDidkGLZKV/fO0RUD86f6brGFybevYD1iPlR1vubhcglnjM96d8WHZX73Si2TCfKChwqaFOo93K/a5sPR6ieLXK46yTIk3c7INUY1ftXS6fv/BNbMH/3oQJptxbIU/93UImLWuSNT+eMODavbE3+odcVuUQ0adWa7Kmhd7kLdSIdF2/EhFvwgyDcTD1PkhN51CpRnHEEY3BajRZRxJeKh10G6KSrht5Q0IauRMnsV6BJ4y1FOENf4ZW3+JWcIoBODISMxkw2k58ePmRB7I3tSPziaSLMxIkqjkGA0BC7TrbRT1dMnSCZ2s8YyqAHHmrqlLnqp4JrJFQ2dkfPqwuwBypNJYC2XSG9VKqClAm4aD6y8bEWGlPEyN69lAym7EqctHKRoSYkXGHKRLuDhD+YAWx8BCEdH4MOzcTRMpoSqy+XnUuX+3DPISXJqKpy1nnR4e0VN/DiRbhX0TB1+NdSQp9sjfTxXxpavJkCPUcl9dhjZVJcQwfPogfuoMTuK75runCLL658Tt3JfqjfU/5jfqZYfLukfRwEMURR0TlTUCHy3J17WQ==\n",
            "public_key_pem": "-----BEGIN PUBLIC KEY-----\nMIICIjANBgkqhkiG9w0BAQEFAAOCAg8AMIICCgKCAgEAx9RD+yOWvpUloeIm+nbF\nUxUYaIk25hf3DJo6POQDz9DoKdht8QN/4Cfqw1XKTVOEhc81w4l1alPdNtjdRt7N\neOW5f7BTPxdhBRzwUzodqOgMacvS+mwJ6RF044g4nZBi2Slf3ztEVA/On+m6xhcm\n3r2A9Yj5Udb7m4XIJZ4zPenfFh2V+90otkwnygocKmhTqPdyv2ubD0eoni1yuOsk\nyJN3OyDVGNX7V0un7/wTWzB/96ECabcWyFP/d1CJi1rkjU/njDg2r2xN/qHXFblE\nNGnVmuypoXe5C3UiHRdvxIRb8IMg3Ew9T5ITedQqUZxxBGNwWo0WUcSXioddBuik\nq4beUNCGrkTJ7FegSeMtRThDX+GVt/iVnCKATgyEjMZMNpOfHj5kQeyN7Uj84mki\nzMSJKo5BgNAQu0620U9XTJ0gmdrPGMqgBx5q6pS56qeCayRUNnZHz6sLsAcqTSWA\ntl0hvVSqgpQJuGg+svGxFhpTxMjevZQMpuxKnLRykaEmJFxhykS7g4Q/mAFsfAQh\nHR+DDs3E0TKaEqsvl51Ll/twzyElyaiqctZ50eHtFTfw4kW4V9EwdfjXUkKfbI30\n8V8aWryZAj1HJfXYY2VSXEMHz6IH7qDE7iu+a7pwiy+ufE7dyX6o31P+Y36mWHy7\npH0cBDFEUdE5U1Ah8tyde1kCAwEAAQ==\n-----END PUBLIC KEY-----\n",
            "rsa_bits": 4096
          },
          "sensitive_attributes": [
            [
              {
                "type": "get_attr",
                "value": "private_key_openssh"
              }
            ],
            [
              {
                "type": "get_attr",
                "value": "private_key_pem"
              }
            ],
            [
              {
                "type": "get_attr",
                "value": "private_key_pem_pkcs8"
              }
            ]
          ]
        }
      ]
    },
    {
      "module": "module.network",
      "mode": "managed",
      "type": "aws_eip",
      "name": "nat_eip",
      "provider": "provider[\"registry.terraform.io/hashicorp/aws\"]",
      "instances": [
        {
          "schema_version": 0,
          "attributes": {
            "address": null,
            "allocation_id": "eipalloc-0fd24479b20ae6793",
            "associate_with_private_ip": null,
            "association_id": "eipassoc-0026bd22a33a87bd2",
            "carrier_ip": "",
            "customer_owned_ip": "",
            "customer_owned_ipv4_pool": "",
            "domain": "vpc",
            "id": "eipalloc-0fd24479b20ae6793",
            "instance": "",
            "network_border_group": "us-east-1",
            "network_interface": "eni-09beada5aea6b16e4",
            "private_dns": "ip-10-0-0-93.ec2.internal",
            "private_ip": "10.0.0.93",
            "public_dns": "ec2-34-201-237-28.compute-1.amazonaws.com",
            "public_ip": "34.201.237.28",
            "public_ipv4_pool": "amazon",
            "tags": {
              "Name": "codetech-nat-elasticIP"
            },
            "tags_all": {
              "Name": "codetech-nat-elasticIP"
            },
            "timeouts": null,
            "vpc": true
          },
          "sensitive_attributes": [],
          "private": "eyJlMmJmYjczMC1lY2FhLTExZTYtOGY4OC0zNDM2M2JjN2M0YzAiOnsiZGVsZXRlIjoxODAwMDAwMDAwMDAsInJlYWQiOjkwMDAwMDAwMDAwMCwidXBkYXRlIjozMDAwMDAwMDAwMDB9fQ=="
        }
      ]
    },
    {
      "module": "module.network",
      "mode": "managed",
      "type": "aws_internet_gateway",
      "name": "codetech_igw",
      "provider": "provider[\"registry.terraform.io/hashicorp/aws\"]",
      "instances": [
        {
          "schema_version": 0,
          "attributes": {
            "arn": "arn:aws:ec2:us-east-1:767485778798:internet-gateway/igw-0638418e251f88d36",
            "id": "igw-0638418e251f88d36",
            "owner_id": "767485778798",
            "tags": {
              "Name": "codetech-internet-gateway"
            },
            "tags_all": {
              "Name": "codetech-internet-gateway"
            },
            "timeouts": null,
            "vpc_id": "vpc-0af66dac02f73b954"
          },
          "sensitive_attributes": [],
          "private": "eyJlMmJmYjczMC1lY2FhLTExZTYtOGY4OC0zNDM2M2JjN2M0YzAiOnsiY3JlYXRlIjoxMjAwMDAwMDAwMDAwLCJkZWxldGUiOjEyMDAwMDAwMDAwMDAsInVwZGF0ZSI6MTIwMDAwMDAwMDAwMH19",
          "dependencies": [
            "module.network.aws_vpc.codetech_vpc"
          ]
        }
      ]
    },
    {
      "module": "module.network",
      "mode": "managed",
      "type": "aws_nat_gateway",
      "name": "nat_gw",
      "provider": "provider[\"registry.terraform.io/hashicorp/aws\"]",
      "instances": [
        {
          "schema_version": 0,
          "attributes": {
            "allocation_id": "eipalloc-0fd24479b20ae6793",
            "association_id": "eipassoc-0026bd22a33a87bd2",
            "connectivity_type": "public",
            "id": "nat-063ea68108b54b7ff",
            "network_interface_id": "eni-09beada5aea6b16e4",
            "private_ip": "10.0.0.93",
            "public_ip": "34.201.237.28",
            "subnet_id": "subnet-00a7b15ea503038a7",
            "tags": {
              "Name": "codetech-nat-gateway"
            },
            "tags_all": {
              "Name": "codetech-nat-gateway"
            }
          },
          "sensitive_attributes": [],
          "private": "bnVsbA==",
          "dependencies": [
            "module.network.aws_eip.nat_eip",
            "module.network.aws_subnet.subnet_publica",
            "module.network.aws_vpc.codetech_vpc"
          ]
        }
      ]
    },
    {
      "module": "module.network",
      "mode": "managed",
      "type": "aws_route_table",
      "name": "private_route_table",
      "provider": "provider[\"registry.terraform.io/hashicorp/aws\"]",
      "instances": [
        {
          "schema_version": 0,
          "attributes": {
            "arn": "arn:aws:ec2:us-east-1:767485778798:route-table/rtb-04733671943049c5e",
            "id": "rtb-04733671943049c5e",
            "owner_id": "767485778798",
            "propagating_vgws": [],
            "route": [
              {
                "carrier_gateway_id": "",
                "cidr_block": "0.0.0.0/0",
                "core_network_arn": "",
                "destination_prefix_list_id": "",
                "egress_only_gateway_id": "",
                "gateway_id": "",
                "instance_id": "",
                "ipv6_cidr_block": "",
                "local_gateway_id": "",
                "nat_gateway_id": "nat-063ea68108b54b7ff",
                "network_interface_id": "",
                "transit_gateway_id": "",
                "vpc_endpoint_id": "",
                "vpc_peering_connection_id": ""
              }
            ],
            "tags": {
              "Name": "codetech-rt-privada"
            },
            "tags_all": {
              "Name": "codetech-rt-privada"
            },
            "timeouts": null,
            "vpc_id": "vpc-0af66dac02f73b954"
          },
          "sensitive_attributes": [],
          "private": "eyJlMmJmYjczMC1lY2FhLTExZTYtOGY4OC0zNDM2M2JjN2M0YzAiOnsiY3JlYXRlIjozMDAwMDAwMDAwMDAsImRlbGV0ZSI6MzAwMDAwMDAwMDAwLCJ1cGRhdGUiOjEyMDAwMDAwMDAwMH19",
          "dependencies": [
            "module.network.aws_eip.nat_eip",
            "module.network.aws_nat_gateway.nat_gw",
            "module.network.aws_subnet.subnet_publica",
            "module.network.aws_vpc.codetech_vpc"
          ]
        }
      ]
    },
    {
      "module": "module.network",
      "mode": "managed",
      "type": "aws_route_table",
      "name": "public_route_table",
      "provider": "provider[\"registry.terraform.io/hashicorp/aws\"]",
      "instances": [
        {
          "schema_version": 0,
          "attributes": {
            "arn": "arn:aws:ec2:us-east-1:767485778798:route-table/rtb-0376f396df6017e4f",
            "id": "rtb-0376f396df6017e4f",
            "owner_id": "767485778798",
            "propagating_vgws": [],
            "route": [
              {
                "carrier_gateway_id": "",
                "cidr_block": "0.0.0.0/0",
                "core_network_arn": "",
                "destination_prefix_list_id": "",
                "egress_only_gateway_id": "",
                "gateway_id": "igw-0638418e251f88d36",
                "instance_id": "",
                "ipv6_cidr_block": "",
                "local_gateway_id": "",
                "nat_gateway_id": "",
                "network_interface_id": "",
                "transit_gateway_id": "",
                "vpc_endpoint_id": "",
                "vpc_peering_connection_id": ""
              }
            ],
            "tags": {
              "Name": "codetech-rt-publica"
            },
            "tags_all": {
              "Name": "codetech-rt-publica"
            },
            "timeouts": null,
            "vpc_id": "vpc-0af66dac02f73b954"
          },
          "sensitive_attributes": [],
          "private": "eyJlMmJmYjczMC1lY2FhLTExZTYtOGY4OC0zNDM2M2JjN2M0YzAiOnsiY3JlYXRlIjozMDAwMDAwMDAwMDAsImRlbGV0ZSI6MzAwMDAwMDAwMDAwLCJ1cGRhdGUiOjEyMDAwMDAwMDAwMH19",
          "dependencies": [
            "module.network.aws_internet_gateway.codetech_igw",
            "module.network.aws_vpc.codetech_vpc"
          ]
        }
      ]
    },
    {
      "module": "module.network",
      "mode": "managed",
      "type": "aws_route_table_association",
      "name": "private",
      "provider": "provider[\"registry.terraform.io/hashicorp/aws\"]",
      "instances": [
        {
          "schema_version": 0,
          "attributes": {
            "gateway_id": "",
            "id": "rtbassoc-0ec535828a0d56b37",
            "route_table_id": "rtb-04733671943049c5e",
            "subnet_id": "subnet-00138dc22317f2dc5",
            "timeouts": null
          },
          "sensitive_attributes": [],
          "private": "eyJlMmJmYjczMC1lY2FhLTExZTYtOGY4OC0zNDM2M2JjN2M0YzAiOnsiY3JlYXRlIjozMDAwMDAwMDAwMDAsImRlbGV0ZSI6MzAwMDAwMDAwMDAwLCJ1cGRhdGUiOjEyMDAwMDAwMDAwMH19",
          "dependencies": [
            "module.network.aws_eip.nat_eip",
            "module.network.aws_nat_gateway.nat_gw",
            "module.network.aws_route_table.private_route_table",
            "module.network.aws_subnet.subnet_private",
            "module.network.aws_subnet.subnet_publica",
            "module.network.aws_vpc.codetech_vpc"
          ]
        }
      ]
    },
    {
      "module": "module.network",
      "mode": "managed",
      "type": "aws_route_table_association",
      "name": "public",
      "provider": "provider[\"registry.terraform.io/hashicorp/aws\"]",
      "instances": [
        {
          "schema_version": 0,
          "attributes": {
            "gateway_id": "",
            "id": "rtbassoc-0dfc044a29398ee98",
            "route_table_id": "rtb-0376f396df6017e4f",
            "subnet_id": "subnet-00a7b15ea503038a7",
            "timeouts": null
          },
          "sensitive_attributes": [],
          "private": "eyJlMmJmYjczMC1lY2FhLTExZTYtOGY4OC0zNDM2M2JjN2M0YzAiOnsiY3JlYXRlIjozMDAwMDAwMDAwMDAsImRlbGV0ZSI6MzAwMDAwMDAwMDAwLCJ1cGRhdGUiOjEyMDAwMDAwMDAwMH19",
          "dependencies": [
            "module.network.aws_internet_gateway.codetech_igw",
            "module.network.aws_route_table.public_route_table",
            "module.network.aws_subnet.subnet_publica",
            "module.network.aws_vpc.codetech_vpc"
          ]
        }
      ]
    },
    {
      "module": "module.network",
      "mode": "managed",
      "type": "aws_security_group",
      "name": "security_private",
      "provider": "provider[\"registry.terraform.io/hashicorp/aws\"]",
      "instances": [
        {
          "schema_version": 1,
          "attributes": {
            "arn": "arn:aws:ec2:us-east-1:767485778798:security-group/sg-05e27e8fe170968f7",
            "description": "Managed by Terraform",
            "egress": [
              {
                "cidr_blocks": [
                  "0.0.0.0/0"
                ],
                "description": "",
                "from_port": 0,
                "ipv6_cidr_blocks": [],
                "prefix_list_ids": [],
                "protocol": "-1",
                "security_groups": [],
                "self": false,
                "to_port": 0
              }
            ],
            "id": "sg-05e27e8fe170968f7",
            "ingress": [
              {
                "cidr_blocks": [
                  "10.0.0.0/23"
                ],
                "description": "Permite acesso mysql da rede interna",
                "from_port": 3306,
                "ipv6_cidr_blocks": [],
                "prefix_list_ids": [],
                "protocol": "tcp",
                "security_groups": [],
                "self": false,
                "to_port": 3306
              },
              {
                "cidr_blocks": [],
                "description": "",
                "from_port": 22,
                "ipv6_cidr_blocks": [],
                "prefix_list_ids": [],
                "protocol": "tcp",
                "security_groups": [
                  "sg-0d846f31e404eb286"
                ],
                "self": false,
                "to_port": 22
              },
              {
                "cidr_blocks": [],
                "description": "",
                "from_port": 8080,
                "ipv6_cidr_blocks": [],
                "prefix_list_ids": [],
                "protocol": "tcp",
                "security_groups": [
                  "sg-0d846f31e404eb286"
                ],
                "self": false,
                "to_port": 8080
              },
              {
                "cidr_blocks": [],
                "description": "Permite trafego do backend da instancia publica (porta 8081)",
                "from_port": 8081,
                "ipv6_cidr_blocks": [],
                "prefix_list_ids": [],
                "protocol": "tcp",
                "security_groups": [
                  "sg-0d846f31e404eb286"
                ],
                "self": false,
                "to_port": 8081
              }
            ],
            "name": "terraform-20250515230452671700000002",
            "name_prefix": "terraform-",
            "owner_id": "767485778798",
            "revoke_rules_on_delete": false,
            "tags": {
              "Name": "codetech-sg-privada"
            },
            "tags_all": {
              "Name": "codetech-sg-privada"
            },
            "timeouts": null,
            "vpc_id": "vpc-0af66dac02f73b954"
          },
          "sensitive_attributes": [],
          "private": "eyJlMmJmYjczMC1lY2FhLTExZTYtOGY4OC0zNDM2M2JjN2M0YzAiOnsiY3JlYXRlIjo2MDAwMDAwMDAwMDAsImRlbGV0ZSI6OTAwMDAwMDAwMDAwfSwic2NoZW1hX3ZlcnNpb24iOiIxIn0=",
          "dependencies": [
            "module.network.aws_security_group.security_public",
            "module.network.aws_vpc.codetech_vpc"
          ]
        }
      ]
    },
    {
      "module": "module.network",
      "mode": "managed",
      "type": "aws_security_group",
      "name": "security_public",
      "provider": "provider[\"registry.terraform.io/hashicorp/aws\"]",
      "instances": [
        {
          "schema_version": 1,
          "attributes": {
            "arn": "arn:aws:ec2:us-east-1:767485778798:security-group/sg-0d846f31e404eb286",
            "description": "Managed by Terraform",
            "egress": [
              {
                "cidr_blocks": [
                  "0.0.0.0/0"
                ],
                "description": "",
                "from_port": 0,
                "ipv6_cidr_blocks": [],
                "prefix_list_ids": [],
                "protocol": "-1",
                "security_groups": [],
                "self": false,
                "to_port": 0
              }
            ],
            "id": "sg-0d846f31e404eb286",
            "ingress": [
              {
                "cidr_blocks": [
                  "0.0.0.0/0"
                ],
                "description": "",
                "from_port": 22,
                "ipv6_cidr_blocks": [],
                "prefix_list_ids": [],
                "protocol": "tcp",
                "security_groups": [],
                "self": false,
                "to_port": 22
              },
              {
                "cidr_blocks": [
                  "0.0.0.0/0"
                ],
                "description": "",
                "from_port": 3000,
                "ipv6_cidr_blocks": [],
                "prefix_list_ids": [],
                "protocol": "tcp",
                "security_groups": [],
                "self": false,
                "to_port": 3000
              },
              {
                "cidr_blocks": [
                  "0.0.0.0/0"
                ],
                "description": "",
                "from_port": 443,
                "ipv6_cidr_blocks": [],
                "prefix_list_ids": [],
                "protocol": "tcp",
                "security_groups": [],
                "self": false,
                "to_port": 443
              },
              {
                "cidr_blocks": [
                  "0.0.0.0/0"
                ],
                "description": "",
                "from_port": 8080,
                "ipv6_cidr_blocks": [],
                "prefix_list_ids": [],
                "protocol": "tcp",
                "security_groups": [],
                "self": false,
                "to_port": 8080
              },
              {
                "cidr_blocks": [
                  "0.0.0.0/0"
                ],
                "description": "",
                "from_port": 80,
                "ipv6_cidr_blocks": [],
                "prefix_list_ids": [],
                "protocol": "tcp",
                "security_groups": [],
                "self": false,
                "to_port": 80
              }
            ],
            "name": "terraform-20250515230448746500000001",
            "name_prefix": "terraform-",
            "owner_id": "767485778798",
            "revoke_rules_on_delete": false,
            "tags": {
              "Name": "codetech-sg-publica"
            },
            "tags_all": {
              "Name": "codetech-sg-publica"
            },
            "timeouts": null,
            "vpc_id": "vpc-0af66dac02f73b954"
          },
          "sensitive_attributes": [],
          "private": "eyJlMmJmYjczMC1lY2FhLTExZTYtOGY4OC0zNDM2M2JjN2M0YzAiOnsiY3JlYXRlIjo2MDAwMDAwMDAwMDAsImRlbGV0ZSI6OTAwMDAwMDAwMDAwfSwic2NoZW1hX3ZlcnNpb24iOiIxIn0=",
          "dependencies": [
            "module.network.aws_vpc.codetech_vpc"
          ]
        }
      ]
    },
    {
      "module": "module.network",
      "mode": "managed",
      "type": "aws_subnet",
      "name": "subnet_private",
      "provider": "provider[\"registry.terraform.io/hashicorp/aws\"]",
      "instances": [
        {
          "schema_version": 1,
          "attributes": {
            "arn": "arn:aws:ec2:us-east-1:767485778798:subnet/subnet-00138dc22317f2dc5",
            "assign_ipv6_address_on_creation": false,
            "availability_zone": "us-east-1a",
            "availability_zone_id": "use1-az6",
            "cidr_block": "10.0.1.0/24",
            "customer_owned_ipv4_pool": "",
            "enable_dns64": false,
            "enable_lni_at_device_index": 0,
            "enable_resource_name_dns_a_record_on_launch": false,
            "enable_resource_name_dns_aaaa_record_on_launch": false,
            "id": "subnet-00138dc22317f2dc5",
            "ipv6_cidr_block": "",
            "ipv6_cidr_block_association_id": "",
            "ipv6_native": false,
            "map_customer_owned_ip_on_launch": false,
            "map_public_ip_on_launch": false,
            "outpost_arn": "",
            "owner_id": "767485778798",
            "private_dns_hostname_type_on_launch": "ip-name",
            "tags": {
              "Name": "codtech-subnet-privada"
            },
            "tags_all": {
              "Name": "codtech-subnet-privada"
            },
            "timeouts": null,
            "vpc_id": "vpc-0af66dac02f73b954"
          },
          "sensitive_attributes": [],
          "private": "eyJlMmJmYjczMC1lY2FhLTExZTYtOGY4OC0zNDM2M2JjN2M0YzAiOnsiY3JlYXRlIjo2MDAwMDAwMDAwMDAsImRlbGV0ZSI6MTIwMDAwMDAwMDAwMH0sInNjaGVtYV92ZXJzaW9uIjoiMSJ9",
          "dependencies": [
            "module.network.aws_vpc.codetech_vpc"
          ]
        }
      ]
    },
    {
      "module": "module.network",
      "mode": "managed",
      "type": "aws_subnet",
      "name": "subnet_publica",
      "provider": "provider[\"registry.terraform.io/hashicorp/aws\"]",
      "instances": [
        {
          "schema_version": 1,
          "attributes": {
            "arn": "arn:aws:ec2:us-east-1:767485778798:subnet/subnet-00a7b15ea503038a7",
            "assign_ipv6_address_on_creation": false,
            "availability_zone": "us-east-1a",
            "availability_zone_id": "use1-az6",
            "cidr_block": "10.0.0.0/24",
            "customer_owned_ipv4_pool": "",
            "enable_dns64": false,
            "enable_lni_at_device_index": 0,
            "enable_resource_name_dns_a_record_on_launch": false,
            "enable_resource_name_dns_aaaa_record_on_launch": false,
            "id": "subnet-00a7b15ea503038a7",
            "ipv6_cidr_block": "",
            "ipv6_cidr_block_association_id": "",
            "ipv6_native": false,
            "map_customer_owned_ip_on_launch": false,
            "map_public_ip_on_launch": true,
            "outpost_arn": "",
            "owner_id": "767485778798",
            "private_dns_hostname_type_on_launch": "ip-name",
            "tags": {
              "Name": "codtech-subnet-publica"
            },
            "tags_all": {
              "Name": "codtech-subnet-publica"
            },
            "timeouts": null,
            "vpc_id": "vpc-0af66dac02f73b954"
          },
          "sensitive_attributes": [],
          "private": "eyJlMmJmYjczMC1lY2FhLTExZTYtOGY4OC0zNDM2M2JjN2M0YzAiOnsiY3JlYXRlIjo2MDAwMDAwMDAwMDAsImRlbGV0ZSI6MTIwMDAwMDAwMDAwMH0sInNjaGVtYV92ZXJzaW9uIjoiMSJ9",
          "dependencies": [
            "module.network.aws_vpc.codetech_vpc"
          ]
        }
      ]
    },
    {
      "module": "module.network",
      "mode": "managed",
      "type": "aws_vpc",
      "name": "codetech_vpc",
      "provider": "provider[\"registry.terraform.io/hashicorp/aws\"]",
      "instances": [
        {
          "schema_version": 1,
          "attributes": {
            "arn": "arn:aws:ec2:us-east-1:767485778798:vpc/vpc-0af66dac02f73b954",
            "assign_generated_ipv6_cidr_block": false,
            "cidr_block": "10.0.0.0/23",
            "default_network_acl_id": "acl-03c21c1d2d19e0b9d",
            "default_route_table_id": "rtb-00affbcdd66fde672",
            "default_security_group_id": "sg-0a16b17c1bff35fb4",
            "dhcp_options_id": "dopt-0576df293bcf0789f",
            "enable_classiclink": false,
            "enable_classiclink_dns_support": false,
            "enable_dns_hostnames": true,
            "enable_dns_support": true,
            "enable_network_address_usage_metrics": false,
            "id": "vpc-0af66dac02f73b954",
            "instance_tenancy": "default",
            "ipv4_ipam_pool_id": null,
            "ipv4_netmask_length": null,
            "ipv6_association_id": "",
            "ipv6_cidr_block": "",
            "ipv6_cidr_block_network_border_group": "",
            "ipv6_ipam_pool_id": "",
            "ipv6_netmask_length": 0,
            "main_route_table_id": "rtb-00affbcdd66fde672",
            "owner_id": "767485778798",
            "tags": {
              "Name": "codetech-vpc"
            },
            "tags_all": {
              "Name": "codetech-vpc"
            }
          },
          "sensitive_attributes": [],
          "private": "eyJzY2hlbWFfdmVyc2lvbiI6IjEifQ=="
        }
      ]
    }
  ],
  "check_results": null
}
